// !$*UTF8*$!
{
	archiveVersion = 1;
	classes = {
	};
	objectVersion = 50;
	objects = {

/* Begin PBXBuildFile section */
		C13474B12337A94400C2E6BE /* AppDelegate.swift in Sources */ = {isa = PBXBuildFile; fileRef = C13474B02337A94400C2E6BE /* AppDelegate.swift */; };
		C13474B32337A94400C2E6BE /* ViewController.swift in Sources */ = {isa = PBXBuildFile; fileRef = C13474B22337A94400C2E6BE /* ViewController.swift */; };
		C13474B62337A94400C2E6BE /* Main.storyboard in Resources */ = {isa = PBXBuildFile; fileRef = C13474B42337A94400C2E6BE /* Main.storyboard */; };
		C13474B82337A94500C2E6BE /* Assets.xcassets in Resources */ = {isa = PBXBuildFile; fileRef = C13474B72337A94500C2E6BE /* Assets.xcassets */; };
		C13474BB2337A94500C2E6BE /* LaunchScreen.storyboard in Resources */ = {isa = PBXBuildFile; fileRef = C13474B92337A94500C2E6BE /* LaunchScreen.storyboard */; };
		C13474C62337A94500C2E6BE /* UICollectionViewSample2Tests.swift in Sources */ = {isa = PBXBuildFile; fileRef = C13474C52337A94500C2E6BE /* UICollectionViewSample2Tests.swift */; };
		C13474D12337A94500C2E6BE /* UICollectionViewSample2UITests.swift in Sources */ = {isa = PBXBuildFile; fileRef = C13474D02337A94500C2E6BE /* UICollectionViewSample2UITests.swift */; };
		C13474E02337AB3400C2E6BE /* CustomCell.swift in Sources */ = {isa = PBXBuildFile; fileRef = C13474DE2337AB3400C2E6BE /* CustomCell.swift */; };
		C13474E12337AB3400C2E6BE /* CustomCell.xib in Resources */ = {isa = PBXBuildFile; fileRef = C13474DF2337AB3400C2E6BE /* CustomCell.xib */; };
/* End PBXBuildFile section */

/* Begin PBXContainerItemProxy section */
		C13474C22337A94500C2E6BE /* PBXContainerItemProxy */ = {
			isa = PBXContainerItemProxy;
			containerPortal = C13474A52337A94300C2E6BE /* Project object */;
			proxyType = 1;
			remoteGlobalIDString = C13474AC2337A94400C2E6BE;
			remoteInfo = UICollectionViewSample2;
		};
		C13474CD2337A94500C2E6BE /* PBXContainerItemProxy */ = {
			isa = PBXContainerItemProxy;
			containerPortal = C13474A52337A94300C2E6BE /* Project object */;
			proxyType = 1;
			remoteGlobalIDString = C13474AC2337A94400C2E6BE;
			remoteInfo = UICollectionViewSample2;
		};
/* End PBXContainerItemProxy section */

/* Begin PBXFileReference section */
		C13474AD2337A94400C2E6BE /* UICollectionViewSample2.app */ = {isa = PBXFileReference; explicitFileType = wrapper.application; includeInIndex = 0; path = UICollectionViewSample2.app; sourceTree = BUILT_PRODUCTS_DIR; };
		C13474B02337A94400C2E6BE /* AppDelegate.swift */ = {isa = PBXFileReference; lastKnownFileType = sourcecode.swift; path = AppDelegate.swift; sourceTree = "<group>"; };
		C13474B22337A94400C2E6BE /* ViewController.swift */ = {isa = PBXFileReference; lastKnownFileType = sourcecode.swift; path = ViewController.swift; sourceTree = "<group>"; };
		C13474B52337A94400C2E6BE /* Base */ = {isa = PBXFileReference; lastKnownFileType = file.storyboard; name = Base; path = Base.lproj/Main.storyboard; sourceTree = "<group>"; };
		C13474B72337A94500C2E6BE /* Assets.xcassets */ = {isa = PBXFileReference; lastKnownFileType = folder.assetcatalog; path = Assets.xcassets; sourceTree = "<group>"; };
		C13474BA2337A94500C2E6BE /* Base */ = {isa = PBXFileReference; lastKnownFileType = file.storyboard; name = Base; path = Base.lproj/LaunchScreen.storyboard; sourceTree = "<group>"; };
		C13474BC2337A94500C2E6BE /* Info.plist */ = {isa = PBXFileReference; lastKnownFileType = text.plist.xml; path = Info.plist; sourceTree = "<group>"; };
		C13474C12337A94500C2E6BE /* UICollectionViewSample2Tests.xctest */ = {isa = PBXFileReference; explicitFileType = wrapper.cfbundle; includeInIndex = 0; path = UICollectionViewSample2Tests.xctest; sourceTree = BUILT_PRODUCTS_DIR; };
		C13474C52337A94500C2E6BE /* UICollectionViewSample2Tests.swift */ = {isa = PBXFileReference; lastKnownFileType = sourcecode.swift; path = UICollectionViewSample2Tests.swift; sourceTree = "<group>"; };
		C13474C72337A94500C2E6BE /* Info.plist */ = {isa = PBXFileReference; lastKnownFileType = text.plist.xml; path = Info.plist; sourceTree = "<group>"; };
		C13474CC2337A94500C2E6BE /* UICollectionViewSample2UITests.xctest */ = {isa = PBXFileReference; explicitFileType = wrapper.cfbundle; includeInIndex = 0; path = UICollectionViewSample2UITests.xctest; sourceTree = BUILT_PRODUCTS_DIR; };
		C13474D02337A94500C2E6BE /* UICollectionViewSample2UITests.swift */ = {isa = PBXFileReference; lastKnownFileType = sourcecode.swift; path = UICollectionViewSample2UITests.swift; sourceTree = "<group>"; };
		C13474D22337A94500C2E6BE /* Info.plist */ = {isa = PBXFileReference; lastKnownFileType = text.plist.xml; path = Info.plist; sourceTree = "<group>"; };
		C13474DE2337AB3400C2E6BE /* CustomCell.swift */ = {isa = PBXFileReference; lastKnownFileType = sourcecode.swift; path = CustomCell.swift; sourceTree = "<group>"; };
		C13474DF2337AB3400C2E6BE /* CustomCell.xib */ = {isa = PBXFileReference; lastKnownFileType = file.xib; path = CustomCell.xib; sourceTree = "<group>"; };
/* End PBXFileReference section */

/* Begin PBXFrameworksBuildPhase section */
		C13474AA2337A94400C2E6BE /* Frameworks */ = {
			isa = PBXFrameworksBuildPhase;
			buildActionMask = 2147483647;
			files = (
			);
			runOnlyForDeploymentPostprocessing = 0;
		};
		C13474BE2337A94500C2E6BE /* Frameworks */ = {
			isa = PBXFrameworksBuildPhase;
			buildActionMask = 2147483647;
			files = (
			);
			runOnlyForDeploymentPostprocessing = 0;
		};
		C13474C92337A94500C2E6BE /* Frameworks */ = {
			isa = PBXFrameworksBuildPhase;
			buildActionMask = 2147483647;
			files = (
			);
			runOnlyForDeploymentPostprocessing = 0;
		};
/* End PBXFrameworksBuildPhase section */

/* Begin PBXGroup section */
		C13474A42337A94300C2E6BE = {
			isa = PBXGroup;
			children = (
				C13474AF2337A94400C2E6BE /* UICollectionViewSample2 */,
				C13474C42337A94500C2E6BE /* UICollectionViewSample2Tests */,
				C13474CF2337A94500C2E6BE /* UICollectionViewSample2UITests */,
				C13474AE2337A94400C2E6BE /* Products */,
			);
			sourceTree = "<group>";
		};
		C13474AE2337A94400C2E6BE /* Products */ = {
			isa = PBXGroup;
			children = (
				C13474AD2337A94400C2E6BE /* UICollectionViewSample2.app */,
				C13474C12337A94500C2E6BE /* UICollectionViewSample2Tests.xctest */,
				C13474CC2337A94500C2E6BE /* UICollectionViewSample2UITests.xctest */,
			);
			name = Products;
			sourceTree = "<group>";
		};
		C13474AF2337A94400C2E6BE /* UICollectionViewSample2 */ = {
			isa = PBXGroup;
			children = (
				C13474B02337A94400C2E6BE /* AppDelegate.swift */,
				C13474B22337A94400C2E6BE /* ViewController.swift */,
				C13474B42337A94400C2E6BE /* Main.storyboard */,
				C13474DE2337AB3400C2E6BE /* CustomCell.swift */,
				C13474DF2337AB3400C2E6BE /* CustomCell.xib */,
				C13474B72337A94500C2E6BE /* Assets.xcassets */,
				C13474B92337A94500C2E6BE /* LaunchScreen.storyboard */,
				C13474BC2337A94500C2E6BE /* Info.plist */,
			);
			path = UICollectionViewSample2;
			sourceTree = "<group>";
		};
		C13474C42337A94500C2E6BE /* UICollectionViewSample2Tests */ = {
			isa = PBXGroup;
			children = (
				C13474C52337A94500C2E6BE /* UICollectionViewSample2Tests.swift */,
				C13474C72337A94500C2E6BE /* Info.plist */,
			);
			path = UICollectionViewSample2Tests;
			sourceTree = "<group>";
		};
		C13474CF2337A94500C2E6BE /* UICollectionViewSample2UITests */ = {
			isa = PBXGroup;
			children = (
				C13474D02337A94500C2E6BE /* UICollectionViewSample2UITests.swift */,
				C13474D22337A94500C2E6BE /* Info.plist */,
			);
			path = UICollectionViewSample2UITests;
			sourceTree = "<group>";
		};
/* End PBXGroup section */

/* Begin PBXNativeTarget section */
		C13474AC2337A94400C2E6BE /* UICollectionViewSample2 */ = {
			isa = PBXNativeTarget;
			buildConfigurationList = C13474D52337A94500C2E6BE /* Build configuration list for PBXNativeTarget "UICollectionViewSample2" */;
			buildPhases = (
				C13474A92337A94400C2E6BE /* Sources */,
				C13474AA2337A94400C2E6BE /* Frameworks */,
				C13474AB2337A94400C2E6BE /* Resources */,
			);
			buildRules = (
			);
			dependencies = (
			);
			name = UICollectionViewSample2;
			productName = UICollectionViewSample2;
			productReference = C13474AD2337A94400C2E6BE /* UICollectionViewSample2.app */;
			productType = "com.apple.product-type.application";
		};
		C13474C02337A94500C2E6BE /* UICollectionViewSample2Tests */ = {
			isa = PBXNativeTarget;
			buildConfigurationList = C13474D82337A94500C2E6BE /* Build configuration list for PBXNativeTarget "UICollectionViewSample2Tests" */;
			buildPhases = (
				C13474BD2337A94500C2E6BE /* Sources */,
				C13474BE2337A94500C2E6BE /* Frameworks */,
				C13474BF2337A94500C2E6BE /* Resources */,
			);
			buildRules = (
			);
			dependencies = (
				C13474C32337A94500C2E6BE /* PBXTargetDependency */,
			);
			name = UICollectionViewSample2Tests;
			productName = UICollectionViewSample2Tests;
			productReference = C13474C12337A94500C2E6BE /* UICollectionViewSample2Tests.xctest */;
			productType = "com.apple.product-type.bundle.unit-test";
		};
		C13474CB2337A94500C2E6BE /* UICollectionViewSample2UITests */ = {
			isa = PBXNativeTarget;
			buildConfigurationList = C13474DB2337A94500C2E6BE /* Build configuration list for PBXNativeTarget "UICollectionViewSample2UITests" */;
			buildPhases = (
				C13474C82337A94500C2E6BE /* Sources */,
				C13474C92337A94500C2E6BE /* Frameworks */,
				C13474CA2337A94500C2E6BE /* Resources */,
			);
			buildRules = (
			);
			dependencies = (
				C13474CE2337A94500C2E6BE /* PBXTargetDependency */,
			);
			name = UICollectionViewSample2UITests;
			productName = UICollectionViewSample2UITests;
			productReference = C13474CC2337A94500C2E6BE /* UICollectionViewSample2UITests.xctest */;
			productType = "com.apple.product-type.bundle.ui-testing";
		};
/* End PBXNativeTarget section */

/* Begin PBXProject section */
		C13474A52337A94300C2E6BE /* Project object */ = {
			isa = PBXProject;
			attributes = {
				LastSwiftUpdateCheck = 1030;
				LastUpgradeCheck = 1030;
				ORGANIZATIONNAME = RyutaMiyamoto;
				TargetAttributes = {
					C13474AC2337A94400C2E6BE = {
						CreatedOnToolsVersion = 10.3;
					};
					C13474C02337A94500C2E6BE = {
						CreatedOnToolsVersion = 10.3;
						TestTargetID = C13474AC2337A94400C2E6BE;
					};
					C13474CB2337A94500C2E6BE = {
						CreatedOnToolsVersion = 10.3;
						TestTargetID = C13474AC2337A94400C2E6BE;
					};
				};
			};
			buildConfigurationList = C13474A82337A94300C2E6BE /* Build configuration list for PBXProject "UICollectionViewSample2" */;
			compatibilityVersion = "Xcode 9.3";
			developmentRegion = en;
			hasScannedForEncodings = 0;
			knownRegions = (
				en,
				Base,
			);
			mainGroup = C13474A42337A94300C2E6BE;
			productRefGroup = C13474AE2337A94400C2E6BE /* Products */;
			projectDirPath = "";
			projectRoot = "";
			targets = (
				C13474AC2337A94400C2E6BE /* UICollectionViewSample2 */,
				C13474C02337A94500C2E6BE /* UICollectionViewSample2Tests */,
				C13474CB2337A94500C2E6BE /* UICollectionViewSample2UITests */,
			);
		};
/* End PBXProject section */

/* Begin PBXResourcesBuildPhase section */
		C13474AB2337A94400C2E6BE /* Resources */ = {
			isa = PBXResourcesBuildPhase;
			buildActionMask = 2147483647;
			files = (
				C13474BB2337A94500C2E6BE /* LaunchScreen.storyboard in Resources */,
				C13474B82337A94500C2E6BE /* Assets.xcassets in Resources */,
				C13474E12337AB3400C2E6BE /* CustomCell.xib in Resources */,
				C13474B62337A94400C2E6BE /* Main.storyboard in Resources */,
			);
			runOnlyForDeploymentPostprocessing = 0;
		};
		C13474BF2337A94500C2E6BE /* Resources */ = {
			isa = PBXResourcesBuildPhase;
			buildActionMask = 2147483647;
			files = (
			);
			runOnlyForDeploymentPostprocessing = 0;
		};
		C13474CA2337A94500C2E6BE /* Resources */ = {
			isa = PBXResourcesBuildPhase;
			buildActionMask = 2147483647;
			files = (
			);
			runOnlyForDeploymentPostprocessing = 0;
		};
/* End PBXResourcesBuildPhase section */

/* Begin PBXSourcesBuildPhase section */
		C13474A92337A94400C2E6BE /* Sources */ = {
			isa = PBXSourcesBuildPhase;
			buildActionMask = 2147483647;
			files = (
				C13474B32337A94400C2E6BE /* ViewController.swift in Sources */,
				C13474E02337AB3400C2E6BE /* CustomCell.swift in Sources */,
				C13474B12337A94400C2E6BE /* AppDelegate.swift in Sources */,
			);
			runOnlyForDeploymentPostprocessing = 0;
		};
		C13474BD2337A94500C2E6BE /* Sources */ = {
			isa = PBXSourcesBuildPhase;
			buildActionMask = 2147483647;
			files = (
				C13474C62337A94500C2E6BE /* UICollectionViewSample2Tests.swift in Sources */,
			);
			runOnlyForDeploymentPostprocessing = 0;
		};
		C13474C82337A94500C2E6BE /* Sources */ = {
			isa = PBXSourcesBuildPhase;
			buildActionMask = 2147483647;
			files = (
				C13474D12337A94500C2E6BE /* UICollectionViewSample2UITests.swift in Sources */,
			);
			runOnlyForDeploymentPostprocessing = 0;
		};
/* End PBXSourcesBuildPhase section */

/* Begin PBXTargetDependency section */
		C13474C32337A94500C2E6BE /* PBXTargetDependency */ = {
			isa = PBXTargetDependency;
			target = C13474AC2337A94400C2E6BE /* UICollectionViewSample2 */;
			targetProxy = C13474C22337A94500C2E6BE /* PBXContainerItemProxy */;
		};
		C13474CE2337A94500C2E6BE /* PBXTargetDependency */ = {
			isa = PBXTargetDependency;
			target = C13474AC2337A94400C2E6BE /* UICollectionViewSample2 */;
			targetProxy = C13474CD2337A94500C2E6BE /* PBXContainerItemProxy */;
		};
/* End PBXTargetDependency section */

/* Begin PBXVariantGroup section */
		C13474B42337A94400C2E6BE /* Main.storyboard */ = {
			isa = PBXVariantGroup;
			children = (
				C13474B52337A94400C2E6BE /* Base */,
			);
			name = Main.storyboard;
			sourceTree = "<group>";
		};
		C13474B92337A94500C2E6BE /* LaunchScreen.storyboard */ = {
			isa = PBXVariantGroup;
			children = (
				C13474BA2337A94500C2E6BE /* Base */,
			);
			name = LaunchScreen.storyboard;
			sourceTree = "<group>";
		};
/* End PBXVariantGroup section */

/* Begin XCBuildConfiguration section */
		C13474D32337A94500C2E6BE /* Debug */ = {
			isa = XCBuildConfiguration;
			buildSettings = {
				ALWAYS_SEARCH_USER_PATHS = NO;
				CLANG_ANALYZER_NONNULL = YES;
				CLANG_ANALYZER_NUMBER_OBJECT_CONVERSION = YES_AGGRESSIVE;
				CLANG_CXX_LANGUAGE_STANDARD = "gnu++14";
				CLANG_CXX_LIBRARY = "libc++";
				CLANG_ENABLE_MODULES = YES;
				CLANG_ENABLE_OBJC_ARC = YES;
				CLANG_ENABLE_OBJC_WEAK = YES;
				CLANG_WARN_BLOCK_CAPTURE_AUTORELEASING = YES;
				CLANG_WARN_BOOL_CONVERSION = YES;
				CLANG_WARN_COMMA = YES;
				CLANG_WARN_CONSTANT_CONVERSION = YES;
				CLANG_WARN_DEPRECATED_OBJC_IMPLEMENTATIONS = YES;
				CLANG_WARN_DIRECT_OBJC_ISA_USAGE = YES_ERROR;
				CLANG_WARN_DOCUMENTATION_COMMENTS = YES;
				CLANG_WARN_EMPTY_BODY = YES;
				CLANG_WARN_ENUM_CONVERSION = YES;
				CLANG_WARN_INFINITE_RECURSION = YES;
				CLANG_WARN_INT_CONVERSION = YES;
				CLANG_WARN_NON_LITERAL_NULL_CONVERSION = YES;
				CLANG_WARN_OBJC_IMPLICIT_RETAIN_SELF = YES;
				CLANG_WARN_OBJC_LITERAL_CONVERSION = YES;
				CLANG_WARN_OBJC_ROOT_CLASS = YES_ERROR;
				CLANG_WARN_RANGE_LOOP_ANALYSIS = YES;
				CLANG_WARN_STRICT_PROTOTYPES = YES;
				CLANG_WARN_SUSPICIOUS_MOVE = YES;
				CLANG_WARN_UNGUARDED_AVAILABILITY = YES_AGGRESSIVE;
				CLANG_WARN_UNREACHABLE_CODE = YES;
				CLANG_WARN__DUPLICATE_METHOD_MATCH = YES;
				CODE_SIGN_IDENTITY = "iPhone Developer";
				COPY_PHASE_STRIP = NO;
				DEBUG_INFORMATION_FORMAT = dwarf;
				ENABLE_STRICT_OBJC_MSGSEND = YES;
				ENABLE_TESTABILITY = YES;
				GCC_C_LANGUAGE_STANDARD = gnu11;
				GCC_DYNAMIC_NO_PIC = NO;
				GCC_NO_COMMON_BLOCKS = YES;
				GCC_OPTIMIZATION_LEVEL = 0;
				GCC_PREPROCESSOR_DEFINITIONS = (
					"DEBUG=1",
					"$(inherited)",
				);
				GCC_WARN_64_TO_32_BIT_CONVERSION = YES;
				GCC_WARN_ABOUT_RETURN_TYPE = YES_ERROR;
				GCC_WARN_UNDECLARED_SELECTOR = YES;
				GCC_WARN_UNINITIALIZED_AUTOS = YES_AGGRESSIVE;
				GCC_WARN_UNUSED_FUNCTION = YES;
				GCC_WARN_UNUSED_VARIABLE = YES;
				IPHONEOS_DEPLOYMENT_TARGET = 12.4;
				MTL_ENABLE_DEBUG_INFO = INCLUDE_SOURCE;
				MTL_FAST_MATH = YES;
				ONLY_ACTIVE_ARCH = YES;
				SDKROOT = iphoneos;
				SWIFT_ACTIVE_COMPILATION_CONDITIONS = DEBUG;
				SWIFT_OPTIMIZATION_LEVEL = "-Onone";
			};
			name = Debug;
		};
		C13474D42337A94500C2E6BE /* Release */ = {
			isa = XCBuildConfiguration;
			buildSettings = {
				ALWAYS_SEARCH_USER_PATHS = NO;
				CLANG_ANALYZER_NONNULL = YES;
				CLANG_ANALYZER_NUMBER_OBJECT_CONVERSION = YES_AGGRESSIVE;
				CLANG_CXX_LANGUAGE_STANDARD = "gnu++14";
				CLANG_CXX_LIBRARY = "libc++";
				CLANG_ENABLE_MODULES = YES;
				CLANG_ENABLE_OBJC_ARC = YES;
				CLANG_ENABLE_OBJC_WEAK = YES;
				CLANG_WARN_BLOCK_CAPTURE_AUTORELEASING = YES;
				CLANG_WARN_BOOL_CONVERSION = YES;
				CLANG_WARN_COMMA = YES;
				CLANG_WARN_CONSTANT_CONVERSION = YES;
				CLANG_WARN_DEPRECATED_OBJC_IMPLEMENTATIONS = YES;
				CLANG_WARN_DIRECT_OBJC_ISA_USAGE = YES_ERROR;
				CLANG_WARN_DOCUMENTATION_COMMENTS = YES;
				CLANG_WARN_EMPTY_BODY = YES;
				CLANG_WARN_ENUM_CONVERSION = YES;
				CLANG_WARN_INFINITE_RECURSION = YES;
				CLANG_WARN_INT_CONVERSION = YES;
				CLANG_WARN_NON_LITERAL_NULL_CONVERSION = YES;
				CLANG_WARN_OBJC_IMPLICIT_RETAIN_SELF = YES;
				CLANG_WARN_OBJC_LITERAL_CONVERSION = YES;
				CLANG_WARN_OBJC_ROOT_CLASS = YES_ERROR;
				CLANG_WARN_RANGE_LOOP_ANALYSIS = YES;
				CLANG_WARN_STRICT_PROTOTYPES = YES;
				CLANG_WARN_SUSPICIOUS_MOVE = YES;
				CLANG_WARN_UNGUARDED_AVAILABILITY = YES_AGGRESSIVE;
				CLANG_WARN_UNREACHABLE_CODE = YES;
				CLANG_WARN__DUPLICATE_METHOD_MATCH = YES;
				CODE_SIGN_IDENTITY = "iPhone Developer";
				COPY_PHASE_STRIP = NO;
				DEBUG_INFORMATION_FORMAT = "dwarf-with-dsym";
				ENABLE_NS_ASSERTIONS = NO;
				ENABLE_STRICT_OBJC_MSGSEND = YES;
				GCC_C_LANGUAGE_STANDARD = gnu11;
				GCC_NO_COMMON_BLOCKS = YES;
				GCC_WARN_64_TO_32_BIT_CONVERSION = YES;
				GCC_WARN_ABOUT_RETURN_TYPE = YES_ERROR;
				GCC_WARN_UNDECLARED_SELECTOR = YES;
				GCC_WARN_UNINITIALIZED_AUTOS = YES_AGGRESSIVE;
				GCC_WARN_UNUSED_FUNCTION = YES;
				GCC_WARN_UNUSED_VARIABLE = YES;
				IPHONEOS_DEPLOYMENT_TARGET = 12.4;
				MTL_ENABLE_DEBUG_INFO = NO;
				MTL_FAST_MATH = YES;
				SDKROOT = iphoneos;
				SWIFT_COMPILATION_MODE = wholemodule;
				SWIFT_OPTIMIZATION_LEVEL = "-O";
				VALIDATE_PRODUCT = YES;
			};
			name = Release;
		};
		C13474D62337A94500C2E6BE /* Debug */ = {
			isa = XCBuildConfiguration;
			buildSettings = {
				ASSETCATALOG_COMPILER_APPICON_NAME = AppIcon;
				CODE_SIGN_STYLE = Automatic;
				DEVELOPMENT_TEAM = C5T96DT99L;
				INFOPLIST_FILE = UICollectionViewSample2/Info.plist;
				LD_RUNPATH_SEARCH_PATHS = (
					"$(inherited)",
					"@executable_path/Frameworks",
				);
				PRODUCT_BUNDLE_IDENTIFIER = jp.pfslink.UICollectionViewSample2;
				PRODUCT_NAME = "$(TARGET_NAME)";
				SWIFT_VERSION = 5.0;
				TARGETED_DEVICE_FAMILY = "1,2";
			};
			name = Debug;
		};
		C13474D72337A94500C2E6BE /* Release */ = {
			isa = XCBuildConfiguration;
			buildSettings = {
				ASSETCATALOG_COMPILER_APPICON_NAME = AppIcon;
				CODE_SIGN_STYLE = Automatic;
				DEVELOPMENT_TEAM = C5T96DT99L;
				INFOPLIST_FILE = UICollectionViewSample2/Info.plist;
				LD_RUNPATH_SEARCH_PATHS = (
					"$(inherited)",
					"@executable_path/Frameworks",
				);
				PRODUCT_BUNDLE_IDENTIFIER = jp.pfslink.UICollectionViewSample2;
				PRODUCT_NAME = "$(TARGET_NAME)";
				SWIFT_VERSION = 5.0;
				TARGETED_DEVICE_FAMILY = "1,2";
			};
			name = Release;
		};
		C13474D92337A94500C2E6BE /* Debug */ = {
			isa = XCBuildConfiguration;
			buildSettings = {
				ALWAYS_EMBED_SWIFT_STANDARD_LIBRARIES = YES;
				BUNDLE_LOADER = "$(TEST_HOST)";
				CODE_SIGN_STYLE = Automatic;
				DEVELOPMENT_TEAM = C5T96DT99L;
				INFOPLIST_FILE = UICollectionViewSample2Tests/Info.plist;
				LD_RUNPATH_SEARCH_PATHS = (
					"$(inherited)",
					"@executable_path/Frameworks",
					"@loader_path/Frameworks",
				);
				PRODUCT_BUNDLE_IDENTIFIER = jp.pfslink.UICollectionViewSample2Tests;
				PRODUCT_NAME = "$(TARGET_NAME)";
				SWIFT_VERSION = 5.0;
				TARGETED_DEVICE_FAMILY = "1,2";
				TEST_HOST = "$(BUILT_PRODUCTS_DIR)/UICollectionViewSample2.app/UICollectionViewSample2";
			};
			name = Debug;
		};
		C13474DA2337A94500C2E6BE /* Release */ = {
			isa = XCBuildConfiguration;
			buildSettings = {
				ALWAYS_EMBED_SWIFT_STANDARD_LIBRARIES = YES;
				BUNDLE_LOADER = "$(TEST_HOST)";
				CODE_SIGN_STYLE = Automatic;
				DEVELOPMENT_TEAM = C5T96DT99L;
				INFOPLIST_FILE = UICollectionViewSample2Tests/Info.plist;
				LD_RUNPATH_SEARCH_PATHS = (
					"$(inherited)",
					"@executable_path/Frameworks",
					"@loader_path/Frameworks",
				);
				PRODUCT_BUNDLE_IDENTIFIER = jp.pfslink.UICollectionViewSample2Tests;
				PRODUCT_NAME = "$(TARGET_NAME)";
				SWIFT_VERSION = 5.0;
				TARGETED_DEVICE_FAMILY = "1,2";
				TEST_HOST = "$(BUILT_PRODUCTS_DIR)/UICollectionViewSample2.app/UICollectionViewSample2";
			};
			name = Release;
		};
		C13474DC2337A94500C2E6BE /* Debug */ = {
			isa = XCBuildConfiguration;
			buildSettings = {
				ALWAYS_EMBED_SWIFT_STANDARD_LIBRARIES = YES;
				CODE_SIGN_STYLE = Automatic;
				DEVELOPMENT_TEAM = C5T96DT99L;
				INFOPLIST_FILE = UICollectionViewSample2UITests/Info.plist;
				LD_RUNPATH_SEARCH_PATHS = (
					"$(inherited)",
					"@executable_path/Frameworks",
					"@loader_path/Frameworks",
				);
				PRODUCT_BUNDLE_IDENTIFIER = jp.pfslink.UICollectionViewSample2UITests;
				PRODUCT_NAME = "$(TARGET_NAME)";
				SWIFT_VERSION = 5.0;
				TARGETED_DEVICE_FAMILY = "1,2";
				TEST_TARGET_NAME = UICollectionViewSample2;
			};
			name = Debug;
		};
		C13474DD2337A94500C2E6BE /* Release */ = {
			isa = XCBuildConfiguration;
			buildSettings = {
				ALWAYS_EMBED_SWIFT_STANDARD_LIBRARIES = YES;
				CODE_SIGN_STYLE = Automatic;
				DEVELOPMENT_TEAM = C5T96DT99L;
				INFOPLIST_FILE = UICollectionViewSample2UITests/Info.plist;
				LD_RUNPATH_SEARCH_PATHS = (
					"$(inherited)",
					"@executable_path/Frameworks",
					"@loader_path/Frameworks",
				);
				PRODUCT_BUNDLE_IDENTIFIER = jp.pfslink.UICollectionViewSample2UITests;
				PRODUCT_NAME = "$(TARGET_NAME)";
				SWIFT_VERSION = 5.0;
				TARGETED_DEVICE_FAMILY = "1,2";
				TEST_TARGET_NAME = UICollectionViewSample2;
			};
			name = Release;
		};
/* End XCBuildConfiguration section */

/* Begin XCConfigurationList section */
		C13474A82337A94300C2E6BE /* Build configuration list for PBXProject "UICollectionViewSample2" */ = {
			isa = XCConfigurationList;
			buildConfigurations = (
				C13474D32337A94500C2E6BE /* Debug */,
				C13474D42337A94500C2E6BE /* Release */,
			);
			defaultConfigurationIsVisible = 0;
			defaultConfigurationName = Release;
		};
		C13474D52337A94500C2E6BE /* Build configuration list for PBXNativeTarget "UICollectionViewSample2" */ = {
			isa = XCConfigurationList;
			buildConfigurations = (
				C13474D62337A94500C2E6BE /* Debug */,
				C13474D72337A94500C2E6BE /* Release */,
			);
			defaultConfigurationIsVisible = 0;
			defaultConfigurationName = Release;
		};
		C13474D82337A94500C2E6BE /* Build configuration list for PBXNativeTarget "UICollectionViewSample2Tests" */ = {
			isa = XCConfigurationList;
			buildConfigurations = (
				C13474D92337A94500C2E6BE /* Debug */,
				C13474DA2337A94500C2E6BE /* Release */,
			);
			defaultConfigurationIsVisible = 0;
			defaultConfigurationName = Release;
		};
		C13474DB2337A94500C2E6BE /* Build configuration list for PBXNativeTarget "UICollectionViewSample2UITests" */ = {
			isa = XCConfigurationList;
			buildConfigurations = (
				C13474DC2337A94500C2E6BE /* Debug */,
				C13474DD2337A94500C2E6BE /* Release */,
			);
			defaultConfigurationIsVisible = 0;
			defaultConfigurationName = Release;
		};
/* End XCConfigurationList section */
	};
	rootObject = C13474A52337A94300C2E6BE /* Project object */;
}
