// !$*UTF8*$!
{
	archiveVersion = 1;
	classes = {
	};
	objectVersion = 50;
	objects = {

/* Begin PBXBuildFile section */
		C13474732337A65400C2E6BE /* AppDelegate.swift in Sources */ = {isa = PBXBuildFile; fileRef = C13474722337A65400C2E6BE /* AppDelegate.swift */; };
		C13474752337A65400C2E6BE /* ViewController.swift in Sources */ = {isa = PBXBuildFile; fileRef = C13474742337A65400C2E6BE /* ViewController.swift */; };
		C13474782337A65400C2E6BE /* Main.storyboard in Resources */ = {isa = PBXBuildFile; fileRef = C13474762337A65400C2E6BE /* Main.storyboard */; };
		C134747A2337A65600C2E6BE /* Assets.xcassets in Resources */ = {isa = PBXBuildFile; fileRef = C13474792337A65600C2E6BE /* Assets.xcassets */; };
		C134747D2337A65600C2E6BE /* LaunchScreen.storyboard in Resources */ = {isa = PBXBuildFile; fileRef = C134747B2337A65600C2E6BE /* LaunchScreen.storyboard */; };
		C13474882337A65700C2E6BE /* UICollectionViewSampleTests.swift in Sources */ = {isa = PBXBuildFile; fileRef = C13474872337A65700C2E6BE /* UICollectionViewSampleTests.swift */; };
		C13474932337A65700C2E6BE /* UICollectionViewSampleUITests.swift in Sources */ = {isa = PBXBuildFile; fileRef = C13474922337A65700C2E6BE /* UICollectionViewSampleUITests.swift */; };
		C13474A12337A6B800C2E6BE /* CustomCell.xib in Resources */ = {isa = PBXBuildFile; fileRef = C13474A02337A6B800C2E6BE /* CustomCell.xib */; };
		C13474A32337A6D900C2E6BE /* CustomCell.swift in Sources */ = {isa = PBXBuildFile; fileRef = C13474A22337A6D900C2E6BE /* CustomCell.swift */; };
/* End PBXBuildFile section */

/* Begin PBXContainerItemProxy section */
		C13474842337A65700C2E6BE /* PBXContainerItemProxy */ = {
			isa = PBXContainerItemProxy;
			containerPortal = C13474672337A65400C2E6BE /* Project object */;
			proxyType = 1;
			remoteGlobalIDString = C134746E2337A65400C2E6BE;
			remoteInfo = UICollectionViewSample;
		};
		C134748F2337A65700C2E6BE /* PBXContainerItemProxy */ = {
			isa = PBXContainerItemProxy;
			containerPortal = C13474672337A65400C2E6BE /* Project object */;
			proxyType = 1;
			remoteGlobalIDString = C134746E2337A65400C2E6BE;
			remoteInfo = UICollectionViewSample;
		};
/* End PBXContainerItemProxy section */

/* Begin PBXFileReference section */
		C134746F2337A65400C2E6BE /* UICollectionViewSample.app */ = {isa = PBXFileReference; explicitFileType = wrapper.application; includeInIndex = 0; path = UICollectionViewSample.app; sourceTree = BUILT_PRODUCTS_DIR; };
		C13474722337A65400C2E6BE /* AppDelegate.swift */ = {isa = PBXFileReference; lastKnownFileType = sourcecode.swift; path = AppDelegate.swift; sourceTree = "<group>"; };
		C13474742337A65400C2E6BE /* ViewController.swift */ = {isa = PBXFileReference; lastKnownFileType = sourcecode.swift; path = ViewController.swift; sourceTree = "<group>"; };
		C13474772337A65400C2E6BE /* Base */ = {isa = PBXFileReference; lastKnownFileType = file.storyboard; name = Base; path = Base.lproj/Main.storyboard; sourceTree = "<group>"; };
		C13474792337A65600C2E6BE /* Assets.xcassets */ = {isa = PBXFileReference; lastKnownFileType = folder.assetcatalog; path = Assets.xcassets; sourceTree = "<group>"; };
		C134747C2337A65600C2E6BE /* Base */ = {isa = PBXFileReference; lastKnownFileType = file.storyboard; name = Base; path = Base.lproj/LaunchScreen.storyboard; sourceTree = "<group>"; };
		C134747E2337A65600C2E6BE /* Info.plist */ = {isa = PBXFileReference; lastKnownFileType = text.plist.xml; path = Info.plist; sourceTree = "<group>"; };
		C13474832337A65700C2E6BE /* UICollectionViewSampleTests.xctest */ = {isa = PBXFileReference; explicitFileType = wrapper.cfbundle; includeInIndex = 0; path = UICollectionViewSampleTests.xctest; sourceTree = BUILT_PRODUCTS_DIR; };
		C13474872337A65700C2E6BE /* UICollectionViewSampleTests.swift */ = {isa = PBXFileReference; lastKnownFileType = sourcecode.swift; path = UICollectionViewSampleTests.swift; sourceTree = "<group>"; };
		C13474892337A65700C2E6BE /* Info.plist */ = {isa = PBXFileReference; lastKnownFileType = text.plist.xml; path = Info.plist; sourceTree = "<group>"; };
		C134748E2337A65700C2E6BE /* UICollectionViewSampleUITests.xctest */ = {isa = PBXFileReference; explicitFileType = wrapper.cfbundle; includeInIndex = 0; path = UICollectionViewSampleUITests.xctest; sourceTree = BUILT_PRODUCTS_DIR; };
		C13474922337A65700C2E6BE /* UICollectionViewSampleUITests.swift */ = {isa = PBXFileReference; lastKnownFileType = sourcecode.swift; path = UICollectionViewSampleUITests.swift; sourceTree = "<group>"; };
		C13474942337A65700C2E6BE /* Info.plist */ = {isa = PBXFileReference; lastKnownFileType = text.plist.xml; path = Info.plist; sourceTree = "<group>"; };
		C13474A02337A6B800C2E6BE /* CustomCell.xib */ = {isa = PBXFileReference; lastKnownFileType = file.xib; path = CustomCell.xib; sourceTree = "<group>"; };
		C13474A22337A6D900C2E6BE /* CustomCell.swift */ = {isa = PBXFileReference; lastKnownFileType = sourcecode.swift; path = CustomCell.swift; sourceTree = "<group>"; };
/* End PBXFileReference section */

/* Begin PBXFrameworksBuildPhase section */
		C134746C2337A65400C2E6BE /* Frameworks */ = {
			isa = PBXFrameworksBuildPhase;
			buildActionMask = 2147483647;
			files = (
			);
			runOnlyForDeploymentPostprocessing = 0;
		};
		C13474802337A65700C2E6BE /* Frameworks */ = {
			isa = PBXFrameworksBuildPhase;
			buildActionMask = 2147483647;
			files = (
			);
			runOnlyForDeploymentPostprocessing = 0;
		};
		C134748B2337A65700C2E6BE /* Frameworks */ = {
			isa = PBXFrameworksBuildPhase;
			buildActionMask = 2147483647;
			files = (
			);
			runOnlyForDeploymentPostprocessing = 0;
		};
/* End PBXFrameworksBuildPhase section */

/* Begin PBXGroup section */
		C13474662337A65400C2E6BE = {
			isa = PBXGroup;
			children = (
				C13474712337A65400C2E6BE /* UICollectionViewSample */,
				C13474862337A65700C2E6BE /* UICollectionViewSampleTests */,
				C13474912337A65700C2E6BE /* UICollectionViewSampleUITests */,
				C13474702337A65400C2E6BE /* Products */,
			);
			sourceTree = "<group>";
		};
		C13474702337A65400C2E6BE /* Products */ = {
			isa = PBXGroup;
			children = (
				C134746F2337A65400C2E6BE /* UICollectionViewSample.app */,
				C13474832337A65700C2E6BE /* UICollectionViewSampleTests.xctest */,
				C134748E2337A65700C2E6BE /* UICollectionViewSampleUITests.xctest */,
			);
			name = Products;
			sourceTree = "<group>";
		};
		C13474712337A65400C2E6BE /* UICollectionViewSample */ = {
			isa = PBXGroup;
			children = (
				C13474722337A65400C2E6BE /* AppDelegate.swift */,
				C13474742337A65400C2E6BE /* ViewController.swift */,
				C13474762337A65400C2E6BE /* Main.storyboard */,
				C13474A22337A6D900C2E6BE /* CustomCell.swift */,
				C13474A02337A6B800C2E6BE /* CustomCell.xib */,
				C13474792337A65600C2E6BE /* Assets.xcassets */,
				C134747B2337A65600C2E6BE /* LaunchScreen.storyboard */,
				C134747E2337A65600C2E6BE /* Info.plist */,
			);
			path = UICollectionViewSample;
			sourceTree = "<group>";
		};
		C13474862337A65700C2E6BE /* UICollectionViewSampleTests */ = {
			isa = PBXGroup;
			children = (
				C13474872337A65700C2E6BE /* UICollectionViewSampleTests.swift */,
				C13474892337A65700C2E6BE /* Info.plist */,
			);
			path = UICollectionViewSampleTests;
			sourceTree = "<group>";
		};
		C13474912337A65700C2E6BE /* UICollectionViewSampleUITests */ = {
			isa = PBXGroup;
			children = (
				C13474922337A65700C2E6BE /* UICollectionViewSampleUITests.swift */,
				C13474942337A65700C2E6BE /* Info.plist */,
			);
			path = UICollectionViewSampleUITests;
			sourceTree = "<group>";
		};
/* End PBXGroup section */

/* Begin PBXNativeTarget section */
		C134746E2337A65400C2E6BE /* UICollectionViewSample */ = {
			isa = PBXNativeTarget;
			buildConfigurationList = C13474972337A65700C2E6BE /* Build configuration list for PBXNativeTarget "UICollectionViewSample" */;
			buildPhases = (
				C134746B2337A65400C2E6BE /* Sources */,
				C134746C2337A65400C2E6BE /* Frameworks */,
				C134746D2337A65400C2E6BE /* Resources */,
			);
			buildRules = (
			);
			dependencies = (
			);
			name = UICollectionViewSample;
			productName = UICollectionViewSample;
			productReference = C134746F2337A65400C2E6BE /* UICollectionViewSample.app */;
			productType = "com.apple.product-type.application";
		};
		C13474822337A65700C2E6BE /* UICollectionViewSampleTests */ = {
			isa = PBXNativeTarget;
			buildConfigurationList = C134749A2337A65700C2E6BE /* Build configuration list for PBXNativeTarget "UICollectionViewSampleTests" */;
			buildPhases = (
				C134747F2337A65700C2E6BE /* Sources */,
				C13474802337A65700C2E6BE /* Frameworks */,
				C13474812337A65700C2E6BE /* Resources */,
			);
			buildRules = (
			);
			dependencies = (
				C13474852337A65700C2E6BE /* PBXTargetDependency */,
			);
			name = UICollectionViewSampleTests;
			productName = UICollectionViewSampleTests;
			productReference = C13474832337A65700C2E6BE /* UICollectionViewSampleTests.xctest */;
			productType = "com.apple.product-type.bundle.unit-test";
		};
		C134748D2337A65700C2E6BE /* UICollectionViewSampleUITests */ = {
			isa = PBXNativeTarget;
			buildConfigurationList = C134749D2337A65700C2E6BE /* Build configuration list for PBXNativeTarget "UICollectionViewSampleUITests" */;
			buildPhases = (
				C134748A2337A65700C2E6BE /* Sources */,
				C134748B2337A65700C2E6BE /* Frameworks */,
				C134748C2337A65700C2E6BE /* Resources */,
			);
			buildRules = (
			);
			dependencies = (
				C13474902337A65700C2E6BE /* PBXTargetDependency */,
			);
			name = UICollectionViewSampleUITests;
			productName = UICollectionViewSampleUITests;
			productReference = C134748E2337A65700C2E6BE /* UICollectionViewSampleUITests.xctest */;
			productType = "com.apple.product-type.bundle.ui-testing";
		};
/* End PBXNativeTarget section */

/* Begin PBXProject section */
		C13474672337A65400C2E6BE /* Project object */ = {
			isa = PBXProject;
			attributes = {
				LastSwiftUpdateCheck = 1030;
				LastUpgradeCheck = 1030;
				ORGANIZATIONNAME = RyutaMiyamoto;
				TargetAttributes = {
					C134746E2337A65400C2E6BE = {
						CreatedOnToolsVersion = 10.3;
					};
					C13474822337A65700C2E6BE = {
						CreatedOnToolsVersion = 10.3;
						TestTargetID = C134746E2337A65400C2E6BE;
					};
					C134748D2337A65700C2E6BE = {
						CreatedOnToolsVersion = 10.3;
						TestTargetID = C134746E2337A65400C2E6BE;
					};
				};
			};
			buildConfigurationList = C134746A2337A65400C2E6BE /* Build configuration list for PBXProject "UICollectionViewSample" */;
			compatibilityVersion = "Xcode 9.3";
			developmentRegion = en;
			hasScannedForEncodings = 0;
			knownRegions = (
				en,
				Base,
			);
			mainGroup = C13474662337A65400C2E6BE;
			productRefGroup = C13474702337A65400C2E6BE /* Products */;
			projectDirPath = "";
			projectRoot = "";
			targets = (
				C134746E2337A65400C2E6BE /* UICollectionViewSample */,
				C13474822337A65700C2E6BE /* UICollectionViewSampleTests */,
				C134748D2337A65700C2E6BE /* UICollectionViewSampleUITests */,
			);
		};
/* End PBXProject section */

/* Begin PBXResourcesBuildPhase section */
		C134746D2337A65400C2E6BE /* Resources */ = {
			isa = PBXResourcesBuildPhase;
			buildActionMask = 2147483647;
			files = (
				C134747D2337A65600C2E6BE /* LaunchScreen.storyboard in Resources */,
				C134747A2337A65600C2E6BE /* Assets.xcassets in Resources */,
				C13474A12337A6B800C2E6BE /* CustomCell.xib in Resources */,
				C13474782337A65400C2E6BE /* Main.storyboard in Resources */,
			);
			runOnlyForDeploymentPostprocessing = 0;
		};
		C13474812337A65700C2E6BE /* Resources */ = {
			isa = PBXResourcesBuildPhase;
			buildActionMask = 2147483647;
			files = (
			);
			runOnlyForDeploymentPostprocessing = 0;
		};
		C134748C2337A65700C2E6BE /* Resources */ = {
			isa = PBXResourcesBuildPhase;
			buildActionMask = 2147483647;
			files = (
			);
			runOnlyForDeploymentPostprocessing = 0;
		};
/* End PBXResourcesBuildPhase section */

/* Begin PBXSourcesBuildPhase section */
		C134746B2337A65400C2E6BE /* Sources */ = {
			isa = PBXSourcesBuildPhase;
			buildActionMask = 2147483647;
			files = (
				C13474752337A65400C2E6BE /* ViewController.swift in Sources */,
				C13474A32337A6D900C2E6BE /* CustomCell.swift in Sources */,
				C13474732337A65400C2E6BE /* AppDelegate.swift in Sources */,
			);
			runOnlyForDeploymentPostprocessing = 0;
		};
		C134747F2337A65700C2E6BE /* Sources */ = {
			isa = PBXSourcesBuildPhase;
			buildActionMask = 2147483647;
			files = (
				C13474882337A65700C2E6BE /* UICollectionViewSampleTests.swift in Sources */,
			);
			runOnlyForDeploymentPostprocessing = 0;
		};
		C134748A2337A65700C2E6BE /* Sources */ = {
			isa = PBXSourcesBuildPhase;
			buildActionMask = 2147483647;
			files = (
				C13474932337A65700C2E6BE /* UICollectionViewSampleUITests.swift in Sources */,
			);
			runOnlyForDeploymentPostprocessing = 0;
		};
/* End PBXSourcesBuildPhase section */

/* Begin PBXTargetDependency section */
		C13474852337A65700C2E6BE /* PBXTargetDependency */ = {
			isa = PBXTargetDependency;
			target = C134746E2337A65400C2E6BE /* UICollectionViewSample */;
			targetProxy = C13474842337A65700C2E6BE /* PBXContainerItemProxy */;
		};
		C13474902337A65700C2E6BE /* PBXTargetDependency */ = {
			isa = PBXTargetDependency;
			target = C134746E2337A65400C2E6BE /* UICollectionViewSample */;
			targetProxy = C134748F2337A65700C2E6BE /* PBXContainerItemProxy */;
		};
/* End PBXTargetDependency section */

/* Begin PBXVariantGroup section */
		C13474762337A65400C2E6BE /* Main.storyboard */ = {
			isa = PBXVariantGroup;
			children = (
				C13474772337A65400C2E6BE /* Base */,
			);
			name = Main.storyboard;
			sourceTree = "<group>";
		};
		C134747B2337A65600C2E6BE /* LaunchScreen.storyboard */ = {
			isa = PBXVariantGroup;
			children = (
				C134747C2337A65600C2E6BE /* Base */,
			);
			name = LaunchScreen.storyboard;
			sourceTree = "<group>";
		};
/* End PBXVariantGroup section */

/* Begin XCBuildConfiguration section */
		C13474952337A65700C2E6BE /* Debug */ = {
			isa = XCBuildConfiguration;
			buildSettings = {
				ALWAYS_SEARCH_USER_PATHS = NO;
				CLANG_ANALYZER_NONNULL = YES;
				CLANG_ANALYZER_NUMBER_OBJECT_CONVERSION = YES_AGGRESSIVE;
				CLANG_CXX_LANGUAGE_STANDARD = "gnu++14";
				CLANG_CXX_LIBRARY = "libc++";
				CLANG_ENABLE_MODULES = YES;
				CLANG_ENABLE_OBJC_ARC = YES;
				CLANG_ENABLE_OBJC_WEAK = YES;
				CLANG_WARN_BLOCK_CAPTURE_AUTORELEASING = YES;
				CLANG_WARN_BOOL_CONVERSION = YES;
				CLANG_WARN_COMMA = YES;
				CLANG_WARN_CONSTANT_CONVERSION = YES;
				CLANG_WARN_DEPRECATED_OBJC_IMPLEMENTATIONS = YES;
				CLANG_WARN_DIRECT_OBJC_ISA_USAGE = YES_ERROR;
				CLANG_WARN_DOCUMENTATION_COMMENTS = YES;
				CLANG_WARN_EMPTY_BODY = YES;
				CLANG_WARN_ENUM_CONVERSION = YES;
				CLANG_WARN_INFINITE_RECURSION = YES;
				CLANG_WARN_INT_CONVERSION = YES;
				CLANG_WARN_NON_LITERAL_NULL_CONVERSION = YES;
				CLANG_WARN_OBJC_IMPLICIT_RETAIN_SELF = YES;
				CLANG_WARN_OBJC_LITERAL_CONVERSION = YES;
				CLANG_WARN_OBJC_ROOT_CLASS = YES_ERROR;
				CLANG_WARN_RANGE_LOOP_ANALYSIS = YES;
				CLANG_WARN_STRICT_PROTOTYPES = YES;
				CLANG_WARN_SUSPICIOUS_MOVE = YES;
				CLANG_WARN_UNGUARDED_AVAILABILITY = YES_AGGRESSIVE;
				CLANG_WARN_UNREACHABLE_CODE = YES;
				CLANG_WARN__DUPLICATE_METHOD_MATCH = YES;
				CODE_SIGN_IDENTITY = "iPhone Developer";
				COPY_PHASE_STRIP = NO;
				DEBUG_INFORMATION_FORMAT = dwarf;
				ENABLE_STRICT_OBJC_MSGSEND = YES;
				ENABLE_TESTABILITY = YES;
				GCC_C_LANGUAGE_STANDARD = gnu11;
				GCC_DYNAMIC_NO_PIC = NO;
				GCC_NO_COMMON_BLOCKS = YES;
				GCC_OPTIMIZATION_LEVEL = 0;
				GCC_PREPROCESSOR_DEFINITIONS = (
					"DEBUG=1",
					"$(inherited)",
				);
				GCC_WARN_64_TO_32_BIT_CONVERSION = YES;
				GCC_WARN_ABOUT_RETURN_TYPE = YES_ERROR;
				GCC_WARN_UNDECLARED_SELECTOR = YES;
				GCC_WARN_UNINITIALIZED_AUTOS = YES_AGGRESSIVE;
				GCC_WARN_UNUSED_FUNCTION = YES;
				GCC_WARN_UNUSED_VARIABLE = YES;
				IPHONEOS_DEPLOYMENT_TARGET = 12.4;
				MTL_ENABLE_DEBUG_INFO = INCLUDE_SOURCE;
				MTL_FAST_MATH = YES;
				ONLY_ACTIVE_ARCH = YES;
				SDKROOT = iphoneos;
				SWIFT_ACTIVE_COMPILATION_CONDITIONS = DEBUG;
				SWIFT_OPTIMIZATION_LEVEL = "-Onone";
			};
			name = Debug;
		};
		C13474962337A65700C2E6BE /* Release */ = {
			isa = XCBuildConfiguration;
			buildSettings = {
				ALWAYS_SEARCH_USER_PATHS = NO;
				CLANG_ANALYZER_NONNULL = YES;
				CLANG_ANALYZER_NUMBER_OBJECT_CONVERSION = YES_AGGRESSIVE;
				CLANG_CXX_LANGUAGE_STANDARD = "gnu++14";
				CLANG_CXX_LIBRARY = "libc++";
				CLANG_ENABLE_MODULES = YES;
				CLANG_ENABLE_OBJC_ARC = YES;
				CLANG_ENABLE_OBJC_WEAK = YES;
				CLANG_WARN_BLOCK_CAPTURE_AUTORELEASING = YES;
				CLANG_WARN_BOOL_CONVERSION = YES;
				CLANG_WARN_COMMA = YES;
				CLANG_WARN_CONSTANT_CONVERSION = YES;
				CLANG_WARN_DEPRECATED_OBJC_IMPLEMENTATIONS = YES;
				CLANG_WARN_DIRECT_OBJC_ISA_USAGE = YES_ERROR;
				CLANG_WARN_DOCUMENTATION_COMMENTS = YES;
				CLANG_WARN_EMPTY_BODY = YES;
				CLANG_WARN_ENUM_CONVERSION = YES;
				CLANG_WARN_INFINITE_RECURSION = YES;
				CLANG_WARN_INT_CONVERSION = YES;
				CLANG_WARN_NON_LITERAL_NULL_CONVERSION = YES;
				CLANG_WARN_OBJC_IMPLICIT_RETAIN_SELF = YES;
				CLANG_WARN_OBJC_LITERAL_CONVERSION = YES;
				CLANG_WARN_OBJC_ROOT_CLASS = YES_ERROR;
				CLANG_WARN_RANGE_LOOP_ANALYSIS = YES;
				CLANG_WARN_STRICT_PROTOTYPES = YES;
				CLANG_WARN_SUSPICIOUS_MOVE = YES;
				CLANG_WARN_UNGUARDED_AVAILABILITY = YES_AGGRESSIVE;
				CLANG_WARN_UNREACHABLE_CODE = YES;
				CLANG_WARN__DUPLICATE_METHOD_MATCH = YES;
				CODE_SIGN_IDENTITY = "iPhone Developer";
				COPY_PHASE_STRIP = NO;
				DEBUG_INFORMATION_FORMAT = "dwarf-with-dsym";
				ENABLE_NS_ASSERTIONS = NO;
				ENABLE_STRICT_OBJC_MSGSEND = YES;
				GCC_C_LANGUAGE_STANDARD = gnu11;
				GCC_NO_COMMON_BLOCKS = YES;
				GCC_WARN_64_TO_32_BIT_CONVERSION = YES;
				GCC_WARN_ABOUT_RETURN_TYPE = YES_ERROR;
				GCC_WARN_UNDECLARED_SELECTOR = YES;
				GCC_WARN_UNINITIALIZED_AUTOS = YES_AGGRESSIVE;
				GCC_WARN_UNUSED_FUNCTION = YES;
				GCC_WARN_UNUSED_VARIABLE = YES;
				IPHONEOS_DEPLOYMENT_TARGET = 12.4;
				MTL_ENABLE_DEBUG_INFO = NO;
				MTL_FAST_MATH = YES;
				SDKROOT = iphoneos;
				SWIFT_COMPILATION_MODE = wholemodule;
				SWIFT_OPTIMIZATION_LEVEL = "-O";
				VALIDATE_PRODUCT = YES;
			};
			name = Release;
		};
		C13474982337A65700C2E6BE /* Debug */ = {
			isa = XCBuildConfiguration;
			buildSettings = {
				ASSETCATALOG_COMPILER_APPICON_NAME = AppIcon;
				CODE_SIGN_STYLE = Automatic;
				DEVELOPMENT_TEAM = C5T96DT99L;
				INFOPLIST_FILE = UICollectionViewSample/Info.plist;
				LD_RUNPATH_SEARCH_PATHS = (
					"$(inherited)",
					"@executable_path/Frameworks",
				);
				PRODUCT_BUNDLE_IDENTIFIER = jp.pfslink.UICollectionViewSample;
				PRODUCT_NAME = "$(TARGET_NAME)";
				SWIFT_VERSION = 5.0;
				TARGETED_DEVICE_FAMILY = "1,2";
			};
			name = Debug;
		};
		C13474992337A65700C2E6BE /* Release */ = {
			isa = XCBuildConfiguration;
			buildSettings = {
				ASSETCATALOG_COMPILER_APPICON_NAME = AppIcon;
				CODE_SIGN_STYLE = Automatic;
				DEVELOPMENT_TEAM = C5T96DT99L;
				INFOPLIST_FILE = UICollectionViewSample/Info.plist;
				LD_RUNPATH_SEARCH_PATHS = (
					"$(inherited)",
					"@executable_path/Frameworks",
				);
				PRODUCT_BUNDLE_IDENTIFIER = jp.pfslink.UICollectionViewSample;
				PRODUCT_NAME = "$(TARGET_NAME)";
				SWIFT_VERSION = 5.0;
				TARGETED_DEVICE_FAMILY = "1,2";
			};
			name = Release;
		};
		C134749B2337A65700C2E6BE /* Debug */ = {
			isa = XCBuildConfiguration;
			buildSettings = {
				ALWAYS_EMBED_SWIFT_STANDARD_LIBRARIES = YES;
				BUNDLE_LOADER = "$(TEST_HOST)";
				CODE_SIGN_STYLE = Automatic;
				DEVELOPMENT_TEAM = C5T96DT99L;
				INFOPLIST_FILE = UICollectionViewSampleTests/Info.plist;
				LD_RUNPATH_SEARCH_PATHS = (
					"$(inherited)",
					"@executable_path/Frameworks",
					"@loader_path/Frameworks",
				);
				PRODUCT_BUNDLE_IDENTIFIER = jp.pfslink.UICollectionViewSampleTests;
				PRODUCT_NAME = "$(TARGET_NAME)";
				SWIFT_VERSION = 5.0;
				TARGETED_DEVICE_FAMILY = "1,2";
				TEST_HOST = "$(BUILT_PRODUCTS_DIR)/UICollectionViewSample.app/UICollectionViewSample";
			};
			name = Debug;
		};
		C134749C2337A65700C2E6BE /* Release */ = {
			isa = XCBuildConfiguration;
			buildSettings = {
				ALWAYS_EMBED_SWIFT_STANDARD_LIBRARIES = YES;
				BUNDLE_LOADER = "$(TEST_HOST)";
				CODE_SIGN_STYLE = Automatic;
				DEVELOPMENT_TEAM = C5T96DT99L;
				INFOPLIST_FILE = UICollectionViewSampleTests/Info.plist;
				LD_RUNPATH_SEARCH_PATHS = (
					"$(inherited)",
					"@executable_path/Frameworks",
					"@loader_path/Frameworks",
				);
				PRODUCT_BUNDLE_IDENTIFIER = jp.pfslink.UICollectionViewSampleTests;
				PRODUCT_NAME = "$(TARGET_NAME)";
				SWIFT_VERSION = 5.0;
				TARGETED_DEVICE_FAMILY = "1,2";
				TEST_HOST = "$(BUILT_PRODUCTS_DIR)/UICollectionViewSample.app/UICollectionViewSample";
			};
			name = Release;
		};
		C134749E2337A65700C2E6BE /* Debug */ = {
			isa = XCBuildConfiguration;
			buildSettings = {
				ALWAYS_EMBED_SWIFT_STANDARD_LIBRARIES = YES;
				CODE_SIGN_STYLE = Automatic;
				DEVELOPMENT_TEAM = C5T96DT99L;
				INFOPLIST_FILE = UICollectionViewSampleUITests/Info.plist;
				LD_RUNPATH_SEARCH_PATHS = (
					"$(inherited)",
					"@executable_path/Frameworks",
					"@loader_path/Frameworks",
				);
				PRODUCT_BUNDLE_IDENTIFIER = jp.pfslink.UICollectionViewSampleUITests;
				PRODUCT_NAME = "$(TARGET_NAME)";
				SWIFT_VERSION = 5.0;
				TARGETED_DEVICE_FAMILY = "1,2";
				TEST_TARGET_NAME = UICollectionViewSample;
			};
			name = Debug;
		};
		C134749F2337A65700C2E6BE /* Release */ = {
			isa = XCBuildConfiguration;
			buildSettings = {
				ALWAYS_EMBED_SWIFT_STANDARD_LIBRARIES = YES;
				CODE_SIGN_STYLE = Automatic;
				DEVELOPMENT_TEAM = C5T96DT99L;
				INFOPLIST_FILE = UICollectionViewSampleUITests/Info.plist;
				LD_RUNPATH_SEARCH_PATHS = (
					"$(inherited)",
					"@executable_path/Frameworks",
					"@loader_path/Frameworks",
				);
				PRODUCT_BUNDLE_IDENTIFIER = jp.pfslink.UICollectionViewSampleUITests;
				PRODUCT_NAME = "$(TARGET_NAME)";
				SWIFT_VERSION = 5.0;
				TARGETED_DEVICE_FAMILY = "1,2";
				TEST_TARGET_NAME = UICollectionViewSample;
			};
			name = Release;
		};
/* End XCBuildConfiguration section */

/* Begin XCConfigurationList section */
		C134746A2337A65400C2E6BE /* Build configuration list for PBXProject "UICollectionViewSample" */ = {
			isa = XCConfigurationList;
			buildConfigurations = (
				C13474952337A65700C2E6BE /* Debug */,
				C13474962337A65700C2E6BE /* Release */,
			);
			defaultConfigurationIsVisible = 0;
			defaultConfigurationName = Release;
		};
		C13474972337A65700C2E6BE /* Build configuration list for PBXNativeTarget "UICollectionViewSample" */ = {
			isa = XCConfigurationList;
			buildConfigurations = (
				C13474982337A65700C2E6BE /* Debug */,
				C13474992337A65700C2E6BE /* Release */,
			);
			defaultConfigurationIsVisible = 0;
			defaultConfigurationName = Release;
		};
		C134749A2337A65700C2E6BE /* Build configuration list for PBXNativeTarget "UICollectionViewSampleTests" */ = {
			isa = XCConfigurationList;
			buildConfigurations = (
				C134749B2337A65700C2E6BE /* Debug */,
				C134749C2337A65700C2E6BE /* Release */,
			);
			defaultConfigurationIsVisible = 0;
			defaultConfigurationName = Release;
		};
		C134749D2337A65700C2E6BE /* Build configuration list for PBXNativeTarget "UICollectionViewSampleUITests" */ = {
			isa = XCConfigurationList;
			buildConfigurations = (
				C134749E2337A65700C2E6BE /* Debug */,
				C134749F2337A65700C2E6BE /* Release */,
			);
			defaultConfigurationIsVisible = 0;
			defaultConfigurationName = Release;
		};
/* End XCConfigurationList section */
	};
	rootObject = C13474672337A65400C2E6BE /* Project object */;
}
