// !$*UTF8*$!
{
	archiveVersion = 1;
	classes = {
	};
	objectVersion = 50;
	objects = {

/* Begin PBXBuildFile section */
		C13474392337A21800C2E6BE /* AppDelegate.swift in Sources */ = {isa = PBXBuildFile; fileRef = C13474382337A21800C2E6BE /* AppDelegate.swift */; };
		C134743B2337A21800C2E6BE /* ViewController.swift in Sources */ = {isa = PBXBuildFile; fileRef = C134743A2337A21800C2E6BE /* ViewController.swift */; };
		C134743E2337A21800C2E6BE /* Main.storyboard in Resources */ = {isa = PBXBuildFile; fileRef = C134743C2337A21800C2E6BE /* Main.storyboard */; };
		C13474402337A21A00C2E6BE /* Assets.xcassets in Resources */ = {isa = PBXBuildFile; fileRef = C134743F2337A21A00C2E6BE /* Assets.xcassets */; };
		C13474432337A21A00C2E6BE /* LaunchScreen.storyboard in Resources */ = {isa = PBXBuildFile; fileRef = C13474412337A21A00C2E6BE /* LaunchScreen.storyboard */; };
		C134744E2337A21A00C2E6BE /* UIAlertControllerSampleTests.swift in Sources */ = {isa = PBXBuildFile; fileRef = C134744D2337A21A00C2E6BE /* UIAlertControllerSampleTests.swift */; };
		C13474592337A21A00C2E6BE /* UIAlertControllerSampleUITests.swift in Sources */ = {isa = PBXBuildFile; fileRef = C13474582337A21A00C2E6BE /* UIAlertControllerSampleUITests.swift */; };
/* End PBXBuildFile section */

/* Begin PBXContainerItemProxy section */
		C134744A2337A21A00C2E6BE /* PBXContainerItemProxy */ = {
			isa = PBXContainerItemProxy;
			containerPortal = C134742D2337A21800C2E6BE /* Project object */;
			proxyType = 1;
			remoteGlobalIDString = C13474342337A21800C2E6BE;
			remoteInfo = UIAlertControllerSample;
		};
		C13474552337A21A00C2E6BE /* PBXContainerItemProxy */ = {
			isa = PBXContainerItemProxy;
			containerPortal = C134742D2337A21800C2E6BE /* Project object */;
			proxyType = 1;
			remoteGlobalIDString = C13474342337A21800C2E6BE;
			remoteInfo = UIAlertControllerSample;
		};
/* End PBXContainerItemProxy section */

/* Begin PBXFileReference section */
		C13474352337A21800C2E6BE /* UIAlertControllerSample.app */ = {isa = PBXFileReference; explicitFileType = wrapper.application; includeInIndex = 0; path = UIAlertControllerSample.app; sourceTree = BUILT_PRODUCTS_DIR; };
		C13474382337A21800C2E6BE /* AppDelegate.swift */ = {isa = PBXFileReference; lastKnownFileType = sourcecode.swift; path = AppDelegate.swift; sourceTree = "<group>"; };
		C134743A2337A21800C2E6BE /* ViewController.swift */ = {isa = PBXFileReference; lastKnownFileType = sourcecode.swift; path = ViewController.swift; sourceTree = "<group>"; };
		C134743D2337A21800C2E6BE /* Base */ = {isa = PBXFileReference; lastKnownFileType = file.storyboard; name = Base; path = Base.lproj/Main.storyboard; sourceTree = "<group>"; };
		C134743F2337A21A00C2E6BE /* Assets.xcassets */ = {isa = PBXFileReference; lastKnownFileType = folder.assetcatalog; path = Assets.xcassets; sourceTree = "<group>"; };
		C13474422337A21A00C2E6BE /* Base */ = {isa = PBXFileReference; lastKnownFileType = file.storyboard; name = Base; path = Base.lproj/LaunchScreen.storyboard; sourceTree = "<group>"; };
		C13474442337A21A00C2E6BE /* Info.plist */ = {isa = PBXFileReference; lastKnownFileType = text.plist.xml; path = Info.plist; sourceTree = "<group>"; };
		C13474492337A21A00C2E6BE /* UIAlertControllerSampleTests.xctest */ = {isa = PBXFileReference; explicitFileType = wrapper.cfbundle; includeInIndex = 0; path = UIAlertControllerSampleTests.xctest; sourceTree = BUILT_PRODUCTS_DIR; };
		C134744D2337A21A00C2E6BE /* UIAlertControllerSampleTests.swift */ = {isa = PBXFileReference; lastKnownFileType = sourcecode.swift; path = UIAlertControllerSampleTests.swift; sourceTree = "<group>"; };
		C134744F2337A21A00C2E6BE /* Info.plist */ = {isa = PBXFileReference; lastKnownFileType = text.plist.xml; path = Info.plist; sourceTree = "<group>"; };
		C13474542337A21A00C2E6BE /* UIAlertControllerSampleUITests.xctest */ = {isa = PBXFileReference; explicitFileType = wrapper.cfbundle; includeInIndex = 0; path = UIAlertControllerSampleUITests.xctest; sourceTree = BUILT_PRODUCTS_DIR; };
		C13474582337A21A00C2E6BE /* UIAlertControllerSampleUITests.swift */ = {isa = PBXFileReference; lastKnownFileType = sourcecode.swift; path = UIAlertControllerSampleUITests.swift; sourceTree = "<group>"; };
		C134745A2337A21A00C2E6BE /* Info.plist */ = {isa = PBXFileReference; lastKnownFileType = text.plist.xml; path = Info.plist; sourceTree = "<group>"; };
/* End PBXFileReference section */

/* Begin PBXFrameworksBuildPhase section */
		C13474322337A21800C2E6BE /* Frameworks */ = {
			isa = PBXFrameworksBuildPhase;
			buildActionMask = 2147483647;
			files = (
			);
			runOnlyForDeploymentPostprocessing = 0;
		};
		C13474462337A21A00C2E6BE /* Frameworks */ = {
			isa = PBXFrameworksBuildPhase;
			buildActionMask = 2147483647;
			files = (
			);
			runOnlyForDeploymentPostprocessing = 0;
		};
		C13474512337A21A00C2E6BE /* Frameworks */ = {
			isa = PBXFrameworksBuildPhase;
			buildActionMask = 2147483647;
			files = (
			);
			runOnlyForDeploymentPostprocessing = 0;
		};
/* End PBXFrameworksBuildPhase section */

/* Begin PBXGroup section */
		C134742C2337A21800C2E6BE = {
			isa = PBXGroup;
			children = (
				C13474372337A21800C2E6BE /* UIAlertControllerSample */,
				C134744C2337A21A00C2E6BE /* UIAlertControllerSampleTests */,
				C13474572337A21A00C2E6BE /* UIAlertControllerSampleUITests */,
				C13474362337A21800C2E6BE /* Products */,
			);
			sourceTree = "<group>";
		};
		C13474362337A21800C2E6BE /* Products */ = {
			isa = PBXGroup;
			children = (
				C13474352337A21800C2E6BE /* UIAlertControllerSample.app */,
				C13474492337A21A00C2E6BE /* UIAlertControllerSampleTests.xctest */,
				C13474542337A21A00C2E6BE /* UIAlertControllerSampleUITests.xctest */,
			);
			name = Products;
			sourceTree = "<group>";
		};
		C13474372337A21800C2E6BE /* UIAlertControllerSample */ = {
			isa = PBXGroup;
			children = (
				C13474382337A21800C2E6BE /* AppDelegate.swift */,
				C134743A2337A21800C2E6BE /* ViewController.swift */,
				C134743C2337A21800C2E6BE /* Main.storyboard */,
				C134743F2337A21A00C2E6BE /* Assets.xcassets */,
				C13474412337A21A00C2E6BE /* LaunchScreen.storyboard */,
				C13474442337A21A00C2E6BE /* Info.plist */,
			);
			path = UIAlertControllerSample;
			sourceTree = "<group>";
		};
		C134744C2337A21A00C2E6BE /* UIAlertControllerSampleTests */ = {
			isa = PBXGroup;
			children = (
				C134744D2337A21A00C2E6BE /* UIAlertControllerSampleTests.swift */,
				C134744F2337A21A00C2E6BE /* Info.plist */,
			);
			path = UIAlertControllerSampleTests;
			sourceTree = "<group>";
		};
		C13474572337A21A00C2E6BE /* UIAlertControllerSampleUITests */ = {
			isa = PBXGroup;
			children = (
				C13474582337A21A00C2E6BE /* UIAlertControllerSampleUITests.swift */,
				C134745A2337A21A00C2E6BE /* Info.plist */,
			);
			path = UIAlertControllerSampleUITests;
			sourceTree = "<group>";
		};
/* End PBXGroup section */

/* Begin PBXNativeTarget section */
		C13474342337A21800C2E6BE /* UIAlertControllerSample */ = {
			isa = PBXNativeTarget;
			buildConfigurationList = C134745D2337A21A00C2E6BE /* Build configuration list for PBXNativeTarget "UIAlertControllerSample" */;
			buildPhases = (
				C13474312337A21800C2E6BE /* Sources */,
				C13474322337A21800C2E6BE /* Frameworks */,
				C13474332337A21800C2E6BE /* Resources */,
			);
			buildRules = (
			);
			dependencies = (
			);
			name = UIAlertControllerSample;
			productName = UIAlertControllerSample;
			productReference = C13474352337A21800C2E6BE /* UIAlertControllerSample.app */;
			productType = "com.apple.product-type.application";
		};
		C13474482337A21A00C2E6BE /* UIAlertControllerSampleTests */ = {
			isa = PBXNativeTarget;
			buildConfigurationList = C13474602337A21A00C2E6BE /* Build configuration list for PBXNativeTarget "UIAlertControllerSampleTests" */;
			buildPhases = (
				C13474452337A21A00C2E6BE /* Sources */,
				C13474462337A21A00C2E6BE /* Frameworks */,
				C13474472337A21A00C2E6BE /* Resources */,
			);
			buildRules = (
			);
			dependencies = (
				C134744B2337A21A00C2E6BE /* PBXTargetDependency */,
			);
			name = UIAlertControllerSampleTests;
			productName = UIAlertControllerSampleTests;
			productReference = C13474492337A21A00C2E6BE /* UIAlertControllerSampleTests.xctest */;
			productType = "com.apple.product-type.bundle.unit-test";
		};
		C13474532337A21A00C2E6BE /* UIAlertControllerSampleUITests */ = {
			isa = PBXNativeTarget;
			buildConfigurationList = C13474632337A21A00C2E6BE /* Build configuration list for PBXNativeTarget "UIAlertControllerSampleUITests" */;
			buildPhases = (
				C13474502337A21A00C2E6BE /* Sources */,
				C13474512337A21A00C2E6BE /* Frameworks */,
				C13474522337A21A00C2E6BE /* Resources */,
			);
			buildRules = (
			);
			dependencies = (
				C13474562337A21A00C2E6BE /* PBXTargetDependency */,
			);
			name = UIAlertControllerSampleUITests;
			productName = UIAlertControllerSampleUITests;
			productReference = C13474542337A21A00C2E6BE /* UIAlertControllerSampleUITests.xctest */;
			productType = "com.apple.product-type.bundle.ui-testing";
		};
/* End PBXNativeTarget section */

/* Begin PBXProject section */
		C134742D2337A21800C2E6BE /* Project object */ = {
			isa = PBXProject;
			attributes = {
				LastSwiftUpdateCheck = 1030;
				LastUpgradeCheck = 1030;
				ORGANIZATIONNAME = RyutaMiyamoto;
				TargetAttributes = {
					C13474342337A21800C2E6BE = {
						CreatedOnToolsVersion = 10.3;
					};
					C13474482337A21A00C2E6BE = {
						CreatedOnToolsVersion = 10.3;
						TestTargetID = C13474342337A21800C2E6BE;
					};
					C13474532337A21A00C2E6BE = {
						CreatedOnToolsVersion = 10.3;
						TestTargetID = C13474342337A21800C2E6BE;
					};
				};
			};
			buildConfigurationList = C13474302337A21800C2E6BE /* Build configuration list for PBXProject "UIAlertControllerSample" */;
			compatibilityVersion = "Xcode 9.3";
			developmentRegion = en;
			hasScannedForEncodings = 0;
			knownRegions = (
				en,
				Base,
			);
			mainGroup = C134742C2337A21800C2E6BE;
			productRefGroup = C13474362337A21800C2E6BE /* Products */;
			projectDirPath = "";
			projectRoot = "";
			targets = (
				C13474342337A21800C2E6BE /* UIAlertControllerSample */,
				C13474482337A21A00C2E6BE /* UIAlertControllerSampleTests */,
				C13474532337A21A00C2E6BE /* UIAlertControllerSampleUITests */,
			);
		};
/* End PBXProject section */

/* Begin PBXResourcesBuildPhase section */
		C13474332337A21800C2E6BE /* Resources */ = {
			isa = PBXResourcesBuildPhase;
			buildActionMask = 2147483647;
			files = (
				C13474432337A21A00C2E6BE /* LaunchScreen.storyboard in Resources */,
				C13474402337A21A00C2E6BE /* Assets.xcassets in Resources */,
				C134743E2337A21800C2E6BE /* Main.storyboard in Resources */,
			);
			runOnlyForDeploymentPostprocessing = 0;
		};
		C13474472337A21A00C2E6BE /* Resources */ = {
			isa = PBXResourcesBuildPhase;
			buildActionMask = 2147483647;
			files = (
			);
			runOnlyForDeploymentPostprocessing = 0;
		};
		C13474522337A21A00C2E6BE /* Resources */ = {
			isa = PBXResourcesBuildPhase;
			buildActionMask = 2147483647;
			files = (
			);
			runOnlyForDeploymentPostprocessing = 0;
		};
/* End PBXResourcesBuildPhase section */

/* Begin PBXSourcesBuildPhase section */
		C13474312337A21800C2E6BE /* Sources */ = {
			isa = PBXSourcesBuildPhase;
			buildActionMask = 2147483647;
			files = (
				C134743B2337A21800C2E6BE /* ViewController.swift in Sources */,
				C13474392337A21800C2E6BE /* AppDelegate.swift in Sources */,
			);
			runOnlyForDeploymentPostprocessing = 0;
		};
		C13474452337A21A00C2E6BE /* Sources */ = {
			isa = PBXSourcesBuildPhase;
			buildActionMask = 2147483647;
			files = (
				C134744E2337A21A00C2E6BE /* UIAlertControllerSampleTests.swift in Sources */,
			);
			runOnlyForDeploymentPostprocessing = 0;
		};
		C13474502337A21A00C2E6BE /* Sources */ = {
			isa = PBXSourcesBuildPhase;
			buildActionMask = 2147483647;
			files = (
				C13474592337A21A00C2E6BE /* UIAlertControllerSampleUITests.swift in Sources */,
			);
			runOnlyForDeploymentPostprocessing = 0;
		};
/* End PBXSourcesBuildPhase section */

/* Begin PBXTargetDependency section */
		C134744B2337A21A00C2E6BE /* PBXTargetDependency */ = {
			isa = PBXTargetDependency;
			target = C13474342337A21800C2E6BE /* UIAlertControllerSample */;
			targetProxy = C134744A2337A21A00C2E6BE /* PBXContainerItemProxy */;
		};
		C13474562337A21A00C2E6BE /* PBXTargetDependency */ = {
			isa = PBXTargetDependency;
			target = C13474342337A21800C2E6BE /* UIAlertControllerSample */;
			targetProxy = C13474552337A21A00C2E6BE /* PBXContainerItemProxy */;
		};
/* End PBXTargetDependency section */

/* Begin PBXVariantGroup section */
		C134743C2337A21800C2E6BE /* Main.storyboard */ = {
			isa = PBXVariantGroup;
			children = (
				C134743D2337A21800C2E6BE /* Base */,
			);
			name = Main.storyboard;
			sourceTree = "<group>";
		};
		C13474412337A21A00C2E6BE /* LaunchScreen.storyboard */ = {
			isa = PBXVariantGroup;
			children = (
				C13474422337A21A00C2E6BE /* Base */,
			);
			name = LaunchScreen.storyboard;
			sourceTree = "<group>";
		};
/* End PBXVariantGroup section */

/* Begin XCBuildConfiguration section */
		C134745B2337A21A00C2E6BE /* Debug */ = {
			isa = XCBuildConfiguration;
			buildSettings = {
				ALWAYS_SEARCH_USER_PATHS = NO;
				CLANG_ANALYZER_NONNULL = YES;
				CLANG_ANALYZER_NUMBER_OBJECT_CONVERSION = YES_AGGRESSIVE;
				CLANG_CXX_LANGUAGE_STANDARD = "gnu++14";
				CLANG_CXX_LIBRARY = "libc++";
				CLANG_ENABLE_MODULES = YES;
				CLANG_ENABLE_OBJC_ARC = YES;
				CLANG_ENABLE_OBJC_WEAK = YES;
				CLANG_WARN_BLOCK_CAPTURE_AUTORELEASING = YES;
				CLANG_WARN_BOOL_CONVERSION = YES;
				CLANG_WARN_COMMA = YES;
				CLANG_WARN_CONSTANT_CONVERSION = YES;
				CLANG_WARN_DEPRECATED_OBJC_IMPLEMENTATIONS = YES;
				CLANG_WARN_DIRECT_OBJC_ISA_USAGE = YES_ERROR;
				CLANG_WARN_DOCUMENTATION_COMMENTS = YES;
				CLANG_WARN_EMPTY_BODY = YES;
				CLANG_WARN_ENUM_CONVERSION = YES;
				CLANG_WARN_INFINITE_RECURSION = YES;
				CLANG_WARN_INT_CONVERSION = YES;
				CLANG_WARN_NON_LITERAL_NULL_CONVERSION = YES;
				CLANG_WARN_OBJC_IMPLICIT_RETAIN_SELF = YES;
				CLANG_WARN_OBJC_LITERAL_CONVERSION = YES;
				CLANG_WARN_OBJC_ROOT_CLASS = YES_ERROR;
				CLANG_WARN_RANGE_LOOP_ANALYSIS = YES;
				CLANG_WARN_STRICT_PROTOTYPES = YES;
				CLANG_WARN_SUSPICIOUS_MOVE = YES;
				CLANG_WARN_UNGUARDED_AVAILABILITY = YES_AGGRESSIVE;
				CLANG_WARN_UNREACHABLE_CODE = YES;
				CLANG_WARN__DUPLICATE_METHOD_MATCH = YES;
				CODE_SIGN_IDENTITY = "iPhone Developer";
				COPY_PHASE_STRIP = NO;
				DEBUG_INFORMATION_FORMAT = dwarf;
				ENABLE_STRICT_OBJC_MSGSEND = YES;
				ENABLE_TESTABILITY = YES;
				GCC_C_LANGUAGE_STANDARD = gnu11;
				GCC_DYNAMIC_NO_PIC = NO;
				GCC_NO_COMMON_BLOCKS = YES;
				GCC_OPTIMIZATION_LEVEL = 0;
				GCC_PREPROCESSOR_DEFINITIONS = (
					"DEBUG=1",
					"$(inherited)",
				);
				GCC_WARN_64_TO_32_BIT_CONVERSION = YES;
				GCC_WARN_ABOUT_RETURN_TYPE = YES_ERROR;
				GCC_WARN_UNDECLARED_SELECTOR = YES;
				GCC_WARN_UNINITIALIZED_AUTOS = YES_AGGRESSIVE;
				GCC_WARN_UNUSED_FUNCTION = YES;
				GCC_WARN_UNUSED_VARIABLE = YES;
				IPHONEOS_DEPLOYMENT_TARGET = 12.4;
				MTL_ENABLE_DEBUG_INFO = INCLUDE_SOURCE;
				MTL_FAST_MATH = YES;
				ONLY_ACTIVE_ARCH = YES;
				SDKROOT = iphoneos;
				SWIFT_ACTIVE_COMPILATION_CONDITIONS = DEBUG;
				SWIFT_OPTIMIZATION_LEVEL = "-Onone";
			};
			name = Debug;
		};
		C134745C2337A21A00C2E6BE /* Release */ = {
			isa = XCBuildConfiguration;
			buildSettings = {
				ALWAYS_SEARCH_USER_PATHS = NO;
				CLANG_ANALYZER_NONNULL = YES;
				CLANG_ANALYZER_NUMBER_OBJECT_CONVERSION = YES_AGGRESSIVE;
				CLANG_CXX_LANGUAGE_STANDARD = "gnu++14";
				CLANG_CXX_LIBRARY = "libc++";
				CLANG_ENABLE_MODULES = YES;
				CLANG_ENABLE_OBJC_ARC = YES;
				CLANG_ENABLE_OBJC_WEAK = YES;
				CLANG_WARN_BLOCK_CAPTURE_AUTORELEASING = YES;
				CLANG_WARN_BOOL_CONVERSION = YES;
				CLANG_WARN_COMMA = YES;
				CLANG_WARN_CONSTANT_CONVERSION = YES;
				CLANG_WARN_DEPRECATED_OBJC_IMPLEMENTATIONS = YES;
				CLANG_WARN_DIRECT_OBJC_ISA_USAGE = YES_ERROR;
				CLANG_WARN_DOCUMENTATION_COMMENTS = YES;
				CLANG_WARN_EMPTY_BODY = YES;
				CLANG_WARN_ENUM_CONVERSION = YES;
				CLANG_WARN_INFINITE_RECURSION = YES;
				CLANG_WARN_INT_CONVERSION = YES;
				CLANG_WARN_NON_LITERAL_NULL_CONVERSION = YES;
				CLANG_WARN_OBJC_IMPLICIT_RETAIN_SELF = YES;
				CLANG_WARN_OBJC_LITERAL_CONVERSION = YES;
				CLANG_WARN_OBJC_ROOT_CLASS = YES_ERROR;
				CLANG_WARN_RANGE_LOOP_ANALYSIS = YES;
				CLANG_WARN_STRICT_PROTOTYPES = YES;
				CLANG_WARN_SUSPICIOUS_MOVE = YES;
				CLANG_WARN_UNGUARDED_AVAILABILITY = YES_AGGRESSIVE;
				CLANG_WARN_UNREACHABLE_CODE = YES;
				CLANG_WARN__DUPLICATE_METHOD_MATCH = YES;
				CODE_SIGN_IDENTITY = "iPhone Developer";
				COPY_PHASE_STRIP = NO;
				DEBUG_INFORMATION_FORMAT = "dwarf-with-dsym";
				ENABLE_NS_ASSERTIONS = NO;
				ENABLE_STRICT_OBJC_MSGSEND = YES;
				GCC_C_LANGUAGE_STANDARD = gnu11;
				GCC_NO_COMMON_BLOCKS = YES;
				GCC_WARN_64_TO_32_BIT_CONVERSION = YES;
				GCC_WARN_ABOUT_RETURN_TYPE = YES_ERROR;
				GCC_WARN_UNDECLARED_SELECTOR = YES;
				GCC_WARN_UNINITIALIZED_AUTOS = YES_AGGRESSIVE;
				GCC_WARN_UNUSED_FUNCTION = YES;
				GCC_WARN_UNUSED_VARIABLE = YES;
				IPHONEOS_DEPLOYMENT_TARGET = 12.4;
				MTL_ENABLE_DEBUG_INFO = NO;
				MTL_FAST_MATH = YES;
				SDKROOT = iphoneos;
				SWIFT_COMPILATION_MODE = wholemodule;
				SWIFT_OPTIMIZATION_LEVEL = "-O";
				VALIDATE_PRODUCT = YES;
			};
			name = Release;
		};
		C134745E2337A21A00C2E6BE /* Debug */ = {
			isa = XCBuildConfiguration;
			buildSettings = {
				ASSETCATALOG_COMPILER_APPICON_NAME = AppIcon;
				CODE_SIGN_STYLE = Automatic;
				DEVELOPMENT_TEAM = C5T96DT99L;
				INFOPLIST_FILE = UIAlertControllerSample/Info.plist;
				LD_RUNPATH_SEARCH_PATHS = (
					"$(inherited)",
					"@executable_path/Frameworks",
				);
				PRODUCT_BUNDLE_IDENTIFIER = jp.pfslink.UIAlertControllerSample;
				PRODUCT_NAME = "$(TARGET_NAME)";
				SWIFT_VERSION = 5.0;
				TARGETED_DEVICE_FAMILY = "1,2";
			};
			name = Debug;
		};
		C134745F2337A21A00C2E6BE /* Release */ = {
			isa = XCBuildConfiguration;
			buildSettings = {
				ASSETCATALOG_COMPILER_APPICON_NAME = AppIcon;
				CODE_SIGN_STYLE = Automatic;
				DEVELOPMENT_TEAM = C5T96DT99L;
				INFOPLIST_FILE = UIAlertControllerSample/Info.plist;
				LD_RUNPATH_SEARCH_PATHS = (
					"$(inherited)",
					"@executable_path/Frameworks",
				);
				PRODUCT_BUNDLE_IDENTIFIER = jp.pfslink.UIAlertControllerSample;
				PRODUCT_NAME = "$(TARGET_NAME)";
				SWIFT_VERSION = 5.0;
				TARGETED_DEVICE_FAMILY = "1,2";
			};
			name = Release;
		};
		C13474612337A21A00C2E6BE /* Debug */ = {
			isa = XCBuildConfiguration;
			buildSettings = {
				ALWAYS_EMBED_SWIFT_STANDARD_LIBRARIES = YES;
				BUNDLE_LOADER = "$(TEST_HOST)";
				CODE_SIGN_STYLE = Automatic;
				DEVELOPMENT_TEAM = C5T96DT99L;
				INFOPLIST_FILE = UIAlertControllerSampleTests/Info.plist;
				LD_RUNPATH_SEARCH_PATHS = (
					"$(inherited)",
					"@executable_path/Frameworks",
					"@loader_path/Frameworks",
				);
				PRODUCT_BUNDLE_IDENTIFIER = jp.pfslink.UIAlertControllerSampleTests;
				PRODUCT_NAME = "$(TARGET_NAME)";
				SWIFT_VERSION = 5.0;
				TARGETED_DEVICE_FAMILY = "1,2";
				TEST_HOST = "$(BUILT_PRODUCTS_DIR)/UIAlertControllerSample.app/UIAlertControllerSample";
			};
			name = Debug;
		};
		C13474622337A21A00C2E6BE /* Release */ = {
			isa = XCBuildConfiguration;
			buildSettings = {
				ALWAYS_EMBED_SWIFT_STANDARD_LIBRARIES = YES;
				BUNDLE_LOADER = "$(TEST_HOST)";
				CODE_SIGN_STYLE = Automatic;
				DEVELOPMENT_TEAM = C5T96DT99L;
				INFOPLIST_FILE = UIAlertControllerSampleTests/Info.plist;
				LD_RUNPATH_SEARCH_PATHS = (
					"$(inherited)",
					"@executable_path/Frameworks",
					"@loader_path/Frameworks",
				);
				PRODUCT_BUNDLE_IDENTIFIER = jp.pfslink.UIAlertControllerSampleTests;
				PRODUCT_NAME = "$(TARGET_NAME)";
				SWIFT_VERSION = 5.0;
				TARGETED_DEVICE_FAMILY = "1,2";
				TEST_HOST = "$(BUILT_PRODUCTS_DIR)/UIAlertControllerSample.app/UIAlertControllerSample";
			};
			name = Release;
		};
		C13474642337A21A00C2E6BE /* Debug */ = {
			isa = XCBuildConfiguration;
			buildSettings = {
				ALWAYS_EMBED_SWIFT_STANDARD_LIBRARIES = YES;
				CODE_SIGN_STYLE = Automatic;
				DEVELOPMENT_TEAM = C5T96DT99L;
				INFOPLIST_FILE = UIAlertControllerSampleUITests/Info.plist;
				LD_RUNPATH_SEARCH_PATHS = (
					"$(inherited)",
					"@executable_path/Frameworks",
					"@loader_path/Frameworks",
				);
				PRODUCT_BUNDLE_IDENTIFIER = jp.pfslink.UIAlertControllerSampleUITests;
				PRODUCT_NAME = "$(TARGET_NAME)";
				SWIFT_VERSION = 5.0;
				TARGETED_DEVICE_FAMILY = "1,2";
				TEST_TARGET_NAME = UIAlertControllerSample;
			};
			name = Debug;
		};
		C13474652337A21A00C2E6BE /* Release */ = {
			isa = XCBuildConfiguration;
			buildSettings = {
				ALWAYS_EMBED_SWIFT_STANDARD_LIBRARIES = YES;
				CODE_SIGN_STYLE = Automatic;
				DEVELOPMENT_TEAM = C5T96DT99L;
				INFOPLIST_FILE = UIAlertControllerSampleUITests/Info.plist;
				LD_RUNPATH_SEARCH_PATHS = (
					"$(inherited)",
					"@executable_path/Frameworks",
					"@loader_path/Frameworks",
				);
				PRODUCT_BUNDLE_IDENTIFIER = jp.pfslink.UIAlertControllerSampleUITests;
				PRODUCT_NAME = "$(TARGET_NAME)";
				SWIFT_VERSION = 5.0;
				TARGETED_DEVICE_FAMILY = "1,2";
				TEST_TARGET_NAME = UIAlertControllerSample;
			};
			name = Release;
		};
/* End XCBuildConfiguration section */

/* Begin XCConfigurationList section */
		C13474302337A21800C2E6BE /* Build configuration list for PBXProject "UIAlertControllerSample" */ = {
			isa = XCConfigurationList;
			buildConfigurations = (
				C134745B2337A21A00C2E6BE /* Debug */,
				C134745C2337A21A00C2E6BE /* Release */,
			);
			defaultConfigurationIsVisible = 0;
			defaultConfigurationName = Release;
		};
		C134745D2337A21A00C2E6BE /* Build configuration list for PBXNativeTarget "UIAlertControllerSample" */ = {
			isa = XCConfigurationList;
			buildConfigurations = (
				C134745E2337A21A00C2E6BE /* Debug */,
				C134745F2337A21A00C2E6BE /* Release */,
			);
			defaultConfigurationIsVisible = 0;
			defaultConfigurationName = Release;
		};
		C13474602337A21A00C2E6BE /* Build configuration list for PBXNativeTarget "UIAlertControllerSampleTests" */ = {
			isa = XCConfigurationList;
			buildConfigurations = (
				C13474612337A21A00C2E6BE /* Debug */,
				C13474622337A21A00C2E6BE /* Release */,
			);
			defaultConfigurationIsVisible = 0;
			defaultConfigurationName = Release;
		};
		C13474632337A21A00C2E6BE /* Build configuration list for PBXNativeTarget "UIAlertControllerSampleUITests" */ = {
			isa = XCConfigurationList;
			buildConfigurations = (
				C13474642337A21A00C2E6BE /* Debug */,
				C13474652337A21A00C2E6BE /* Release */,
			);
			defaultConfigurationIsVisible = 0;
			defaultConfigurationName = Release;
		};
/* End XCConfigurationList section */
	};
	rootObject = C134742D2337A21800C2E6BE /* Project object */;
}
