// !$*UTF8*$!
{
	archiveVersion = 1;
	classes = {
	};
	objectVersion = 50;
	objects = {

/* Begin PBXBuildFile section */
		C13475A52337BA5B00C2E6BE /* AppDelegate.swift in Sources */ = {isa = PBXBuildFile; fileRef = C13475A42337BA5B00C2E6BE /* AppDelegate.swift */; };
		C13475A72337BA5B00C2E6BE /* ViewController.swift in Sources */ = {isa = PBXBuildFile; fileRef = C13475A62337BA5B00C2E6BE /* ViewController.swift */; };
		C13475AA2337BA5B00C2E6BE /* Main.storyboard in Resources */ = {isa = PBXBuildFile; fileRef = C13475A82337BA5B00C2E6BE /* Main.storyboard */; };
		C13475AC2337BA5E00C2E6BE /* Assets.xcassets in Resources */ = {isa = PBXBuildFile; fileRef = C13475AB2337BA5E00C2E6BE /* Assets.xcassets */; };
		C13475AF2337BA5E00C2E6BE /* LaunchScreen.storyboard in Resources */ = {isa = PBXBuildFile; fileRef = C13475AD2337BA5E00C2E6BE /* LaunchScreen.storyboard */; };
		C13475BA2337BA5E00C2E6BE /* UITableViewAccordionSampleTests.swift in Sources */ = {isa = PBXBuildFile; fileRef = C13475B92337BA5E00C2E6BE /* UITableViewAccordionSampleTests.swift */; };
		C13475C52337BA5E00C2E6BE /* UITableViewAccordionSampleUITests.swift in Sources */ = {isa = PBXBuildFile; fileRef = C13475C42337BA5E00C2E6BE /* UITableViewAccordionSampleUITests.swift */; };
		C13475D42337BAB500C2E6BE /* CustomCell.swift in Sources */ = {isa = PBXBuildFile; fileRef = C13475D22337BAB500C2E6BE /* CustomCell.swift */; };
		C13475D52337BAB500C2E6BE /* CustomCell.xib in Resources */ = {isa = PBXBuildFile; fileRef = C13475D32337BAB500C2E6BE /* CustomCell.xib */; };
/* End PBXBuildFile section */

/* Begin PBXContainerItemProxy section */
		C13475B62337BA5E00C2E6BE /* PBXContainerItemProxy */ = {
			isa = PBXContainerItemProxy;
			containerPortal = C13475992337BA5B00C2E6BE /* Project object */;
			proxyType = 1;
			remoteGlobalIDString = C13475A02337BA5B00C2E6BE;
			remoteInfo = UITableViewAccordionSample;
		};
		C13475C12337BA5E00C2E6BE /* PBXContainerItemProxy */ = {
			isa = PBXContainerItemProxy;
			containerPortal = C13475992337BA5B00C2E6BE /* Project object */;
			proxyType = 1;
			remoteGlobalIDString = C13475A02337BA5B00C2E6BE;
			remoteInfo = UITableViewAccordionSample;
		};
/* End PBXContainerItemProxy section */

/* Begin PBXFileReference section */
		C13475A12337BA5B00C2E6BE /* UITableViewAccordionSample.app */ = {isa = PBXFileReference; explicitFileType = wrapper.application; includeInIndex = 0; path = UITableViewAccordionSample.app; sourceTree = BUILT_PRODUCTS_DIR; };
		C13475A42337BA5B00C2E6BE /* AppDelegate.swift */ = {isa = PBXFileReference; lastKnownFileType = sourcecode.swift; path = AppDelegate.swift; sourceTree = "<group>"; };
		C13475A62337BA5B00C2E6BE /* ViewController.swift */ = {isa = PBXFileReference; lastKnownFileType = sourcecode.swift; path = ViewController.swift; sourceTree = "<group>"; };
		C13475A92337BA5B00C2E6BE /* Base */ = {isa = PBXFileReference; lastKnownFileType = file.storyboard; name = Base; path = Base.lproj/Main.storyboard; sourceTree = "<group>"; };
		C13475AB2337BA5E00C2E6BE /* Assets.xcassets */ = {isa = PBXFileReference; lastKnownFileType = folder.assetcatalog; path = Assets.xcassets; sourceTree = "<group>"; };
		C13475AE2337BA5E00C2E6BE /* Base */ = {isa = PBXFileReference; lastKnownFileType = file.storyboard; name = Base; path = Base.lproj/LaunchScreen.storyboard; sourceTree = "<group>"; };
		C13475B02337BA5E00C2E6BE /* Info.plist */ = {isa = PBXFileReference; lastKnownFileType = text.plist.xml; path = Info.plist; sourceTree = "<group>"; };
		C13475B52337BA5E00C2E6BE /* UITableViewAccordionSampleTests.xctest */ = {isa = PBXFileReference; explicitFileType = wrapper.cfbundle; includeInIndex = 0; path = UITableViewAccordionSampleTests.xctest; sourceTree = BUILT_PRODUCTS_DIR; };
		C13475B92337BA5E00C2E6BE /* UITableViewAccordionSampleTests.swift */ = {isa = PBXFileReference; lastKnownFileType = sourcecode.swift; path = UITableViewAccordionSampleTests.swift; sourceTree = "<group>"; };
		C13475BB2337BA5E00C2E6BE /* Info.plist */ = {isa = PBXFileReference; lastKnownFileType = text.plist.xml; path = Info.plist; sourceTree = "<group>"; };
		C13475C02337BA5E00C2E6BE /* UITableViewAccordionSampleUITests.xctest */ = {isa = PBXFileReference; explicitFileType = wrapper.cfbundle; includeInIndex = 0; path = UITableViewAccordionSampleUITests.xctest; sourceTree = BUILT_PRODUCTS_DIR; };
		C13475C42337BA5E00C2E6BE /* UITableViewAccordionSampleUITests.swift */ = {isa = PBXFileReference; lastKnownFileType = sourcecode.swift; path = UITableViewAccordionSampleUITests.swift; sourceTree = "<group>"; };
		C13475C62337BA5E00C2E6BE /* Info.plist */ = {isa = PBXFileReference; lastKnownFileType = text.plist.xml; path = Info.plist; sourceTree = "<group>"; };
		C13475D22337BAB500C2E6BE /* CustomCell.swift */ = {isa = PBXFileReference; lastKnownFileType = sourcecode.swift; path = CustomCell.swift; sourceTree = "<group>"; };
		C13475D32337BAB500C2E6BE /* CustomCell.xib */ = {isa = PBXFileReference; lastKnownFileType = file.xib; path = CustomCell.xib; sourceTree = "<group>"; };
/* End PBXFileReference section */

/* Begin PBXFrameworksBuildPhase section */
		C134759E2337BA5B00C2E6BE /* Frameworks */ = {
			isa = PBXFrameworksBuildPhase;
			buildActionMask = 2147483647;
			files = (
			);
			runOnlyForDeploymentPostprocessing = 0;
		};
		C13475B22337BA5E00C2E6BE /* Frameworks */ = {
			isa = PBXFrameworksBuildPhase;
			buildActionMask = 2147483647;
			files = (
			);
			runOnlyForDeploymentPostprocessing = 0;
		};
		C13475BD2337BA5E00C2E6BE /* Frameworks */ = {
			isa = PBXFrameworksBuildPhase;
			buildActionMask = 2147483647;
			files = (
			);
			runOnlyForDeploymentPostprocessing = 0;
		};
/* End PBXFrameworksBuildPhase section */

/* Begin PBXGroup section */
		C13475982337BA5B00C2E6BE = {
			isa = PBXGroup;
			children = (
				C13475A32337BA5B00C2E6BE /* UITableViewAccordionSample */,
				C13475B82337BA5E00C2E6BE /* UITableViewAccordionSampleTests */,
				C13475C32337BA5E00C2E6BE /* UITableViewAccordionSampleUITests */,
				C13475A22337BA5B00C2E6BE /* Products */,
			);
			sourceTree = "<group>";
		};
		C13475A22337BA5B00C2E6BE /* Products */ = {
			isa = PBXGroup;
			children = (
				C13475A12337BA5B00C2E6BE /* UITableViewAccordionSample.app */,
				C13475B52337BA5E00C2E6BE /* UITableViewAccordionSampleTests.xctest */,
				C13475C02337BA5E00C2E6BE /* UITableViewAccordionSampleUITests.xctest */,
			);
			name = Products;
			sourceTree = "<group>";
		};
		C13475A32337BA5B00C2E6BE /* UITableViewAccordionSample */ = {
			isa = PBXGroup;
			children = (
				C13475A42337BA5B00C2E6BE /* AppDelegate.swift */,
				C13475A62337BA5B00C2E6BE /* ViewController.swift */,
				C13475A82337BA5B00C2E6BE /* Main.storyboard */,
				C13475D22337BAB500C2E6BE /* CustomCell.swift */,
				C13475D32337BAB500C2E6BE /* CustomCell.xib */,
				C13475AB2337BA5E00C2E6BE /* Assets.xcassets */,
				C13475AD2337BA5E00C2E6BE /* LaunchScreen.storyboard */,
				C13475B02337BA5E00C2E6BE /* Info.plist */,
			);
			path = UITableViewAccordionSample;
			sourceTree = "<group>";
		};
		C13475B82337BA5E00C2E6BE /* UITableViewAccordionSampleTests */ = {
			isa = PBXGroup;
			children = (
				C13475B92337BA5E00C2E6BE /* UITableViewAccordionSampleTests.swift */,
				C13475BB2337BA5E00C2E6BE /* Info.plist */,
			);
			path = UITableViewAccordionSampleTests;
			sourceTree = "<group>";
		};
		C13475C32337BA5E00C2E6BE /* UITableViewAccordionSampleUITests */ = {
			isa = PBXGroup;
			children = (
				C13475C42337BA5E00C2E6BE /* UITableViewAccordionSampleUITests.swift */,
				C13475C62337BA5E00C2E6BE /* Info.plist */,
			);
			path = UITableViewAccordionSampleUITests;
			sourceTree = "<group>";
		};
/* End PBXGroup section */

/* Begin PBXNativeTarget section */
		C13475A02337BA5B00C2E6BE /* UITableViewAccordionSample */ = {
			isa = PBXNativeTarget;
			buildConfigurationList = C13475C92337BA5E00C2E6BE /* Build configuration list for PBXNativeTarget "UITableViewAccordionSample" */;
			buildPhases = (
				C134759D2337BA5B00C2E6BE /* Sources */,
				C134759E2337BA5B00C2E6BE /* Frameworks */,
				C134759F2337BA5B00C2E6BE /* Resources */,
			);
			buildRules = (
			);
			dependencies = (
			);
			name = UITableViewAccordionSample;
			productName = UITableViewAccordionSample;
			productReference = C13475A12337BA5B00C2E6BE /* UITableViewAccordionSample.app */;
			productType = "com.apple.product-type.application";
		};
		C13475B42337BA5E00C2E6BE /* UITableViewAccordionSampleTests */ = {
			isa = PBXNativeTarget;
			buildConfigurationList = C13475CC2337BA5E00C2E6BE /* Build configuration list for PBXNativeTarget "UITableViewAccordionSampleTests" */;
			buildPhases = (
				C13475B12337BA5E00C2E6BE /* Sources */,
				C13475B22337BA5E00C2E6BE /* Frameworks */,
				C13475B32337BA5E00C2E6BE /* Resources */,
			);
			buildRules = (
			);
			dependencies = (
				C13475B72337BA5E00C2E6BE /* PBXTargetDependency */,
			);
			name = UITableViewAccordionSampleTests;
			productName = UITableViewAccordionSampleTests;
			productReference = C13475B52337BA5E00C2E6BE /* UITableViewAccordionSampleTests.xctest */;
			productType = "com.apple.product-type.bundle.unit-test";
		};
		C13475BF2337BA5E00C2E6BE /* UITableViewAccordionSampleUITests */ = {
			isa = PBXNativeTarget;
			buildConfigurationList = C13475CF2337BA5E00C2E6BE /* Build configuration list for PBXNativeTarget "UITableViewAccordionSampleUITests" */;
			buildPhases = (
				C13475BC2337BA5E00C2E6BE /* Sources */,
				C13475BD2337BA5E00C2E6BE /* Frameworks */,
				C13475BE2337BA5E00C2E6BE /* Resources */,
			);
			buildRules = (
			);
			dependencies = (
				C13475C22337BA5E00C2E6BE /* PBXTargetDependency */,
			);
			name = UITableViewAccordionSampleUITests;
			productName = UITableViewAccordionSampleUITests;
			productReference = C13475C02337BA5E00C2E6BE /* UITableViewAccordionSampleUITests.xctest */;
			productType = "com.apple.product-type.bundle.ui-testing";
		};
/* End PBXNativeTarget section */

/* Begin PBXProject section */
		C13475992337BA5B00C2E6BE /* Project object */ = {
			isa = PBXProject;
			attributes = {
				LastSwiftUpdateCheck = 1030;
				LastUpgradeCheck = 1030;
				ORGANIZATIONNAME = RyutaMiyamoto;
				TargetAttributes = {
					C13475A02337BA5B00C2E6BE = {
						CreatedOnToolsVersion = 10.3;
					};
					C13475B42337BA5E00C2E6BE = {
						CreatedOnToolsVersion = 10.3;
						TestTargetID = C13475A02337BA5B00C2E6BE;
					};
					C13475BF2337BA5E00C2E6BE = {
						CreatedOnToolsVersion = 10.3;
						TestTargetID = C13475A02337BA5B00C2E6BE;
					};
				};
			};
			buildConfigurationList = C134759C2337BA5B00C2E6BE /* Build configuration list for PBXProject "UITableViewAccordionSample" */;
			compatibilityVersion = "Xcode 9.3";
			developmentRegion = en;
			hasScannedForEncodings = 0;
			knownRegions = (
				en,
				Base,
			);
			mainGroup = C13475982337BA5B00C2E6BE;
			productRefGroup = C13475A22337BA5B00C2E6BE /* Products */;
			projectDirPath = "";
			projectRoot = "";
			targets = (
				C13475A02337BA5B00C2E6BE /* UITableViewAccordionSample */,
				C13475B42337BA5E00C2E6BE /* UITableViewAccordionSampleTests */,
				C13475BF2337BA5E00C2E6BE /* UITableViewAccordionSampleUITests */,
			);
		};
/* End PBXProject section */

/* Begin PBXResourcesBuildPhase section */
		C134759F2337BA5B00C2E6BE /* Resources */ = {
			isa = PBXResourcesBuildPhase;
			buildActionMask = 2147483647;
			files = (
				C13475AF2337BA5E00C2E6BE /* LaunchScreen.storyboard in Resources */,
				C13475AC2337BA5E00C2E6BE /* Assets.xcassets in Resources */,
				C13475D52337BAB500C2E6BE /* CustomCell.xib in Resources */,
				C13475AA2337BA5B00C2E6BE /* Main.storyboard in Resources */,
			);
			runOnlyForDeploymentPostprocessing = 0;
		};
		C13475B32337BA5E00C2E6BE /* Resources */ = {
			isa = PBXResourcesBuildPhase;
			buildActionMask = 2147483647;
			files = (
			);
			runOnlyForDeploymentPostprocessing = 0;
		};
		C13475BE2337BA5E00C2E6BE /* Resources */ = {
			isa = PBXResourcesBuildPhase;
			buildActionMask = 2147483647;
			files = (
			);
			runOnlyForDeploymentPostprocessing = 0;
		};
/* End PBXResourcesBuildPhase section */

/* Begin PBXSourcesBuildPhase section */
		C134759D2337BA5B00C2E6BE /* Sources */ = {
			isa = PBXSourcesBuildPhase;
			buildActionMask = 2147483647;
			files = (
				C13475A72337BA5B00C2E6BE /* ViewController.swift in Sources */,
				C13475D42337BAB500C2E6BE /* CustomCell.swift in Sources */,
				C13475A52337BA5B00C2E6BE /* AppDelegate.swift in Sources */,
			);
			runOnlyForDeploymentPostprocessing = 0;
		};
		C13475B12337BA5E00C2E6BE /* Sources */ = {
			isa = PBXSourcesBuildPhase;
			buildActionMask = 2147483647;
			files = (
				C13475BA2337BA5E00C2E6BE /* UITableViewAccordionSampleTests.swift in Sources */,
			);
			runOnlyForDeploymentPostprocessing = 0;
		};
		C13475BC2337BA5E00C2E6BE /* Sources */ = {
			isa = PBXSourcesBuildPhase;
			buildActionMask = 2147483647;
			files = (
				C13475C52337BA5E00C2E6BE /* UITableViewAccordionSampleUITests.swift in Sources */,
			);
			runOnlyForDeploymentPostprocessing = 0;
		};
/* End PBXSourcesBuildPhase section */

/* Begin PBXTargetDependency section */
		C13475B72337BA5E00C2E6BE /* PBXTargetDependency */ = {
			isa = PBXTargetDependency;
			target = C13475A02337BA5B00C2E6BE /* UITableViewAccordionSample */;
			targetProxy = C13475B62337BA5E00C2E6BE /* PBXContainerItemProxy */;
		};
		C13475C22337BA5E00C2E6BE /* PBXTargetDependency */ = {
			isa = PBXTargetDependency;
			target = C13475A02337BA5B00C2E6BE /* UITableViewAccordionSample */;
			targetProxy = C13475C12337BA5E00C2E6BE /* PBXContainerItemProxy */;
		};
/* End PBXTargetDependency section */

/* Begin PBXVariantGroup section */
		C13475A82337BA5B00C2E6BE /* Main.storyboard */ = {
			isa = PBXVariantGroup;
			children = (
				C13475A92337BA5B00C2E6BE /* Base */,
			);
			name = Main.storyboard;
			sourceTree = "<group>";
		};
		C13475AD2337BA5E00C2E6BE /* LaunchScreen.storyboard */ = {
			isa = PBXVariantGroup;
			children = (
				C13475AE2337BA5E00C2E6BE /* Base */,
			);
			name = LaunchScreen.storyboard;
			sourceTree = "<group>";
		};
/* End PBXVariantGroup section */

/* Begin XCBuildConfiguration section */
		C13475C72337BA5E00C2E6BE /* Debug */ = {
			isa = XCBuildConfiguration;
			buildSettings = {
				ALWAYS_SEARCH_USER_PATHS = NO;
				CLANG_ANALYZER_NONNULL = YES;
				CLANG_ANALYZER_NUMBER_OBJECT_CONVERSION = YES_AGGRESSIVE;
				CLANG_CXX_LANGUAGE_STANDARD = "gnu++14";
				CLANG_CXX_LIBRARY = "libc++";
				CLANG_ENABLE_MODULES = YES;
				CLANG_ENABLE_OBJC_ARC = YES;
				CLANG_ENABLE_OBJC_WEAK = YES;
				CLANG_WARN_BLOCK_CAPTURE_AUTORELEASING = YES;
				CLANG_WARN_BOOL_CONVERSION = YES;
				CLANG_WARN_COMMA = YES;
				CLANG_WARN_CONSTANT_CONVERSION = YES;
				CLANG_WARN_DEPRECATED_OBJC_IMPLEMENTATIONS = YES;
				CLANG_WARN_DIRECT_OBJC_ISA_USAGE = YES_ERROR;
				CLANG_WARN_DOCUMENTATION_COMMENTS = YES;
				CLANG_WARN_EMPTY_BODY = YES;
				CLANG_WARN_ENUM_CONVERSION = YES;
				CLANG_WARN_INFINITE_RECURSION = YES;
				CLANG_WARN_INT_CONVERSION = YES;
				CLANG_WARN_NON_LITERAL_NULL_CONVERSION = YES;
				CLANG_WARN_OBJC_IMPLICIT_RETAIN_SELF = YES;
				CLANG_WARN_OBJC_LITERAL_CONVERSION = YES;
				CLANG_WARN_OBJC_ROOT_CLASS = YES_ERROR;
				CLANG_WARN_RANGE_LOOP_ANALYSIS = YES;
				CLANG_WARN_STRICT_PROTOTYPES = YES;
				CLANG_WARN_SUSPICIOUS_MOVE = YES;
				CLANG_WARN_UNGUARDED_AVAILABILITY = YES_AGGRESSIVE;
				CLANG_WARN_UNREACHABLE_CODE = YES;
				CLANG_WARN__DUPLICATE_METHOD_MATCH = YES;
				CODE_SIGN_IDENTITY = "iPhone Developer";
				COPY_PHASE_STRIP = NO;
				DEBUG_INFORMATION_FORMAT = dwarf;
				ENABLE_STRICT_OBJC_MSGSEND = YES;
				ENABLE_TESTABILITY = YES;
				GCC_C_LANGUAGE_STANDARD = gnu11;
				GCC_DYNAMIC_NO_PIC = NO;
				GCC_NO_COMMON_BLOCKS = YES;
				GCC_OPTIMIZATION_LEVEL = 0;
				GCC_PREPROCESSOR_DEFINITIONS = (
					"DEBUG=1",
					"$(inherited)",
				);
				GCC_WARN_64_TO_32_BIT_CONVERSION = YES;
				GCC_WARN_ABOUT_RETURN_TYPE = YES_ERROR;
				GCC_WARN_UNDECLARED_SELECTOR = YES;
				GCC_WARN_UNINITIALIZED_AUTOS = YES_AGGRESSIVE;
				GCC_WARN_UNUSED_FUNCTION = YES;
				GCC_WARN_UNUSED_VARIABLE = YES;
				IPHONEOS_DEPLOYMENT_TARGET = 12.4;
				MTL_ENABLE_DEBUG_INFO = INCLUDE_SOURCE;
				MTL_FAST_MATH = YES;
				ONLY_ACTIVE_ARCH = YES;
				SDKROOT = iphoneos;
				SWIFT_ACTIVE_COMPILATION_CONDITIONS = DEBUG;
				SWIFT_OPTIMIZATION_LEVEL = "-Onone";
			};
			name = Debug;
		};
		C13475C82337BA5E00C2E6BE /* Release */ = {
			isa = XCBuildConfiguration;
			buildSettings = {
				ALWAYS_SEARCH_USER_PATHS = NO;
				CLANG_ANALYZER_NONNULL = YES;
				CLANG_ANALYZER_NUMBER_OBJECT_CONVERSION = YES_AGGRESSIVE;
				CLANG_CXX_LANGUAGE_STANDARD = "gnu++14";
				CLANG_CXX_LIBRARY = "libc++";
				CLANG_ENABLE_MODULES = YES;
				CLANG_ENABLE_OBJC_ARC = YES;
				CLANG_ENABLE_OBJC_WEAK = YES;
				CLANG_WARN_BLOCK_CAPTURE_AUTORELEASING = YES;
				CLANG_WARN_BOOL_CONVERSION = YES;
				CLANG_WARN_COMMA = YES;
				CLANG_WARN_CONSTANT_CONVERSION = YES;
				CLANG_WARN_DEPRECATED_OBJC_IMPLEMENTATIONS = YES;
				CLANG_WARN_DIRECT_OBJC_ISA_USAGE = YES_ERROR;
				CLANG_WARN_DOCUMENTATION_COMMENTS = YES;
				CLANG_WARN_EMPTY_BODY = YES;
				CLANG_WARN_ENUM_CONVERSION = YES;
				CLANG_WARN_INFINITE_RECURSION = YES;
				CLANG_WARN_INT_CONVERSION = YES;
				CLANG_WARN_NON_LITERAL_NULL_CONVERSION = YES;
				CLANG_WARN_OBJC_IMPLICIT_RETAIN_SELF = YES;
				CLANG_WARN_OBJC_LITERAL_CONVERSION = YES;
				CLANG_WARN_OBJC_ROOT_CLASS = YES_ERROR;
				CLANG_WARN_RANGE_LOOP_ANALYSIS = YES;
				CLANG_WARN_STRICT_PROTOTYPES = YES;
				CLANG_WARN_SUSPICIOUS_MOVE = YES;
				CLANG_WARN_UNGUARDED_AVAILABILITY = YES_AGGRESSIVE;
				CLANG_WARN_UNREACHABLE_CODE = YES;
				CLANG_WARN__DUPLICATE_METHOD_MATCH = YES;
				CODE_SIGN_IDENTITY = "iPhone Developer";
				COPY_PHASE_STRIP = NO;
				DEBUG_INFORMATION_FORMAT = "dwarf-with-dsym";
				ENABLE_NS_ASSERTIONS = NO;
				ENABLE_STRICT_OBJC_MSGSEND = YES;
				GCC_C_LANGUAGE_STANDARD = gnu11;
				GCC_NO_COMMON_BLOCKS = YES;
				GCC_WARN_64_TO_32_BIT_CONVERSION = YES;
				GCC_WARN_ABOUT_RETURN_TYPE = YES_ERROR;
				GCC_WARN_UNDECLARED_SELECTOR = YES;
				GCC_WARN_UNINITIALIZED_AUTOS = YES_AGGRESSIVE;
				GCC_WARN_UNUSED_FUNCTION = YES;
				GCC_WARN_UNUSED_VARIABLE = YES;
				IPHONEOS_DEPLOYMENT_TARGET = 12.4;
				MTL_ENABLE_DEBUG_INFO = NO;
				MTL_FAST_MATH = YES;
				SDKROOT = iphoneos;
				SWIFT_COMPILATION_MODE = wholemodule;
				SWIFT_OPTIMIZATION_LEVEL = "-O";
				VALIDATE_PRODUCT = YES;
			};
			name = Release;
		};
		C13475CA2337BA5E00C2E6BE /* Debug */ = {
			isa = XCBuildConfiguration;
			buildSettings = {
				ASSETCATALOG_COMPILER_APPICON_NAME = AppIcon;
				CODE_SIGN_STYLE = Automatic;
				DEVELOPMENT_TEAM = C5T96DT99L;
				INFOPLIST_FILE = UITableViewAccordionSample/Info.plist;
				LD_RUNPATH_SEARCH_PATHS = (
					"$(inherited)",
					"@executable_path/Frameworks",
				);
				PRODUCT_BUNDLE_IDENTIFIER = jp.pfslink.UITableViewAccordionSample;
				PRODUCT_NAME = "$(TARGET_NAME)";
				SWIFT_VERSION = 5.0;
				TARGETED_DEVICE_FAMILY = "1,2";
			};
			name = Debug;
		};
		C13475CB2337BA5E00C2E6BE /* Release */ = {
			isa = XCBuildConfiguration;
			buildSettings = {
				ASSETCATALOG_COMPILER_APPICON_NAME = AppIcon;
				CODE_SIGN_STYLE = Automatic;
				DEVELOPMENT_TEAM = C5T96DT99L;
				INFOPLIST_FILE = UITableViewAccordionSample/Info.plist;
				LD_RUNPATH_SEARCH_PATHS = (
					"$(inherited)",
					"@executable_path/Frameworks",
				);
				PRODUCT_BUNDLE_IDENTIFIER = jp.pfslink.UITableViewAccordionSample;
				PRODUCT_NAME = "$(TARGET_NAME)";
				SWIFT_VERSION = 5.0;
				TARGETED_DEVICE_FAMILY = "1,2";
			};
			name = Release;
		};
		C13475CD2337BA5E00C2E6BE /* Debug */ = {
			isa = XCBuildConfiguration;
			buildSettings = {
				ALWAYS_EMBED_SWIFT_STANDARD_LIBRARIES = YES;
				BUNDLE_LOADER = "$(TEST_HOST)";
				CODE_SIGN_STYLE = Automatic;
				DEVELOPMENT_TEAM = C5T96DT99L;
				INFOPLIST_FILE = UITableViewAccordionSampleTests/Info.plist;
				LD_RUNPATH_SEARCH_PATHS = (
					"$(inherited)",
					"@executable_path/Frameworks",
					"@loader_path/Frameworks",
				);
				PRODUCT_BUNDLE_IDENTIFIER = jp.pfslink.UITableViewAccordionSampleTests;
				PRODUCT_NAME = "$(TARGET_NAME)";
				SWIFT_VERSION = 5.0;
				TARGETED_DEVICE_FAMILY = "1,2";
				TEST_HOST = "$(BUILT_PRODUCTS_DIR)/UITableViewAccordionSample.app/UITableViewAccordionSample";
			};
			name = Debug;
		};
		C13475CE2337BA5E00C2E6BE /* Release */ = {
			isa = XCBuildConfiguration;
			buildSettings = {
				ALWAYS_EMBED_SWIFT_STANDARD_LIBRARIES = YES;
				BUNDLE_LOADER = "$(TEST_HOST)";
				CODE_SIGN_STYLE = Automatic;
				DEVELOPMENT_TEAM = C5T96DT99L;
				INFOPLIST_FILE = UITableViewAccordionSampleTests/Info.plist;
				LD_RUNPATH_SEARCH_PATHS = (
					"$(inherited)",
					"@executable_path/Frameworks",
					"@loader_path/Frameworks",
				);
				PRODUCT_BUNDLE_IDENTIFIER = jp.pfslink.UITableViewAccordionSampleTests;
				PRODUCT_NAME = "$(TARGET_NAME)";
				SWIFT_VERSION = 5.0;
				TARGETED_DEVICE_FAMILY = "1,2";
				TEST_HOST = "$(BUILT_PRODUCTS_DIR)/UITableViewAccordionSample.app/UITableViewAccordionSample";
			};
			name = Release;
		};
		C13475D02337BA5E00C2E6BE /* Debug */ = {
			isa = XCBuildConfiguration;
			buildSettings = {
				ALWAYS_EMBED_SWIFT_STANDARD_LIBRARIES = YES;
				CODE_SIGN_STYLE = Automatic;
				DEVELOPMENT_TEAM = C5T96DT99L;
				INFOPLIST_FILE = UITableViewAccordionSampleUITests/Info.plist;
				LD_RUNPATH_SEARCH_PATHS = (
					"$(inherited)",
					"@executable_path/Frameworks",
					"@loader_path/Frameworks",
				);
				PRODUCT_BUNDLE_IDENTIFIER = jp.pfslink.UITableViewAccordionSampleUITests;
				PRODUCT_NAME = "$(TARGET_NAME)";
				SWIFT_VERSION = 5.0;
				TARGETED_DEVICE_FAMILY = "1,2";
				TEST_TARGET_NAME = UITableViewAccordionSample;
			};
			name = Debug;
		};
		C13475D12337BA5E00C2E6BE /* Release */ = {
			isa = XCBuildConfiguration;
			buildSettings = {
				ALWAYS_EMBED_SWIFT_STANDARD_LIBRARIES = YES;
				CODE_SIGN_STYLE = Automatic;
				DEVELOPMENT_TEAM = C5T96DT99L;
				INFOPLIST_FILE = UITableViewAccordionSampleUITests/Info.plist;
				LD_RUNPATH_SEARCH_PATHS = (
					"$(inherited)",
					"@executable_path/Frameworks",
					"@loader_path/Frameworks",
				);
				PRODUCT_BUNDLE_IDENTIFIER = jp.pfslink.UITableViewAccordionSampleUITests;
				PRODUCT_NAME = "$(TARGET_NAME)";
				SWIFT_VERSION = 5.0;
				TARGETED_DEVICE_FAMILY = "1,2";
				TEST_TARGET_NAME = UITableViewAccordionSample;
			};
			name = Release;
		};
/* End XCBuildConfiguration section */

/* Begin XCConfigurationList section */
		C134759C2337BA5B00C2E6BE /* Build configuration list for PBXProject "UITableViewAccordionSample" */ = {
			isa = XCConfigurationList;
			buildConfigurations = (
				C13475C72337BA5E00C2E6BE /* Debug */,
				C13475C82337BA5E00C2E6BE /* Release */,
			);
			defaultConfigurationIsVisible = 0;
			defaultConfigurationName = Release;
		};
		C13475C92337BA5E00C2E6BE /* Build configuration list for PBXNativeTarget "UITableViewAccordionSample" */ = {
			isa = XCConfigurationList;
			buildConfigurations = (
				C13475CA2337BA5E00C2E6BE /* Debug */,
				C13475CB2337BA5E00C2E6BE /* Release */,
			);
			defaultConfigurationIsVisible = 0;
			defaultConfigurationName = Release;
		};
		C13475CC2337BA5E00C2E6BE /* Build configuration list for PBXNativeTarget "UITableViewAccordionSampleTests" */ = {
			isa = XCConfigurationList;
			buildConfigurations = (
				C13475CD2337BA5E00C2E6BE /* Debug */,
				C13475CE2337BA5E00C2E6BE /* Release */,
			);
			defaultConfigurationIsVisible = 0;
			defaultConfigurationName = Release;
		};
		C13475CF2337BA5E00C2E6BE /* Build configuration list for PBXNativeTarget "UITableViewAccordionSampleUITests" */ = {
			isa = XCConfigurationList;
			buildConfigurations = (
				C13475D02337BA5E00C2E6BE /* Debug */,
				C13475D12337BA5E00C2E6BE /* Release */,
			);
			defaultConfigurationIsVisible = 0;
			defaultConfigurationName = Release;
		};
/* End XCConfigurationList section */
	};
	rootObject = C13475992337BA5B00C2E6BE /* Project object */;
}
