// !$*UTF8*$!
{
	archiveVersion = 1;
	classes = {
	};
	objectVersion = 50;
	objects = {

/* Begin PBXBuildFile section */
		C13476212337BF9600C2E6BE /* AppDelegate.swift in Sources */ = {isa = PBXBuildFile; fileRef = C13476202337BF9600C2E6BE /* AppDelegate.swift */; };
		C13476232337BF9600C2E6BE /* ViewController.swift in Sources */ = {isa = PBXBuildFile; fileRef = C13476222337BF9600C2E6BE /* ViewController.swift */; };
		C13476262337BF9600C2E6BE /* Main.storyboard in Resources */ = {isa = PBXBuildFile; fileRef = C13476242337BF9600C2E6BE /* Main.storyboard */; };
		C13476282337BF9800C2E6BE /* Assets.xcassets in Resources */ = {isa = PBXBuildFile; fileRef = C13476272337BF9800C2E6BE /* Assets.xcassets */; };
		C134762B2337BF9800C2E6BE /* LaunchScreen.storyboard in Resources */ = {isa = PBXBuildFile; fileRef = C13476292337BF9800C2E6BE /* LaunchScreen.storyboard */; };
		C13476362337BF9800C2E6BE /* UITableViewSampleTests.swift in Sources */ = {isa = PBXBuildFile; fileRef = C13476352337BF9800C2E6BE /* UITableViewSampleTests.swift */; };
		C13476412337BF9800C2E6BE /* UITableViewSampleUITests.swift in Sources */ = {isa = PBXBuildFile; fileRef = C13476402337BF9800C2E6BE /* UITableViewSampleUITests.swift */; };
		C13476502337C02700C2E6BE /* CustomCell.swift in Sources */ = {isa = PBXBuildFile; fileRef = C134764E2337C02700C2E6BE /* CustomCell.swift */; };
		C13476512337C02700C2E6BE /* CustomCell.xib in Resources */ = {isa = PBXBuildFile; fileRef = C134764F2337C02700C2E6BE /* CustomCell.xib */; };
/* End PBXBuildFile section */

/* Begin PBXContainerItemProxy section */
		C13476322337BF9800C2E6BE /* PBXContainerItemProxy */ = {
			isa = PBXContainerItemProxy;
			containerPortal = C13476152337BF9600C2E6BE /* Project object */;
			proxyType = 1;
			remoteGlobalIDString = C134761C2337BF9600C2E6BE;
			remoteInfo = UITableViewSample;
		};
		C134763D2337BF9800C2E6BE /* PBXContainerItemProxy */ = {
			isa = PBXContainerItemProxy;
			containerPortal = C13476152337BF9600C2E6BE /* Project object */;
			proxyType = 1;
			remoteGlobalIDString = C134761C2337BF9600C2E6BE;
			remoteInfo = UITableViewSample;
		};
/* End PBXContainerItemProxy section */

/* Begin PBXFileReference section */
		C134761D2337BF9600C2E6BE /* UITableViewSample.app */ = {isa = PBXFileReference; explicitFileType = wrapper.application; includeInIndex = 0; path = UITableViewSample.app; sourceTree = BUILT_PRODUCTS_DIR; };
		C13476202337BF9600C2E6BE /* AppDelegate.swift */ = {isa = PBXFileReference; lastKnownFileType = sourcecode.swift; path = AppDelegate.swift; sourceTree = "<group>"; };
		C13476222337BF9600C2E6BE /* ViewController.swift */ = {isa = PBXFileReference; lastKnownFileType = sourcecode.swift; path = ViewController.swift; sourceTree = "<group>"; };
		C13476252337BF9600C2E6BE /* Base */ = {isa = PBXFileReference; lastKnownFileType = file.storyboard; name = Base; path = Base.lproj/Main.storyboard; sourceTree = "<group>"; };
		C13476272337BF9800C2E6BE /* Assets.xcassets */ = {isa = PBXFileReference; lastKnownFileType = folder.assetcatalog; path = Assets.xcassets; sourceTree = "<group>"; };
		C134762A2337BF9800C2E6BE /* Base */ = {isa = PBXFileReference; lastKnownFileType = file.storyboard; name = Base; path = Base.lproj/LaunchScreen.storyboard; sourceTree = "<group>"; };
		C134762C2337BF9800C2E6BE /* Info.plist */ = {isa = PBXFileReference; lastKnownFileType = text.plist.xml; path = Info.plist; sourceTree = "<group>"; };
		C13476312337BF9800C2E6BE /* UITableViewSampleTests.xctest */ = {isa = PBXFileReference; explicitFileType = wrapper.cfbundle; includeInIndex = 0; path = UITableViewSampleTests.xctest; sourceTree = BUILT_PRODUCTS_DIR; };
		C13476352337BF9800C2E6BE /* UITableViewSampleTests.swift */ = {isa = PBXFileReference; lastKnownFileType = sourcecode.swift; path = UITableViewSampleTests.swift; sourceTree = "<group>"; };
		C13476372337BF9800C2E6BE /* Info.plist */ = {isa = PBXFileReference; lastKnownFileType = text.plist.xml; path = Info.plist; sourceTree = "<group>"; };
		C134763C2337BF9800C2E6BE /* UITableViewSampleUITests.xctest */ = {isa = PBXFileReference; explicitFileType = wrapper.cfbundle; includeInIndex = 0; path = UITableViewSampleUITests.xctest; sourceTree = BUILT_PRODUCTS_DIR; };
		C13476402337BF9800C2E6BE /* UITableViewSampleUITests.swift */ = {isa = PBXFileReference; lastKnownFileType = sourcecode.swift; path = UITableViewSampleUITests.swift; sourceTree = "<group>"; };
		C13476422337BF9800C2E6BE /* Info.plist */ = {isa = PBXFileReference; lastKnownFileType = text.plist.xml; path = Info.plist; sourceTree = "<group>"; };
		C134764E2337C02700C2E6BE /* CustomCell.swift */ = {isa = PBXFileReference; lastKnownFileType = sourcecode.swift; path = CustomCell.swift; sourceTree = "<group>"; };
		C134764F2337C02700C2E6BE /* CustomCell.xib */ = {isa = PBXFileReference; lastKnownFileType = file.xib; path = CustomCell.xib; sourceTree = "<group>"; };
/* End PBXFileReference section */

/* Begin PBXFrameworksBuildPhase section */
		C134761A2337BF9600C2E6BE /* Frameworks */ = {
			isa = PBXFrameworksBuildPhase;
			buildActionMask = 2147483647;
			files = (
			);
			runOnlyForDeploymentPostprocessing = 0;
		};
		C134762E2337BF9800C2E6BE /* Frameworks */ = {
			isa = PBXFrameworksBuildPhase;
			buildActionMask = 2147483647;
			files = (
			);
			runOnlyForDeploymentPostprocessing = 0;
		};
		C13476392337BF9800C2E6BE /* Frameworks */ = {
			isa = PBXFrameworksBuildPhase;
			buildActionMask = 2147483647;
			files = (
			);
			runOnlyForDeploymentPostprocessing = 0;
		};
/* End PBXFrameworksBuildPhase section */

/* Begin PBXGroup section */
		C13476142337BF9600C2E6BE = {
			isa = PBXGroup;
			children = (
				C134761F2337BF9600C2E6BE /* UITableViewSample */,
				C13476342337BF9800C2E6BE /* UITableViewSampleTests */,
				C134763F2337BF9800C2E6BE /* UITableViewSampleUITests */,
				C134761E2337BF9600C2E6BE /* Products */,
			);
			sourceTree = "<group>";
		};
		C134761E2337BF9600C2E6BE /* Products */ = {
			isa = PBXGroup;
			children = (
				C134761D2337BF9600C2E6BE /* UITableViewSample.app */,
				C13476312337BF9800C2E6BE /* UITableViewSampleTests.xctest */,
				C134763C2337BF9800C2E6BE /* UITableViewSampleUITests.xctest */,
			);
			name = Products;
			sourceTree = "<group>";
		};
		C134761F2337BF9600C2E6BE /* UITableViewSample */ = {
			isa = PBXGroup;
			children = (
				C13476202337BF9600C2E6BE /* AppDelegate.swift */,
				C13476222337BF9600C2E6BE /* ViewController.swift */,
				C13476242337BF9600C2E6BE /* Main.storyboard */,
				C134764E2337C02700C2E6BE /* CustomCell.swift */,
				C134764F2337C02700C2E6BE /* CustomCell.xib */,
				C13476272337BF9800C2E6BE /* Assets.xcassets */,
				C13476292337BF9800C2E6BE /* LaunchScreen.storyboard */,
				C134762C2337BF9800C2E6BE /* Info.plist */,
			);
			path = UITableViewSample;
			sourceTree = "<group>";
		};
		C13476342337BF9800C2E6BE /* UITableViewSampleTests */ = {
			isa = PBXGroup;
			children = (
				C13476352337BF9800C2E6BE /* UITableViewSampleTests.swift */,
				C13476372337BF9800C2E6BE /* Info.plist */,
			);
			path = UITableViewSampleTests;
			sourceTree = "<group>";
		};
		C134763F2337BF9800C2E6BE /* UITableViewSampleUITests */ = {
			isa = PBXGroup;
			children = (
				C13476402337BF9800C2E6BE /* UITableViewSampleUITests.swift */,
				C13476422337BF9800C2E6BE /* Info.plist */,
			);
			path = UITableViewSampleUITests;
			sourceTree = "<group>";
		};
/* End PBXGroup section */

/* Begin PBXNativeTarget section */
		C134761C2337BF9600C2E6BE /* UITableViewSample */ = {
			isa = PBXNativeTarget;
			buildConfigurationList = C13476452337BF9800C2E6BE /* Build configuration list for PBXNativeTarget "UITableViewSample" */;
			buildPhases = (
				C13476192337BF9600C2E6BE /* Sources */,
				C134761A2337BF9600C2E6BE /* Frameworks */,
				C134761B2337BF9600C2E6BE /* Resources */,
			);
			buildRules = (
			);
			dependencies = (
			);
			name = UITableViewSample;
			productName = UITableViewSample;
			productReference = C134761D2337BF9600C2E6BE /* UITableViewSample.app */;
			productType = "com.apple.product-type.application";
		};
		C13476302337BF9800C2E6BE /* UITableViewSampleTests */ = {
			isa = PBXNativeTarget;
			buildConfigurationList = C13476482337BF9800C2E6BE /* Build configuration list for PBXNativeTarget "UITableViewSampleTests" */;
			buildPhases = (
				C134762D2337BF9800C2E6BE /* Sources */,
				C134762E2337BF9800C2E6BE /* Frameworks */,
				C134762F2337BF9800C2E6BE /* Resources */,
			);
			buildRules = (
			);
			dependencies = (
				C13476332337BF9800C2E6BE /* PBXTargetDependency */,
			);
			name = UITableViewSampleTests;
			productName = UITableViewSampleTests;
			productReference = C13476312337BF9800C2E6BE /* UITableViewSampleTests.xctest */;
			productType = "com.apple.product-type.bundle.unit-test";
		};
		C134763B2337BF9800C2E6BE /* UITableViewSampleUITests */ = {
			isa = PBXNativeTarget;
			buildConfigurationList = C134764B2337BF9800C2E6BE /* Build configuration list for PBXNativeTarget "UITableViewSampleUITests" */;
			buildPhases = (
				C13476382337BF9800C2E6BE /* Sources */,
				C13476392337BF9800C2E6BE /* Frameworks */,
				C134763A2337BF9800C2E6BE /* Resources */,
			);
			buildRules = (
			);
			dependencies = (
				C134763E2337BF9800C2E6BE /* PBXTargetDependency */,
			);
			name = UITableViewSampleUITests;
			productName = UITableViewSampleUITests;
			productReference = C134763C2337BF9800C2E6BE /* UITableViewSampleUITests.xctest */;
			productType = "com.apple.product-type.bundle.ui-testing";
		};
/* End PBXNativeTarget section */

/* Begin PBXProject section */
		C13476152337BF9600C2E6BE /* Project object */ = {
			isa = PBXProject;
			attributes = {
				LastSwiftUpdateCheck = 1030;
				LastUpgradeCheck = 1030;
				ORGANIZATIONNAME = RyutaMiyamoto;
				TargetAttributes = {
					C134761C2337BF9600C2E6BE = {
						CreatedOnToolsVersion = 10.3;
					};
					C13476302337BF9800C2E6BE = {
						CreatedOnToolsVersion = 10.3;
						TestTargetID = C134761C2337BF9600C2E6BE;
					};
					C134763B2337BF9800C2E6BE = {
						CreatedOnToolsVersion = 10.3;
						TestTargetID = C134761C2337BF9600C2E6BE;
					};
				};
			};
			buildConfigurationList = C13476182337BF9600C2E6BE /* Build configuration list for PBXProject "UITableViewSample" */;
			compatibilityVersion = "Xcode 9.3";
			developmentRegion = en;
			hasScannedForEncodings = 0;
			knownRegions = (
				en,
				Base,
			);
			mainGroup = C13476142337BF9600C2E6BE;
			productRefGroup = C134761E2337BF9600C2E6BE /* Products */;
			projectDirPath = "";
			projectRoot = "";
			targets = (
				C134761C2337BF9600C2E6BE /* UITableViewSample */,
				C13476302337BF9800C2E6BE /* UITableViewSampleTests */,
				C134763B2337BF9800C2E6BE /* UITableViewSampleUITests */,
			);
		};
/* End PBXProject section */

/* Begin PBXResourcesBuildPhase section */
		C134761B2337BF9600C2E6BE /* Resources */ = {
			isa = PBXResourcesBuildPhase;
			buildActionMask = 2147483647;
			files = (
				C134762B2337BF9800C2E6BE /* LaunchScreen.storyboard in Resources */,
				C13476282337BF9800C2E6BE /* Assets.xcassets in Resources */,
				C13476512337C02700C2E6BE /* CustomCell.xib in Resources */,
				C13476262337BF9600C2E6BE /* Main.storyboard in Resources */,
			);
			runOnlyForDeploymentPostprocessing = 0;
		};
		C134762F2337BF9800C2E6BE /* Resources */ = {
			isa = PBXResourcesBuildPhase;
			buildActionMask = 2147483647;
			files = (
			);
			runOnlyForDeploymentPostprocessing = 0;
		};
		C134763A2337BF9800C2E6BE /* Resources */ = {
			isa = PBXResourcesBuildPhase;
			buildActionMask = 2147483647;
			files = (
			);
			runOnlyForDeploymentPostprocessing = 0;
		};
/* End PBXResourcesBuildPhase section */

/* Begin PBXSourcesBuildPhase section */
		C13476192337BF9600C2E6BE /* Sources */ = {
			isa = PBXSourcesBuildPhase;
			buildActionMask = 2147483647;
			files = (
				C13476232337BF9600C2E6BE /* ViewController.swift in Sources */,
				C13476502337C02700C2E6BE /* CustomCell.swift in Sources */,
				C13476212337BF9600C2E6BE /* AppDelegate.swift in Sources */,
			);
			runOnlyForDeploymentPostprocessing = 0;
		};
		C134762D2337BF9800C2E6BE /* Sources */ = {
			isa = PBXSourcesBuildPhase;
			buildActionMask = 2147483647;
			files = (
				C13476362337BF9800C2E6BE /* UITableViewSampleTests.swift in Sources */,
			);
			runOnlyForDeploymentPostprocessing = 0;
		};
		C13476382337BF9800C2E6BE /* Sources */ = {
			isa = PBXSourcesBuildPhase;
			buildActionMask = 2147483647;
			files = (
				C13476412337BF9800C2E6BE /* UITableViewSampleUITests.swift in Sources */,
			);
			runOnlyForDeploymentPostprocessing = 0;
		};
/* End PBXSourcesBuildPhase section */

/* Begin PBXTargetDependency section */
		C13476332337BF9800C2E6BE /* PBXTargetDependency */ = {
			isa = PBXTargetDependency;
			target = C134761C2337BF9600C2E6BE /* UITableViewSample */;
			targetProxy = C13476322337BF9800C2E6BE /* PBXContainerItemProxy */;
		};
		C134763E2337BF9800C2E6BE /* PBXTargetDependency */ = {
			isa = PBXTargetDependency;
			target = C134761C2337BF9600C2E6BE /* UITableViewSample */;
			targetProxy = C134763D2337BF9800C2E6BE /* PBXContainerItemProxy */;
		};
/* End PBXTargetDependency section */

/* Begin PBXVariantGroup section */
		C13476242337BF9600C2E6BE /* Main.storyboard */ = {
			isa = PBXVariantGroup;
			children = (
				C13476252337BF9600C2E6BE /* Base */,
			);
			name = Main.storyboard;
			sourceTree = "<group>";
		};
		C13476292337BF9800C2E6BE /* LaunchScreen.storyboard */ = {
			isa = PBXVariantGroup;
			children = (
				C134762A2337BF9800C2E6BE /* Base */,
			);
			name = LaunchScreen.storyboard;
			sourceTree = "<group>";
		};
/* End PBXVariantGroup section */

/* Begin XCBuildConfiguration section */
		C13476432337BF9800C2E6BE /* Debug */ = {
			isa = XCBuildConfiguration;
			buildSettings = {
				ALWAYS_SEARCH_USER_PATHS = NO;
				CLANG_ANALYZER_NONNULL = YES;
				CLANG_ANALYZER_NUMBER_OBJECT_CONVERSION = YES_AGGRESSIVE;
				CLANG_CXX_LANGUAGE_STANDARD = "gnu++14";
				CLANG_CXX_LIBRARY = "libc++";
				CLANG_ENABLE_MODULES = YES;
				CLANG_ENABLE_OBJC_ARC = YES;
				CLANG_ENABLE_OBJC_WEAK = YES;
				CLANG_WARN_BLOCK_CAPTURE_AUTORELEASING = YES;
				CLANG_WARN_BOOL_CONVERSION = YES;
				CLANG_WARN_COMMA = YES;
				CLANG_WARN_CONSTANT_CONVERSION = YES;
				CLANG_WARN_DEPRECATED_OBJC_IMPLEMENTATIONS = YES;
				CLANG_WARN_DIRECT_OBJC_ISA_USAGE = YES_ERROR;
				CLANG_WARN_DOCUMENTATION_COMMENTS = YES;
				CLANG_WARN_EMPTY_BODY = YES;
				CLANG_WARN_ENUM_CONVERSION = YES;
				CLANG_WARN_INFINITE_RECURSION = YES;
				CLANG_WARN_INT_CONVERSION = YES;
				CLANG_WARN_NON_LITERAL_NULL_CONVERSION = YES;
				CLANG_WARN_OBJC_IMPLICIT_RETAIN_SELF = YES;
				CLANG_WARN_OBJC_LITERAL_CONVERSION = YES;
				CLANG_WARN_OBJC_ROOT_CLASS = YES_ERROR;
				CLANG_WARN_RANGE_LOOP_ANALYSIS = YES;
				CLANG_WARN_STRICT_PROTOTYPES = YES;
				CLANG_WARN_SUSPICIOUS_MOVE = YES;
				CLANG_WARN_UNGUARDED_AVAILABILITY = YES_AGGRESSIVE;
				CLANG_WARN_UNREACHABLE_CODE = YES;
				CLANG_WARN__DUPLICATE_METHOD_MATCH = YES;
				CODE_SIGN_IDENTITY = "iPhone Developer";
				COPY_PHASE_STRIP = NO;
				DEBUG_INFORMATION_FORMAT = dwarf;
				ENABLE_STRICT_OBJC_MSGSEND = YES;
				ENABLE_TESTABILITY = YES;
				GCC_C_LANGUAGE_STANDARD = gnu11;
				GCC_DYNAMIC_NO_PIC = NO;
				GCC_NO_COMMON_BLOCKS = YES;
				GCC_OPTIMIZATION_LEVEL = 0;
				GCC_PREPROCESSOR_DEFINITIONS = (
					"DEBUG=1",
					"$(inherited)",
				);
				GCC_WARN_64_TO_32_BIT_CONVERSION = YES;
				GCC_WARN_ABOUT_RETURN_TYPE = YES_ERROR;
				GCC_WARN_UNDECLARED_SELECTOR = YES;
				GCC_WARN_UNINITIALIZED_AUTOS = YES_AGGRESSIVE;
				GCC_WARN_UNUSED_FUNCTION = YES;
				GCC_WARN_UNUSED_VARIABLE = YES;
				IPHONEOS_DEPLOYMENT_TARGET = 12.4;
				MTL_ENABLE_DEBUG_INFO = INCLUDE_SOURCE;
				MTL_FAST_MATH = YES;
				ONLY_ACTIVE_ARCH = YES;
				SDKROOT = iphoneos;
				SWIFT_ACTIVE_COMPILATION_CONDITIONS = DEBUG;
				SWIFT_OPTIMIZATION_LEVEL = "-Onone";
			};
			name = Debug;
		};
		C13476442337BF9800C2E6BE /* Release */ = {
			isa = XCBuildConfiguration;
			buildSettings = {
				ALWAYS_SEARCH_USER_PATHS = NO;
				CLANG_ANALYZER_NONNULL = YES;
				CLANG_ANALYZER_NUMBER_OBJECT_CONVERSION = YES_AGGRESSIVE;
				CLANG_CXX_LANGUAGE_STANDARD = "gnu++14";
				CLANG_CXX_LIBRARY = "libc++";
				CLANG_ENABLE_MODULES = YES;
				CLANG_ENABLE_OBJC_ARC = YES;
				CLANG_ENABLE_OBJC_WEAK = YES;
				CLANG_WARN_BLOCK_CAPTURE_AUTORELEASING = YES;
				CLANG_WARN_BOOL_CONVERSION = YES;
				CLANG_WARN_COMMA = YES;
				CLANG_WARN_CONSTANT_CONVERSION = YES;
				CLANG_WARN_DEPRECATED_OBJC_IMPLEMENTATIONS = YES;
				CLANG_WARN_DIRECT_OBJC_ISA_USAGE = YES_ERROR;
				CLANG_WARN_DOCUMENTATION_COMMENTS = YES;
				CLANG_WARN_EMPTY_BODY = YES;
				CLANG_WARN_ENUM_CONVERSION = YES;
				CLANG_WARN_INFINITE_RECURSION = YES;
				CLANG_WARN_INT_CONVERSION = YES;
				CLANG_WARN_NON_LITERAL_NULL_CONVERSION = YES;
				CLANG_WARN_OBJC_IMPLICIT_RETAIN_SELF = YES;
				CLANG_WARN_OBJC_LITERAL_CONVERSION = YES;
				CLANG_WARN_OBJC_ROOT_CLASS = YES_ERROR;
				CLANG_WARN_RANGE_LOOP_ANALYSIS = YES;
				CLANG_WARN_STRICT_PROTOTYPES = YES;
				CLANG_WARN_SUSPICIOUS_MOVE = YES;
				CLANG_WARN_UNGUARDED_AVAILABILITY = YES_AGGRESSIVE;
				CLANG_WARN_UNREACHABLE_CODE = YES;
				CLANG_WARN__DUPLICATE_METHOD_MATCH = YES;
				CODE_SIGN_IDENTITY = "iPhone Developer";
				COPY_PHASE_STRIP = NO;
				DEBUG_INFORMATION_FORMAT = "dwarf-with-dsym";
				ENABLE_NS_ASSERTIONS = NO;
				ENABLE_STRICT_OBJC_MSGSEND = YES;
				GCC_C_LANGUAGE_STANDARD = gnu11;
				GCC_NO_COMMON_BLOCKS = YES;
				GCC_WARN_64_TO_32_BIT_CONVERSION = YES;
				GCC_WARN_ABOUT_RETURN_TYPE = YES_ERROR;
				GCC_WARN_UNDECLARED_SELECTOR = YES;
				GCC_WARN_UNINITIALIZED_AUTOS = YES_AGGRESSIVE;
				GCC_WARN_UNUSED_FUNCTION = YES;
				GCC_WARN_UNUSED_VARIABLE = YES;
				IPHONEOS_DEPLOYMENT_TARGET = 12.4;
				MTL_ENABLE_DEBUG_INFO = NO;
				MTL_FAST_MATH = YES;
				SDKROOT = iphoneos;
				SWIFT_COMPILATION_MODE = wholemodule;
				SWIFT_OPTIMIZATION_LEVEL = "-O";
				VALIDATE_PRODUCT = YES;
			};
			name = Release;
		};
		C13476462337BF9800C2E6BE /* Debug */ = {
			isa = XCBuildConfiguration;
			buildSettings = {
				ASSETCATALOG_COMPILER_APPICON_NAME = AppIcon;
				CODE_SIGN_STYLE = Automatic;
				DEVELOPMENT_TEAM = C5T96DT99L;
				INFOPLIST_FILE = UITableViewSample/Info.plist;
				LD_RUNPATH_SEARCH_PATHS = (
					"$(inherited)",
					"@executable_path/Frameworks",
				);
				PRODUCT_BUNDLE_IDENTIFIER = jp.pfslink.UITableViewSample;
				PRODUCT_NAME = "$(TARGET_NAME)";
				SWIFT_VERSION = 5.0;
				TARGETED_DEVICE_FAMILY = "1,2";
			};
			name = Debug;
		};
		C13476472337BF9800C2E6BE /* Release */ = {
			isa = XCBuildConfiguration;
			buildSettings = {
				ASSETCATALOG_COMPILER_APPICON_NAME = AppIcon;
				CODE_SIGN_STYLE = Automatic;
				DEVELOPMENT_TEAM = C5T96DT99L;
				INFOPLIST_FILE = UITableViewSample/Info.plist;
				LD_RUNPATH_SEARCH_PATHS = (
					"$(inherited)",
					"@executable_path/Frameworks",
				);
				PRODUCT_BUNDLE_IDENTIFIER = jp.pfslink.UITableViewSample;
				PRODUCT_NAME = "$(TARGET_NAME)";
				SWIFT_VERSION = 5.0;
				TARGETED_DEVICE_FAMILY = "1,2";
			};
			name = Release;
		};
		C13476492337BF9800C2E6BE /* Debug */ = {
			isa = XCBuildConfiguration;
			buildSettings = {
				ALWAYS_EMBED_SWIFT_STANDARD_LIBRARIES = YES;
				BUNDLE_LOADER = "$(TEST_HOST)";
				CODE_SIGN_STYLE = Automatic;
				DEVELOPMENT_TEAM = C5T96DT99L;
				INFOPLIST_FILE = UITableViewSampleTests/Info.plist;
				LD_RUNPATH_SEARCH_PATHS = (
					"$(inherited)",
					"@executable_path/Frameworks",
					"@loader_path/Frameworks",
				);
				PRODUCT_BUNDLE_IDENTIFIER = jp.pfslink.UITableViewSampleTests;
				PRODUCT_NAME = "$(TARGET_NAME)";
				SWIFT_VERSION = 5.0;
				TARGETED_DEVICE_FAMILY = "1,2";
				TEST_HOST = "$(BUILT_PRODUCTS_DIR)/UITableViewSample.app/UITableViewSample";
			};
			name = Debug;
		};
		C134764A2337BF9800C2E6BE /* Release */ = {
			isa = XCBuildConfiguration;
			buildSettings = {
				ALWAYS_EMBED_SWIFT_STANDARD_LIBRARIES = YES;
				BUNDLE_LOADER = "$(TEST_HOST)";
				CODE_SIGN_STYLE = Automatic;
				DEVELOPMENT_TEAM = C5T96DT99L;
				INFOPLIST_FILE = UITableViewSampleTests/Info.plist;
				LD_RUNPATH_SEARCH_PATHS = (
					"$(inherited)",
					"@executable_path/Frameworks",
					"@loader_path/Frameworks",
				);
				PRODUCT_BUNDLE_IDENTIFIER = jp.pfslink.UITableViewSampleTests;
				PRODUCT_NAME = "$(TARGET_NAME)";
				SWIFT_VERSION = 5.0;
				TARGETED_DEVICE_FAMILY = "1,2";
				TEST_HOST = "$(BUILT_PRODUCTS_DIR)/UITableViewSample.app/UITableViewSample";
			};
			name = Release;
		};
		C134764C2337BF9800C2E6BE /* Debug */ = {
			isa = XCBuildConfiguration;
			buildSettings = {
				ALWAYS_EMBED_SWIFT_STANDARD_LIBRARIES = YES;
				CODE_SIGN_STYLE = Automatic;
				DEVELOPMENT_TEAM = C5T96DT99L;
				INFOPLIST_FILE = UITableViewSampleUITests/Info.plist;
				LD_RUNPATH_SEARCH_PATHS = (
					"$(inherited)",
					"@executable_path/Frameworks",
					"@loader_path/Frameworks",
				);
				PRODUCT_BUNDLE_IDENTIFIER = jp.pfslink.UITableViewSampleUITests;
				PRODUCT_NAME = "$(TARGET_NAME)";
				SWIFT_VERSION = 5.0;
				TARGETED_DEVICE_FAMILY = "1,2";
				TEST_TARGET_NAME = UITableViewSample;
			};
			name = Debug;
		};
		C134764D2337BF9800C2E6BE /* Release */ = {
			isa = XCBuildConfiguration;
			buildSettings = {
				ALWAYS_EMBED_SWIFT_STANDARD_LIBRARIES = YES;
				CODE_SIGN_STYLE = Automatic;
				DEVELOPMENT_TEAM = C5T96DT99L;
				INFOPLIST_FILE = UITableViewSampleUITests/Info.plist;
				LD_RUNPATH_SEARCH_PATHS = (
					"$(inherited)",
					"@executable_path/Frameworks",
					"@loader_path/Frameworks",
				);
				PRODUCT_BUNDLE_IDENTIFIER = jp.pfslink.UITableViewSampleUITests;
				PRODUCT_NAME = "$(TARGET_NAME)";
				SWIFT_VERSION = 5.0;
				TARGETED_DEVICE_FAMILY = "1,2";
				TEST_TARGET_NAME = UITableViewSample;
			};
			name = Release;
		};
/* End XCBuildConfiguration section */

/* Begin XCConfigurationList section */
		C13476182337BF9600C2E6BE /* Build configuration list for PBXProject "UITableViewSample" */ = {
			isa = XCConfigurationList;
			buildConfigurations = (
				C13476432337BF9800C2E6BE /* Debug */,
				C13476442337BF9800C2E6BE /* Release */,
			);
			defaultConfigurationIsVisible = 0;
			defaultConfigurationName = Release;
		};
		C13476452337BF9800C2E6BE /* Build configuration list for PBXNativeTarget "UITableViewSample" */ = {
			isa = XCConfigurationList;
			buildConfigurations = (
				C13476462337BF9800C2E6BE /* Debug */,
				C13476472337BF9800C2E6BE /* Release */,
			);
			defaultConfigurationIsVisible = 0;
			defaultConfigurationName = Release;
		};
		C13476482337BF9800C2E6BE /* Build configuration list for PBXNativeTarget "UITableViewSampleTests" */ = {
			isa = XCConfigurationList;
			buildConfigurations = (
				C13476492337BF9800C2E6BE /* Debug */,
				C134764A2337BF9800C2E6BE /* Release */,
			);
			defaultConfigurationIsVisible = 0;
			defaultConfigurationName = Release;
		};
		C134764B2337BF9800C2E6BE /* Build configuration list for PBXNativeTarget "UITableViewSampleUITests" */ = {
			isa = XCConfigurationList;
			buildConfigurations = (
				C134764C2337BF9800C2E6BE /* Debug */,
				C134764D2337BF9800C2E6BE /* Release */,
			);
			defaultConfigurationIsVisible = 0;
			defaultConfigurationName = Release;
		};
/* End XCConfigurationList section */
	};
	rootObject = C13476152337BF9600C2E6BE /* Project object */;
}
