// !$*UTF8*$!
{
	archiveVersion = 1;
	classes = {
	};
	objectVersion = 50;
	objects = {

/* Begin PBXBuildFile section */
		9075B082232F78B1006F4CB0 /* AppDelegate.swift in Sources */ = {isa = PBXBuildFile; fileRef = 9075B081232F78B1006F4CB0 /* AppDelegate.swift */; };
		9075B084232F78B1006F4CB0 /* ViewController.swift in Sources */ = {isa = PBXBuildFile; fileRef = 9075B083232F78B1006F4CB0 /* ViewController.swift */; };
		9075B087232F78B1006F4CB0 /* Main.storyboard in Resources */ = {isa = PBXBuildFile; fileRef = 9075B085232F78B1006F4CB0 /* Main.storyboard */; };
		9075B089232F78B1006F4CB0 /* Assets.xcassets in Resources */ = {isa = PBXBuildFile; fileRef = 9075B088232F78B1006F4CB0 /* Assets.xcassets */; };
		9075B08C232F78B1006F4CB0 /* LaunchScreen.storyboard in Resources */ = {isa = PBXBuildFile; fileRef = 9075B08A232F78B1006F4CB0 /* LaunchScreen.storyboard */; };
		9075B097232F78B1006F4CB0 /* DelegateSampleTests.swift in Sources */ = {isa = PBXBuildFile; fileRef = 9075B096232F78B1006F4CB0 /* DelegateSampleTests.swift */; };
		9075B0A2232F78B1006F4CB0 /* DelegateSampleUITests.swift in Sources */ = {isa = PBXBuildFile; fileRef = 9075B0A1232F78B1006F4CB0 /* DelegateSampleUITests.swift */; };
		9075B0B1232F790A006F4CB0 /* CustomCell.swift in Sources */ = {isa = PBXBuildFile; fileRef = 9075B0AF232F790A006F4CB0 /* CustomCell.swift */; };
		9075B0B2232F790A006F4CB0 /* CustomCell.xib in Resources */ = {isa = PBXBuildFile; fileRef = 9075B0B0232F790A006F4CB0 /* CustomCell.xib */; };
/* End PBXBuildFile section */

/* Begin PBXContainerItemProxy section */
		9075B093232F78B1006F4CB0 /* PBXContainerItemProxy */ = {
			isa = PBXContainerItemProxy;
			containerPortal = 9075B076232F78B1006F4CB0 /* Project object */;
			proxyType = 1;
			remoteGlobalIDString = 9075B07D232F78B1006F4CB0;
			remoteInfo = DelegateSample;
		};
		9075B09E232F78B1006F4CB0 /* PBXContainerItemProxy */ = {
			isa = PBXContainerItemProxy;
			containerPortal = 9075B076232F78B1006F4CB0 /* Project object */;
			proxyType = 1;
			remoteGlobalIDString = 9075B07D232F78B1006F4CB0;
			remoteInfo = DelegateSample;
		};
/* End PBXContainerItemProxy section */

/* Begin PBXFileReference section */
		9075B07E232F78B1006F4CB0 /* DelegateSample.app */ = {isa = PBXFileReference; explicitFileType = wrapper.application; includeInIndex = 0; path = DelegateSample.app; sourceTree = BUILT_PRODUCTS_DIR; };
		9075B081232F78B1006F4CB0 /* AppDelegate.swift */ = {isa = PBXFileReference; lastKnownFileType = sourcecode.swift; path = AppDelegate.swift; sourceTree = "<group>"; };
		9075B083232F78B1006F4CB0 /* ViewController.swift */ = {isa = PBXFileReference; lastKnownFileType = sourcecode.swift; path = ViewController.swift; sourceTree = "<group>"; };
		9075B086232F78B1006F4CB0 /* Base */ = {isa = PBXFileReference; lastKnownFileType = file.storyboard; name = Base; path = Base.lproj/Main.storyboard; sourceTree = "<group>"; };
		9075B088232F78B1006F4CB0 /* Assets.xcassets */ = {isa = PBXFileReference; lastKnownFileType = folder.assetcatalog; path = Assets.xcassets; sourceTree = "<group>"; };
		9075B08B232F78B1006F4CB0 /* Base */ = {isa = PBXFileReference; lastKnownFileType = file.storyboard; name = Base; path = Base.lproj/LaunchScreen.storyboard; sourceTree = "<group>"; };
		9075B08D232F78B1006F4CB0 /* Info.plist */ = {isa = PBXFileReference; lastKnownFileType = text.plist.xml; path = Info.plist; sourceTree = "<group>"; };
		9075B092232F78B1006F4CB0 /* DelegateSampleTests.xctest */ = {isa = PBXFileReference; explicitFileType = wrapper.cfbundle; includeInIndex = 0; path = DelegateSampleTests.xctest; sourceTree = BUILT_PRODUCTS_DIR; };
		9075B096232F78B1006F4CB0 /* DelegateSampleTests.swift */ = {isa = PBXFileReference; lastKnownFileType = sourcecode.swift; path = DelegateSampleTests.swift; sourceTree = "<group>"; };
		9075B098232F78B1006F4CB0 /* Info.plist */ = {isa = PBXFileReference; lastKnownFileType = text.plist.xml; path = Info.plist; sourceTree = "<group>"; };
		9075B09D232F78B1006F4CB0 /* DelegateSampleUITests.xctest */ = {isa = PBXFileReference; explicitFileType = wrapper.cfbundle; includeInIndex = 0; path = DelegateSampleUITests.xctest; sourceTree = BUILT_PRODUCTS_DIR; };
		9075B0A1232F78B1006F4CB0 /* DelegateSampleUITests.swift */ = {isa = PBXFileReference; lastKnownFileType = sourcecode.swift; path = DelegateSampleUITests.swift; sourceTree = "<group>"; };
		9075B0A3232F78B1006F4CB0 /* Info.plist */ = {isa = PBXFileReference; lastKnownFileType = text.plist.xml; path = Info.plist; sourceTree = "<group>"; };
		9075B0AF232F790A006F4CB0 /* CustomCell.swift */ = {isa = PBXFileReference; lastKnownFileType = sourcecode.swift; path = CustomCell.swift; sourceTree = "<group>"; };
		9075B0B0232F790A006F4CB0 /* CustomCell.xib */ = {isa = PBXFileReference; lastKnownFileType = file.xib; path = CustomCell.xib; sourceTree = "<group>"; };
/* End PBXFileReference section */

/* Begin PBXFrameworksBuildPhase section */
		9075B07B232F78B1006F4CB0 /* Frameworks */ = {
			isa = PBXFrameworksBuildPhase;
			buildActionMask = 2147483647;
			files = (
			);
			runOnlyForDeploymentPostprocessing = 0;
		};
		9075B08F232F78B1006F4CB0 /* Frameworks */ = {
			isa = PBXFrameworksBuildPhase;
			buildActionMask = 2147483647;
			files = (
			);
			runOnlyForDeploymentPostprocessing = 0;
		};
		9075B09A232F78B1006F4CB0 /* Frameworks */ = {
			isa = PBXFrameworksBuildPhase;
			buildActionMask = 2147483647;
			files = (
			);
			runOnlyForDeploymentPostprocessing = 0;
		};
/* End PBXFrameworksBuildPhase section */

/* Begin PBXGroup section */
		9075B075232F78B1006F4CB0 = {
			isa = PBXGroup;
			children = (
				9075B080232F78B1006F4CB0 /* DelegateSample */,
				9075B095232F78B1006F4CB0 /* DelegateSampleTests */,
				9075B0A0232F78B1006F4CB0 /* DelegateSampleUITests */,
				9075B07F232F78B1006F4CB0 /* Products */,
			);
			sourceTree = "<group>";
		};
		9075B07F232F78B1006F4CB0 /* Products */ = {
			isa = PBXGroup;
			children = (
				9075B07E232F78B1006F4CB0 /* DelegateSample.app */,
				9075B092232F78B1006F4CB0 /* DelegateSampleTests.xctest */,
				9075B09D232F78B1006F4CB0 /* DelegateSampleUITests.xctest */,
			);
			name = Products;
			sourceTree = "<group>";
		};
		9075B080232F78B1006F4CB0 /* DelegateSample */ = {
			isa = PBXGroup;
			children = (
				9075B081232F78B1006F4CB0 /* AppDelegate.swift */,
				9075B083232F78B1006F4CB0 /* ViewController.swift */,
				9075B085232F78B1006F4CB0 /* Main.storyboard */,
				9075B0AF232F790A006F4CB0 /* CustomCell.swift */,
				9075B0B0232F790A006F4CB0 /* CustomCell.xib */,
				9075B088232F78B1006F4CB0 /* Assets.xcassets */,
				9075B08A232F78B1006F4CB0 /* LaunchScreen.storyboard */,
				9075B08D232F78B1006F4CB0 /* Info.plist */,
			);
			path = DelegateSample;
			sourceTree = "<group>";
		};
		9075B095232F78B1006F4CB0 /* DelegateSampleTests */ = {
			isa = PBXGroup;
			children = (
				9075B096232F78B1006F4CB0 /* DelegateSampleTests.swift */,
				9075B098232F78B1006F4CB0 /* Info.plist */,
			);
			path = DelegateSampleTests;
			sourceTree = "<group>";
		};
		9075B0A0232F78B1006F4CB0 /* DelegateSampleUITests */ = {
			isa = PBXGroup;
			children = (
				9075B0A1232F78B1006F4CB0 /* DelegateSampleUITests.swift */,
				9075B0A3232F78B1006F4CB0 /* Info.plist */,
			);
			path = DelegateSampleUITests;
			sourceTree = "<group>";
		};
/* End PBXGroup section */

/* Begin PBXNativeTarget section */
		9075B07D232F78B1006F4CB0 /* DelegateSample */ = {
			isa = PBXNativeTarget;
			buildConfigurationList = 9075B0A6232F78B1006F4CB0 /* Build configuration list for PBXNativeTarget "DelegateSample" */;
			buildPhases = (
				9075B07A232F78B1006F4CB0 /* Sources */,
				9075B07B232F78B1006F4CB0 /* Frameworks */,
				9075B07C232F78B1006F4CB0 /* Resources */,
			);
			buildRules = (
			);
			dependencies = (
			);
			name = DelegateSample;
			productName = DelegateSample;
			productReference = 9075B07E232F78B1006F4CB0 /* DelegateSample.app */;
			productType = "com.apple.product-type.application";
		};
		9075B091232F78B1006F4CB0 /* DelegateSampleTests */ = {
			isa = PBXNativeTarget;
			buildConfigurationList = 9075B0A9232F78B1006F4CB0 /* Build configuration list for PBXNativeTarget "DelegateSampleTests" */;
			buildPhases = (
				9075B08E232F78B1006F4CB0 /* Sources */,
				9075B08F232F78B1006F4CB0 /* Frameworks */,
				9075B090232F78B1006F4CB0 /* Resources */,
			);
			buildRules = (
			);
			dependencies = (
				9075B094232F78B1006F4CB0 /* PBXTargetDependency */,
			);
			name = DelegateSampleTests;
			productName = DelegateSampleTests;
			productReference = 9075B092232F78B1006F4CB0 /* DelegateSampleTests.xctest */;
			productType = "com.apple.product-type.bundle.unit-test";
		};
		9075B09C232F78B1006F4CB0 /* DelegateSampleUITests */ = {
			isa = PBXNativeTarget;
			buildConfigurationList = 9075B0AC232F78B1006F4CB0 /* Build configuration list for PBXNativeTarget "DelegateSampleUITests" */;
			buildPhases = (
				9075B099232F78B1006F4CB0 /* Sources */,
				9075B09A232F78B1006F4CB0 /* Frameworks */,
				9075B09B232F78B1006F4CB0 /* Resources */,
			);
			buildRules = (
			);
			dependencies = (
				9075B09F232F78B1006F4CB0 /* PBXTargetDependency */,
			);
			name = DelegateSampleUITests;
			productName = DelegateSampleUITests;
			productReference = 9075B09D232F78B1006F4CB0 /* DelegateSampleUITests.xctest */;
			productType = "com.apple.product-type.bundle.ui-testing";
		};
/* End PBXNativeTarget section */

/* Begin PBXProject section */
		9075B076232F78B1006F4CB0 /* Project object */ = {
			isa = PBXProject;
			attributes = {
				LastSwiftUpdateCheck = 1030;
				LastUpgradeCheck = 1030;
				ORGANIZATIONNAME = R.Miyamoto;
				TargetAttributes = {
					9075B07D232F78B1006F4CB0 = {
						CreatedOnToolsVersion = 10.3;
					};
					9075B091232F78B1006F4CB0 = {
						CreatedOnToolsVersion = 10.3;
						TestTargetID = 9075B07D232F78B1006F4CB0;
					};
					9075B09C232F78B1006F4CB0 = {
						CreatedOnToolsVersion = 10.3;
						TestTargetID = 9075B07D232F78B1006F4CB0;
					};
				};
			};
			buildConfigurationList = 9075B079232F78B1006F4CB0 /* Build configuration list for PBXProject "DelegateSample" */;
			compatibilityVersion = "Xcode 9.3";
			developmentRegion = en;
			hasScannedForEncodings = 0;
			knownRegions = (
				en,
				Base,
			);
			mainGroup = 9075B075232F78B1006F4CB0;
			productRefGroup = 9075B07F232F78B1006F4CB0 /* Products */;
			projectDirPath = "";
			projectRoot = "";
			targets = (
				9075B07D232F78B1006F4CB0 /* DelegateSample */,
				9075B091232F78B1006F4CB0 /* DelegateSampleTests */,
				9075B09C232F78B1006F4CB0 /* DelegateSampleUITests */,
			);
		};
/* End PBXProject section */

/* Begin PBXResourcesBuildPhase section */
		9075B07C232F78B1006F4CB0 /* Resources */ = {
			isa = PBXResourcesBuildPhase;
			buildActionMask = 2147483647;
			files = (
				9075B08C232F78B1006F4CB0 /* LaunchScreen.storyboard in Resources */,
				9075B089232F78B1006F4CB0 /* Assets.xcassets in Resources */,
				9075B0B2232F790A006F4CB0 /* CustomCell.xib in Resources */,
				9075B087232F78B1006F4CB0 /* Main.storyboard in Resources */,
			);
			runOnlyForDeploymentPostprocessing = 0;
		};
		9075B090232F78B1006F4CB0 /* Resources */ = {
			isa = PBXResourcesBuildPhase;
			buildActionMask = 2147483647;
			files = (
			);
			runOnlyForDeploymentPostprocessing = 0;
		};
		9075B09B232F78B1006F4CB0 /* Resources */ = {
			isa = PBXResourcesBuildPhase;
			buildActionMask = 2147483647;
			files = (
			);
			runOnlyForDeploymentPostprocessing = 0;
		};
/* End PBXResourcesBuildPhase section */

/* Begin PBXSourcesBuildPhase section */
		9075B07A232F78B1006F4CB0 /* Sources */ = {
			isa = PBXSourcesBuildPhase;
			buildActionMask = 2147483647;
			files = (
				9075B084232F78B1006F4CB0 /* ViewController.swift in Sources */,
				9075B0B1232F790A006F4CB0 /* CustomCell.swift in Sources */,
				9075B082232F78B1006F4CB0 /* AppDelegate.swift in Sources */,
			);
			runOnlyForDeploymentPostprocessing = 0;
		};
		9075B08E232F78B1006F4CB0 /* Sources */ = {
			isa = PBXSourcesBuildPhase;
			buildActionMask = 2147483647;
			files = (
				9075B097232F78B1006F4CB0 /* DelegateSampleTests.swift in Sources */,
			);
			runOnlyForDeploymentPostprocessing = 0;
		};
		9075B099232F78B1006F4CB0 /* Sources */ = {
			isa = PBXSourcesBuildPhase;
			buildActionMask = 2147483647;
			files = (
				9075B0A2232F78B1006F4CB0 /* DelegateSampleUITests.swift in Sources */,
			);
			runOnlyForDeploymentPostprocessing = 0;
		};
/* End PBXSourcesBuildPhase section */

/* Begin PBXTargetDependency section */
		9075B094232F78B1006F4CB0 /* PBXTargetDependency */ = {
			isa = PBXTargetDependency;
			target = 9075B07D232F78B1006F4CB0 /* DelegateSample */;
			targetProxy = 9075B093232F78B1006F4CB0 /* PBXContainerItemProxy */;
		};
		9075B09F232F78B1006F4CB0 /* PBXTargetDependency */ = {
			isa = PBXTargetDependency;
			target = 9075B07D232F78B1006F4CB0 /* DelegateSample */;
			targetProxy = 9075B09E232F78B1006F4CB0 /* PBXContainerItemProxy */;
		};
/* End PBXTargetDependency section */

/* Begin PBXVariantGroup section */
		9075B085232F78B1006F4CB0 /* Main.storyboard */ = {
			isa = PBXVariantGroup;
			children = (
				9075B086232F78B1006F4CB0 /* Base */,
			);
			name = Main.storyboard;
			sourceTree = "<group>";
		};
		9075B08A232F78B1006F4CB0 /* LaunchScreen.storyboard */ = {
			isa = PBXVariantGroup;
			children = (
				9075B08B232F78B1006F4CB0 /* Base */,
			);
			name = LaunchScreen.storyboard;
			sourceTree = "<group>";
		};
/* End PBXVariantGroup section */

/* Begin XCBuildConfiguration section */
		9075B0A4232F78B1006F4CB0 /* Debug */ = {
			isa = XCBuildConfiguration;
			buildSettings = {
				ALWAYS_SEARCH_USER_PATHS = NO;
				CLANG_ANALYZER_NONNULL = YES;
				CLANG_ANALYZER_NUMBER_OBJECT_CONVERSION = YES_AGGRESSIVE;
				CLANG_CXX_LANGUAGE_STANDARD = "gnu++14";
				CLANG_CXX_LIBRARY = "libc++";
				CLANG_ENABLE_MODULES = YES;
				CLANG_ENABLE_OBJC_ARC = YES;
				CLANG_ENABLE_OBJC_WEAK = YES;
				CLANG_WARN_BLOCK_CAPTURE_AUTORELEASING = YES;
				CLANG_WARN_BOOL_CONVERSION = YES;
				CLANG_WARN_COMMA = YES;
				CLANG_WARN_CONSTANT_CONVERSION = YES;
				CLANG_WARN_DEPRECATED_OBJC_IMPLEMENTATIONS = YES;
				CLANG_WARN_DIRECT_OBJC_ISA_USAGE = YES_ERROR;
				CLANG_WARN_DOCUMENTATION_COMMENTS = YES;
				CLANG_WARN_EMPTY_BODY = YES;
				CLANG_WARN_ENUM_CONVERSION = YES;
				CLANG_WARN_INFINITE_RECURSION = YES;
				CLANG_WARN_INT_CONVERSION = YES;
				CLANG_WARN_NON_LITERAL_NULL_CONVERSION = YES;
				CLANG_WARN_OBJC_IMPLICIT_RETAIN_SELF = YES;
				CLANG_WARN_OBJC_LITERAL_CONVERSION = YES;
				CLANG_WARN_OBJC_ROOT_CLASS = YES_ERROR;
				CLANG_WARN_RANGE_LOOP_ANALYSIS = YES;
				CLANG_WARN_STRICT_PROTOTYPES = YES;
				CLANG_WARN_SUSPICIOUS_MOVE = YES;
				CLANG_WARN_UNGUARDED_AVAILABILITY = YES_AGGRESSIVE;
				CLANG_WARN_UNREACHABLE_CODE = YES;
				CLANG_WARN__DUPLICATE_METHOD_MATCH = YES;
				CODE_SIGN_IDENTITY = "iPhone Developer";
				COPY_PHASE_STRIP = NO;
				DEBUG_INFORMATION_FORMAT = dwarf;
				ENABLE_STRICT_OBJC_MSGSEND = YES;
				ENABLE_TESTABILITY = YES;
				GCC_C_LANGUAGE_STANDARD = gnu11;
				GCC_DYNAMIC_NO_PIC = NO;
				GCC_NO_COMMON_BLOCKS = YES;
				GCC_OPTIMIZATION_LEVEL = 0;
				GCC_PREPROCESSOR_DEFINITIONS = (
					"DEBUG=1",
					"$(inherited)",
				);
				GCC_WARN_64_TO_32_BIT_CONVERSION = YES;
				GCC_WARN_ABOUT_RETURN_TYPE = YES_ERROR;
				GCC_WARN_UNDECLARED_SELECTOR = YES;
				GCC_WARN_UNINITIALIZED_AUTOS = YES_AGGRESSIVE;
				GCC_WARN_UNUSED_FUNCTION = YES;
				GCC_WARN_UNUSED_VARIABLE = YES;
				IPHONEOS_DEPLOYMENT_TARGET = 12.4;
				MTL_ENABLE_DEBUG_INFO = INCLUDE_SOURCE;
				MTL_FAST_MATH = YES;
				ONLY_ACTIVE_ARCH = YES;
				SDKROOT = iphoneos;
				SWIFT_ACTIVE_COMPILATION_CONDITIONS = DEBUG;
				SWIFT_OPTIMIZATION_LEVEL = "-Onone";
			};
			name = Debug;
		};
		9075B0A5232F78B1006F4CB0 /* Release */ = {
			isa = XCBuildConfiguration;
			buildSettings = {
				ALWAYS_SEARCH_USER_PATHS = NO;
				CLANG_ANALYZER_NONNULL = YES;
				CLANG_ANALYZER_NUMBER_OBJECT_CONVERSION = YES_AGGRESSIVE;
				CLANG_CXX_LANGUAGE_STANDARD = "gnu++14";
				CLANG_CXX_LIBRARY = "libc++";
				CLANG_ENABLE_MODULES = YES;
				CLANG_ENABLE_OBJC_ARC = YES;
				CLANG_ENABLE_OBJC_WEAK = YES;
				CLANG_WARN_BLOCK_CAPTURE_AUTORELEASING = YES;
				CLANG_WARN_BOOL_CONVERSION = YES;
				CLANG_WARN_COMMA = YES;
				CLANG_WARN_CONSTANT_CONVERSION = YES;
				CLANG_WARN_DEPRECATED_OBJC_IMPLEMENTATIONS = YES;
				CLANG_WARN_DIRECT_OBJC_ISA_USAGE = YES_ERROR;
				CLANG_WARN_DOCUMENTATION_COMMENTS = YES;
				CLANG_WARN_EMPTY_BODY = YES;
				CLANG_WARN_ENUM_CONVERSION = YES;
				CLANG_WARN_INFINITE_RECURSION = YES;
				CLANG_WARN_INT_CONVERSION = YES;
				CLANG_WARN_NON_LITERAL_NULL_CONVERSION = YES;
				CLANG_WARN_OBJC_IMPLICIT_RETAIN_SELF = YES;
				CLANG_WARN_OBJC_LITERAL_CONVERSION = YES;
				CLANG_WARN_OBJC_ROOT_CLASS = YES_ERROR;
				CLANG_WARN_RANGE_LOOP_ANALYSIS = YES;
				CLANG_WARN_STRICT_PROTOTYPES = YES;
				CLANG_WARN_SUSPICIOUS_MOVE = YES;
				CLANG_WARN_UNGUARDED_AVAILABILITY = YES_AGGRESSIVE;
				CLANG_WARN_UNREACHABLE_CODE = YES;
				CLANG_WARN__DUPLICATE_METHOD_MATCH = YES;
				CODE_SIGN_IDENTITY = "iPhone Developer";
				COPY_PHASE_STRIP = NO;
				DEBUG_INFORMATION_FORMAT = "dwarf-with-dsym";
				ENABLE_NS_ASSERTIONS = NO;
				ENABLE_STRICT_OBJC_MSGSEND = YES;
				GCC_C_LANGUAGE_STANDARD = gnu11;
				GCC_NO_COMMON_BLOCKS = YES;
				GCC_WARN_64_TO_32_BIT_CONVERSION = YES;
				GCC_WARN_ABOUT_RETURN_TYPE = YES_ERROR;
				GCC_WARN_UNDECLARED_SELECTOR = YES;
				GCC_WARN_UNINITIALIZED_AUTOS = YES_AGGRESSIVE;
				GCC_WARN_UNUSED_FUNCTION = YES;
				GCC_WARN_UNUSED_VARIABLE = YES;
				IPHONEOS_DEPLOYMENT_TARGET = 12.4;
				MTL_ENABLE_DEBUG_INFO = NO;
				MTL_FAST_MATH = YES;
				SDKROOT = iphoneos;
				SWIFT_COMPILATION_MODE = wholemodule;
				SWIFT_OPTIMIZATION_LEVEL = "-O";
				VALIDATE_PRODUCT = YES;
			};
			name = Release;
		};
		9075B0A7232F78B1006F4CB0 /* Debug */ = {
			isa = XCBuildConfiguration;
			buildSettings = {
				ASSETCATALOG_COMPILER_APPICON_NAME = AppIcon;
				CODE_SIGN_STYLE = Automatic;
				DEVELOPMENT_TEAM = C5T96DT99L;
				INFOPLIST_FILE = DelegateSample/Info.plist;
				LD_RUNPATH_SEARCH_PATHS = (
					"$(inherited)",
					"@executable_path/Frameworks",
				);
				PRODUCT_BUNDLE_IDENTIFIER = jp.pfslink.DelegateSample;
				PRODUCT_NAME = "$(TARGET_NAME)";
				SWIFT_VERSION = 5.0;
				TARGETED_DEVICE_FAMILY = "1,2";
			};
			name = Debug;
		};
		9075B0A8232F78B1006F4CB0 /* Release */ = {
			isa = XCBuildConfiguration;
			buildSettings = {
				ASSETCATALOG_COMPILER_APPICON_NAME = AppIcon;
				CODE_SIGN_STYLE = Automatic;
				DEVELOPMENT_TEAM = C5T96DT99L;
				INFOPLIST_FILE = DelegateSample/Info.plist;
				LD_RUNPATH_SEARCH_PATHS = (
					"$(inherited)",
					"@executable_path/Frameworks",
				);
				PRODUCT_BUNDLE_IDENTIFIER = jp.pfslink.DelegateSample;
				PRODUCT_NAME = "$(TARGET_NAME)";
				SWIFT_VERSION = 5.0;
				TARGETED_DEVICE_FAMILY = "1,2";
			};
			name = Release;
		};
		9075B0AA232F78B1006F4CB0 /* Debug */ = {
			isa = XCBuildConfiguration;
			buildSettings = {
				ALWAYS_EMBED_SWIFT_STANDARD_LIBRARIES = YES;
				BUNDLE_LOADER = "$(TEST_HOST)";
				CODE_SIGN_STYLE = Automatic;
				DEVELOPMENT_TEAM = C5T96DT99L;
				INFOPLIST_FILE = DelegateSampleTests/Info.plist;
				LD_RUNPATH_SEARCH_PATHS = (
					"$(inherited)",
					"@executable_path/Frameworks",
					"@loader_path/Frameworks",
				);
				PRODUCT_BUNDLE_IDENTIFIER = jp.pfslink.DelegateSampleTests;
				PRODUCT_NAME = "$(TARGET_NAME)";
				SWIFT_VERSION = 5.0;
				TARGETED_DEVICE_FAMILY = "1,2";
				TEST_HOST = "$(BUILT_PRODUCTS_DIR)/DelegateSample.app/DelegateSample";
			};
			name = Debug;
		};
		9075B0AB232F78B1006F4CB0 /* Release */ = {
			isa = XCBuildConfiguration;
			buildSettings = {
				ALWAYS_EMBED_SWIFT_STANDARD_LIBRARIES = YES;
				BUNDLE_LOADER = "$(TEST_HOST)";
				CODE_SIGN_STYLE = Automatic;
				DEVELOPMENT_TEAM = C5T96DT99L;
				INFOPLIST_FILE = DelegateSampleTests/Info.plist;
				LD_RUNPATH_SEARCH_PATHS = (
					"$(inherited)",
					"@executable_path/Frameworks",
					"@loader_path/Frameworks",
				);
				PRODUCT_BUNDLE_IDENTIFIER = jp.pfslink.DelegateSampleTests;
				PRODUCT_NAME = "$(TARGET_NAME)";
				SWIFT_VERSION = 5.0;
				TARGETED_DEVICE_FAMILY = "1,2";
				TEST_HOST = "$(BUILT_PRODUCTS_DIR)/DelegateSample.app/DelegateSample";
			};
			name = Release;
		};
		9075B0AD232F78B1006F4CB0 /* Debug */ = {
			isa = XCBuildConfiguration;
			buildSettings = {
				ALWAYS_EMBED_SWIFT_STANDARD_LIBRARIES = YES;
				CODE_SIGN_STYLE = Automatic;
				DEVELOPMENT_TEAM = C5T96DT99L;
				INFOPLIST_FILE = DelegateSampleUITests/Info.plist;
				LD_RUNPATH_SEARCH_PATHS = (
					"$(inherited)",
					"@executable_path/Frameworks",
					"@loader_path/Frameworks",
				);
				PRODUCT_BUNDLE_IDENTIFIER = jp.pfslink.DelegateSampleUITests;
				PRODUCT_NAME = "$(TARGET_NAME)";
				SWIFT_VERSION = 5.0;
				TARGETED_DEVICE_FAMILY = "1,2";
				TEST_TARGET_NAME = DelegateSample;
			};
			name = Debug;
		};
		9075B0AE232F78B1006F4CB0 /* Release */ = {
			isa = XCBuildConfiguration;
			buildSettings = {
				ALWAYS_EMBED_SWIFT_STANDARD_LIBRARIES = YES;
				CODE_SIGN_STYLE = Automatic;
				DEVELOPMENT_TEAM = C5T96DT99L;
				INFOPLIST_FILE = DelegateSampleUITests/Info.plist;
				LD_RUNPATH_SEARCH_PATHS = (
					"$(inherited)",
					"@executable_path/Frameworks",
					"@loader_path/Frameworks",
				);
				PRODUCT_BUNDLE_IDENTIFIER = jp.pfslink.DelegateSampleUITests;
				PRODUCT_NAME = "$(TARGET_NAME)";
				SWIFT_VERSION = 5.0;
				TARGETED_DEVICE_FAMILY = "1,2";
				TEST_TARGET_NAME = DelegateSample;
			};
			name = Release;
		};
/* End XCBuildConfiguration section */

/* Begin XCConfigurationList section */
		9075B079232F78B1006F4CB0 /* Build configuration list for PBXProject "DelegateSample" */ = {
			isa = XCConfigurationList;
			buildConfigurations = (
				9075B0A4232F78B1006F4CB0 /* Debug */,
				9075B0A5232F78B1006F4CB0 /* Release */,
			);
			defaultConfigurationIsVisible = 0;
			defaultConfigurationName = Release;
		};
		9075B0A6232F78B1006F4CB0 /* Build configuration list for PBXNativeTarget "DelegateSample" */ = {
			isa = XCConfigurationList;
			buildConfigurations = (
				9075B0A7232F78B1006F4CB0 /* Debug */,
				9075B0A8232F78B1006F4CB0 /* Release */,
			);
			defaultConfigurationIsVisible = 0;
			defaultConfigurationName = Release;
		};
		9075B0A9232F78B1006F4CB0 /* Build configuration list for PBXNativeTarget "DelegateSampleTests" */ = {
			isa = XCConfigurationList;
			buildConfigurations = (
				9075B0AA232F78B1006F4CB0 /* Debug */,
				9075B0AB232F78B1006F4CB0 /* Release */,
			);
			defaultConfigurationIsVisible = 0;
			defaultConfigurationName = Release;
		};
		9075B0AC232F78B1006F4CB0 /* Build configuration list for PBXNativeTarget "DelegateSampleUITests" */ = {
			isa = XCConfigurationList;
			buildConfigurations = (
				9075B0AD232F78B1006F4CB0 /* Debug */,
				9075B0AE232F78B1006F4CB0 /* Release */,
			);
			defaultConfigurationIsVisible = 0;
			defaultConfigurationName = Release;
		};
/* End XCConfigurationList section */
	};
	rootObject = 9075B076232F78B1006F4CB0 /* Project object */;
}
