// !$*UTF8*$!
{
	archiveVersion = 1;
	classes = {
	};
	objectVersion = 50;
	objects = {

/* Begin PBXBuildFile section */
		C1F8A0CD20DC743D003329FE /* AppDelegate.swift in Sources */ = {isa = PBXBuildFile; fileRef = C1F8A0CC20DC743D003329FE /* AppDelegate.swift */; };
		C1F8A0CF20DC743D003329FE /* ViewController.swift in Sources */ = {isa = PBXBuildFile; fileRef = C1F8A0CE20DC743D003329FE /* ViewController.swift */; };
		C1F8A0D220DC743D003329FE /* Main.storyboard in Resources */ = {isa = PBXBuildFile; fileRef = C1F8A0D020DC743D003329FE /* Main.storyboard */; };
		C1F8A0D420DC743E003329FE /* Assets.xcassets in Resources */ = {isa = PBXBuildFile; fileRef = C1F8A0D320DC743E003329FE /* Assets.xcassets */; };
		C1F8A0D720DC743E003329FE /* LaunchScreen.storyboard in Resources */ = {isa = PBXBuildFile; fileRef = C1F8A0D520DC743E003329FE /* LaunchScreen.storyboard */; };
		C1F8A0E220DC743F003329FE /* MKMapViewSampleTests.swift in Sources */ = {isa = PBXBuildFile; fileRef = C1F8A0E120DC743F003329FE /* MKMapViewSampleTests.swift */; };
		C1F8A0ED20DC743F003329FE /* MKMapViewSampleUITests.swift in Sources */ = {isa = PBXBuildFile; fileRef = C1F8A0EC20DC743F003329FE /* MKMapViewSampleUITests.swift */; };
/* End PBXBuildFile section */

/* Begin PBXContainerItemProxy section */
		C1F8A0DE20DC743F003329FE /* PBXContainerItemProxy */ = {
			isa = PBXContainerItemProxy;
			containerPortal = C1F8A0C120DC743D003329FE /* Project object */;
			proxyType = 1;
			remoteGlobalIDString = C1F8A0C820DC743D003329FE;
			remoteInfo = MKMapViewSample;
		};
		C1F8A0E920DC743F003329FE /* PBXContainerItemProxy */ = {
			isa = PBXContainerItemProxy;
			containerPortal = C1F8A0C120DC743D003329FE /* Project object */;
			proxyType = 1;
			remoteGlobalIDString = C1F8A0C820DC743D003329FE;
			remoteInfo = MKMapViewSample;
		};
/* End PBXContainerItemProxy section */

/* Begin PBXFileReference section */
		C1F8A0C920DC743D003329FE /* MKMapViewSample.app */ = {isa = PBXFileReference; explicitFileType = wrapper.application; includeInIndex = 0; path = MKMapViewSample.app; sourceTree = BUILT_PRODUCTS_DIR; };
		C1F8A0CC20DC743D003329FE /* AppDelegate.swift */ = {isa = PBXFileReference; lastKnownFileType = sourcecode.swift; path = AppDelegate.swift; sourceTree = "<group>"; };
		C1F8A0CE20DC743D003329FE /* ViewController.swift */ = {isa = PBXFileReference; lastKnownFileType = sourcecode.swift; path = ViewController.swift; sourceTree = "<group>"; };
		C1F8A0D120DC743D003329FE /* Base */ = {isa = PBXFileReference; lastKnownFileType = file.storyboard; name = Base; path = Base.lproj/Main.storyboard; sourceTree = "<group>"; };
		C1F8A0D320DC743E003329FE /* Assets.xcassets */ = {isa = PBXFileReference; lastKnownFileType = folder.assetcatalog; path = Assets.xcassets; sourceTree = "<group>"; };
		C1F8A0D620DC743E003329FE /* Base */ = {isa = PBXFileReference; lastKnownFileType = file.storyboard; name = Base; path = Base.lproj/LaunchScreen.storyboard; sourceTree = "<group>"; };
		C1F8A0D820DC743E003329FE /* Info.plist */ = {isa = PBXFileReference; lastKnownFileType = text.plist.xml; path = Info.plist; sourceTree = "<group>"; };
		C1F8A0DD20DC743F003329FE /* MKMapViewSampleTests.xctest */ = {isa = PBXFileReference; explicitFileType = wrapper.cfbundle; includeInIndex = 0; path = MKMapViewSampleTests.xctest; sourceTree = BUILT_PRODUCTS_DIR; };
		C1F8A0E120DC743F003329FE /* MKMapViewSampleTests.swift */ = {isa = PBXFileReference; lastKnownFileType = sourcecode.swift; path = MKMapViewSampleTests.swift; sourceTree = "<group>"; };
		C1F8A0E320DC743F003329FE /* Info.plist */ = {isa = PBXFileReference; lastKnownFileType = text.plist.xml; path = Info.plist; sourceTree = "<group>"; };
		C1F8A0E820DC743F003329FE /* MKMapViewSampleUITests.xctest */ = {isa = PBXFileReference; explicitFileType = wrapper.cfbundle; includeInIndex = 0; path = MKMapViewSampleUITests.xctest; sourceTree = BUILT_PRODUCTS_DIR; };
		C1F8A0EC20DC743F003329FE /* MKMapViewSampleUITests.swift */ = {isa = PBXFileReference; lastKnownFileType = sourcecode.swift; path = MKMapViewSampleUITests.swift; sourceTree = "<group>"; };
		C1F8A0EE20DC743F003329FE /* Info.plist */ = {isa = PBXFileReference; lastKnownFileType = text.plist.xml; path = Info.plist; sourceTree = "<group>"; };
/* End PBXFileReference section */

/* Begin PBXFrameworksBuildPhase section */
		C1F8A0C620DC743D003329FE /* Frameworks */ = {
			isa = PBXFrameworksBuildPhase;
			buildActionMask = 2147483647;
			files = (
			);
			runOnlyForDeploymentPostprocessing = 0;
		};
		C1F8A0DA20DC743F003329FE /* Frameworks */ = {
			isa = PBXFrameworksBuildPhase;
			buildActionMask = 2147483647;
			files = (
			);
			runOnlyForDeploymentPostprocessing = 0;
		};
		C1F8A0E520DC743F003329FE /* Frameworks */ = {
			isa = PBXFrameworksBuildPhase;
			buildActionMask = 2147483647;
			files = (
			);
			runOnlyForDeploymentPostprocessing = 0;
		};
/* End PBXFrameworksBuildPhase section */

/* Begin PBXGroup section */
		C1F8A0C020DC743D003329FE = {
			isa = PBXGroup;
			children = (
				C1F8A0CB20DC743D003329FE /* MKMapViewSample */,
				C1F8A0E020DC743F003329FE /* MKMapViewSampleTests */,
				C1F8A0EB20DC743F003329FE /* MKMapViewSampleUITests */,
				C1F8A0CA20DC743D003329FE /* Products */,
			);
			sourceTree = "<group>";
		};
		C1F8A0CA20DC743D003329FE /* Products */ = {
			isa = PBXGroup;
			children = (
				C1F8A0C920DC743D003329FE /* MKMapViewSample.app */,
				C1F8A0DD20DC743F003329FE /* MKMapViewSampleTests.xctest */,
				C1F8A0E820DC743F003329FE /* MKMapViewSampleUITests.xctest */,
			);
			name = Products;
			sourceTree = "<group>";
		};
		C1F8A0CB20DC743D003329FE /* MKMapViewSample */ = {
			isa = PBXGroup;
			children = (
				C1F8A0CC20DC743D003329FE /* AppDelegate.swift */,
				C1F8A0CE20DC743D003329FE /* ViewController.swift */,
				C1F8A0D020DC743D003329FE /* Main.storyboard */,
				C1F8A0D320DC743E003329FE /* Assets.xcassets */,
				C1F8A0D520DC743E003329FE /* LaunchScreen.storyboard */,
				C1F8A0D820DC743E003329FE /* Info.plist */,
			);
			path = MKMapViewSample;
			sourceTree = "<group>";
		};
		C1F8A0E020DC743F003329FE /* MKMapViewSampleTests */ = {
			isa = PBXGroup;
			children = (
				C1F8A0E120DC743F003329FE /* MKMapViewSampleTests.swift */,
				C1F8A0E320DC743F003329FE /* Info.plist */,
			);
			path = MKMapViewSampleTests;
			sourceTree = "<group>";
		};
		C1F8A0EB20DC743F003329FE /* MKMapViewSampleUITests */ = {
			isa = PBXGroup;
			children = (
				C1F8A0EC20DC743F003329FE /* MKMapViewSampleUITests.swift */,
				C1F8A0EE20DC743F003329FE /* Info.plist */,
			);
			path = MKMapViewSampleUITests;
			sourceTree = "<group>";
		};
/* End PBXGroup section */

/* Begin PBXNativeTarget section */
		C1F8A0C820DC743D003329FE /* MKMapViewSample */ = {
			isa = PBXNativeTarget;
			buildConfigurationList = C1F8A0F120DC743F003329FE /* Build configuration list for PBXNativeTarget "MKMapViewSample" */;
			buildPhases = (
				C1F8A0C520DC743D003329FE /* Sources */,
				C1F8A0C620DC743D003329FE /* Frameworks */,
				C1F8A0C720DC743D003329FE /* Resources */,
			);
			buildRules = (
			);
			dependencies = (
			);
			name = MKMapViewSample;
			productName = MKMapViewSample;
			productReference = C1F8A0C920DC743D003329FE /* MKMapViewSample.app */;
			productType = "com.apple.product-type.application";
		};
		C1F8A0DC20DC743F003329FE /* MKMapViewSampleTests */ = {
			isa = PBXNativeTarget;
			buildConfigurationList = C1F8A0F420DC743F003329FE /* Build configuration list for PBXNativeTarget "MKMapViewSampleTests" */;
			buildPhases = (
				C1F8A0D920DC743F003329FE /* Sources */,
				C1F8A0DA20DC743F003329FE /* Frameworks */,
				C1F8A0DB20DC743F003329FE /* Resources */,
			);
			buildRules = (
			);
			dependencies = (
				C1F8A0DF20DC743F003329FE /* PBXTargetDependency */,
			);
			name = MKMapViewSampleTests;
			productName = MKMapViewSampleTests;
			productReference = C1F8A0DD20DC743F003329FE /* MKMapViewSampleTests.xctest */;
			productType = "com.apple.product-type.bundle.unit-test";
		};
		C1F8A0E720DC743F003329FE /* MKMapViewSampleUITests */ = {
			isa = PBXNativeTarget;
			buildConfigurationList = C1F8A0F720DC743F003329FE /* Build configuration list for PBXNativeTarget "MKMapViewSampleUITests" */;
			buildPhases = (
				C1F8A0E420DC743F003329FE /* Sources */,
				C1F8A0E520DC743F003329FE /* Frameworks */,
				C1F8A0E620DC743F003329FE /* Resources */,
			);
			buildRules = (
			);
			dependencies = (
				C1F8A0EA20DC743F003329FE /* PBXTargetDependency */,
			);
			name = MKMapViewSampleUITests;
			productName = MKMapViewSampleUITests;
			productReference = C1F8A0E820DC743F003329FE /* MKMapViewSampleUITests.xctest */;
			productType = "com.apple.product-type.bundle.ui-testing";
		};
/* End PBXNativeTarget section */

/* Begin PBXProject section */
		C1F8A0C120DC743D003329FE /* Project object */ = {
			isa = PBXProject;
			attributes = {
				LastSwiftUpdateCheck = 0940;
				LastUpgradeCheck = 0940;
				ORGANIZATIONNAME = RyutaMiyamoto;
				TargetAttributes = {
					C1F8A0C820DC743D003329FE = {
						CreatedOnToolsVersion = 9.4.1;
					};
					C1F8A0DC20DC743F003329FE = {
						CreatedOnToolsVersion = 9.4.1;
						TestTargetID = C1F8A0C820DC743D003329FE;
					};
					C1F8A0E720DC743F003329FE = {
						CreatedOnToolsVersion = 9.4.1;
						TestTargetID = C1F8A0C820DC743D003329FE;
					};
				};
			};
			buildConfigurationList = C1F8A0C420DC743D003329FE /* Build configuration list for PBXProject "MKMapViewSample" */;
			compatibilityVersion = "Xcode 9.3";
			developmentRegion = en;
			hasScannedForEncodings = 0;
			knownRegions = (
				en,
				Base,
			);
			mainGroup = C1F8A0C020DC743D003329FE;
			productRefGroup = C1F8A0CA20DC743D003329FE /* Products */;
			projectDirPath = "";
			projectRoot = "";
			targets = (
				C1F8A0C820DC743D003329FE /* MKMapViewSample */,
				C1F8A0DC20DC743F003329FE /* MKMapViewSampleTests */,
				C1F8A0E720DC743F003329FE /* MKMapViewSampleUITests */,
			);
		};
/* End PBXProject section */

/* Begin PBXResourcesBuildPhase section */
		C1F8A0C720DC743D003329FE /* Resources */ = {
			isa = PBXResourcesBuildPhase;
			buildActionMask = 2147483647;
			files = (
				C1F8A0D720DC743E003329FE /* LaunchScreen.storyboard in Resources */,
				C1F8A0D420DC743E003329FE /* Assets.xcassets in Resources */,
				C1F8A0D220DC743D003329FE /* Main.storyboard in Resources */,
			);
			runOnlyForDeploymentPostprocessing = 0;
		};
		C1F8A0DB20DC743F003329FE /* Resources */ = {
			isa = PBXResourcesBuildPhase;
			buildActionMask = 2147483647;
			files = (
			);
			runOnlyForDeploymentPostprocessing = 0;
		};
		C1F8A0E620DC743F003329FE /* Resources */ = {
			isa = PBXResourcesBuildPhase;
			buildActionMask = 2147483647;
			files = (
			);
			runOnlyForDeploymentPostprocessing = 0;
		};
/* End PBXResourcesBuildPhase section */

/* Begin PBXSourcesBuildPhase section */
		C1F8A0C520DC743D003329FE /* Sources */ = {
			isa = PBXSourcesBuildPhase;
			buildActionMask = 2147483647;
			files = (
				C1F8A0CF20DC743D003329FE /* ViewController.swift in Sources */,
				C1F8A0CD20DC743D003329FE /* AppDelegate.swift in Sources */,
			);
			runOnlyForDeploymentPostprocessing = 0;
		};
		C1F8A0D920DC743F003329FE /* Sources */ = {
			isa = PBXSourcesBuildPhase;
			buildActionMask = 2147483647;
			files = (
				C1F8A0E220DC743F003329FE /* MKMapViewSampleTests.swift in Sources */,
			);
			runOnlyForDeploymentPostprocessing = 0;
		};
		C1F8A0E420DC743F003329FE /* Sources */ = {
			isa = PBXSourcesBuildPhase;
			buildActionMask = 2147483647;
			files = (
				C1F8A0ED20DC743F003329FE /* MKMapViewSampleUITests.swift in Sources */,
			);
			runOnlyForDeploymentPostprocessing = 0;
		};
/* End PBXSourcesBuildPhase section */

/* Begin PBXTargetDependency section */
		C1F8A0DF20DC743F003329FE /* PBXTargetDependency */ = {
			isa = PBXTargetDependency;
			target = C1F8A0C820DC743D003329FE /* MKMapViewSample */;
			targetProxy = C1F8A0DE20DC743F003329FE /* PBXContainerItemProxy */;
		};
		C1F8A0EA20DC743F003329FE /* PBXTargetDependency */ = {
			isa = PBXTargetDependency;
			target = C1F8A0C820DC743D003329FE /* MKMapViewSample */;
			targetProxy = C1F8A0E920DC743F003329FE /* PBXContainerItemProxy */;
		};
/* End PBXTargetDependency section */

/* Begin PBXVariantGroup section */
		C1F8A0D020DC743D003329FE /* Main.storyboard */ = {
			isa = PBXVariantGroup;
			children = (
				C1F8A0D120DC743D003329FE /* Base */,
			);
			name = Main.storyboard;
			sourceTree = "<group>";
		};
		C1F8A0D520DC743E003329FE /* LaunchScreen.storyboard */ = {
			isa = PBXVariantGroup;
			children = (
				C1F8A0D620DC743E003329FE /* Base */,
			);
			name = LaunchScreen.storyboard;
			sourceTree = "<group>";
		};
/* End PBXVariantGroup section */

/* Begin XCBuildConfiguration section */
		C1F8A0EF20DC743F003329FE /* Debug */ = {
			isa = XCBuildConfiguration;
			buildSettings = {
				ALWAYS_SEARCH_USER_PATHS = NO;
				CLANG_ANALYZER_NONNULL = YES;
				CLANG_ANALYZER_NUMBER_OBJECT_CONVERSION = YES_AGGRESSIVE;
				CLANG_CXX_LANGUAGE_STANDARD = "gnu++14";
				CLANG_CXX_LIBRARY = "libc++";
				CLANG_ENABLE_MODULES = YES;
				CLANG_ENABLE_OBJC_ARC = YES;
				CLANG_ENABLE_OBJC_WEAK = YES;
				CLANG_WARN_BLOCK_CAPTURE_AUTORELEASING = YES;
				CLANG_WARN_BOOL_CONVERSION = YES;
				CLANG_WARN_COMMA = YES;
				CLANG_WARN_CONSTANT_CONVERSION = YES;
				CLANG_WARN_DEPRECATED_OBJC_IMPLEMENTATIONS = YES;
				CLANG_WARN_DIRECT_OBJC_ISA_USAGE = YES_ERROR;
				CLANG_WARN_DOCUMENTATION_COMMENTS = YES;
				CLANG_WARN_EMPTY_BODY = YES;
				CLANG_WARN_ENUM_CONVERSION = YES;
				CLANG_WARN_INFINITE_RECURSION = YES;
				CLANG_WARN_INT_CONVERSION = YES;
				CLANG_WARN_NON_LITERAL_NULL_CONVERSION = YES;
				CLANG_WARN_OBJC_IMPLICIT_RETAIN_SELF = YES;
				CLANG_WARN_OBJC_LITERAL_CONVERSION = YES;
				CLANG_WARN_OBJC_ROOT_CLASS = YES_ERROR;
				CLANG_WARN_RANGE_LOOP_ANALYSIS = YES;
				CLANG_WARN_STRICT_PROTOTYPES = YES;
				CLANG_WARN_SUSPICIOUS_MOVE = YES;
				CLANG_WARN_UNGUARDED_AVAILABILITY = YES_AGGRESSIVE;
				CLANG_WARN_UNREACHABLE_CODE = YES;
				CLANG_WARN__DUPLICATE_METHOD_MATCH = YES;
				CODE_SIGN_IDENTITY = "iPhone Developer";
				COPY_PHASE_STRIP = NO;
				DEBUG_INFORMATION_FORMAT = dwarf;
				ENABLE_STRICT_OBJC_MSGSEND = YES;
				ENABLE_TESTABILITY = YES;
				GCC_C_LANGUAGE_STANDARD = gnu11;
				GCC_DYNAMIC_NO_PIC = NO;
				GCC_NO_COMMON_BLOCKS = YES;
				GCC_OPTIMIZATION_LEVEL = 0;
				GCC_PREPROCESSOR_DEFINITIONS = (
					"DEBUG=1",
					"$(inherited)",
				);
				GCC_WARN_64_TO_32_BIT_CONVERSION = YES;
				GCC_WARN_ABOUT_RETURN_TYPE = YES_ERROR;
				GCC_WARN_UNDECLARED_SELECTOR = YES;
				GCC_WARN_UNINITIALIZED_AUTOS = YES_AGGRESSIVE;
				GCC_WARN_UNUSED_FUNCTION = YES;
				GCC_WARN_UNUSED_VARIABLE = YES;
				IPHONEOS_DEPLOYMENT_TARGET = 11.4;
				MTL_ENABLE_DEBUG_INFO = YES;
				ONLY_ACTIVE_ARCH = YES;
				SDKROOT = iphoneos;
				SWIFT_ACTIVE_COMPILATION_CONDITIONS = DEBUG;
				SWIFT_OPTIMIZATION_LEVEL = "-Onone";
			};
			name = Debug;
		};
		C1F8A0F020DC743F003329FE /* Release */ = {
			isa = XCBuildConfiguration;
			buildSettings = {
				ALWAYS_SEARCH_USER_PATHS = NO;
				CLANG_ANALYZER_NONNULL = YES;
				CLANG_ANALYZER_NUMBER_OBJECT_CONVERSION = YES_AGGRESSIVE;
				CLANG_CXX_LANGUAGE_STANDARD = "gnu++14";
				CLANG_CXX_LIBRARY = "libc++";
				CLANG_ENABLE_MODULES = YES;
				CLANG_ENABLE_OBJC_ARC = YES;
				CLANG_ENABLE_OBJC_WEAK = YES;
				CLANG_WARN_BLOCK_CAPTURE_AUTORELEASING = YES;
				CLANG_WARN_BOOL_CONVERSION = YES;
				CLANG_WARN_COMMA = YES;
				CLANG_WARN_CONSTANT_CONVERSION = YES;
				CLANG_WARN_DEPRECATED_OBJC_IMPLEMENTATIONS = YES;
				CLANG_WARN_DIRECT_OBJC_ISA_USAGE = YES_ERROR;
				CLANG_WARN_DOCUMENTATION_COMMENTS = YES;
				CLANG_WARN_EMPTY_BODY = YES;
				CLANG_WARN_ENUM_CONVERSION = YES;
				CLANG_WARN_INFINITE_RECURSION = YES;
				CLANG_WARN_INT_CONVERSION = YES;
				CLANG_WARN_NON_LITERAL_NULL_CONVERSION = YES;
				CLANG_WARN_OBJC_IMPLICIT_RETAIN_SELF = YES;
				CLANG_WARN_OBJC_LITERAL_CONVERSION = YES;
				CLANG_WARN_OBJC_ROOT_CLASS = YES_ERROR;
				CLANG_WARN_RANGE_LOOP_ANALYSIS = YES;
				CLANG_WARN_STRICT_PROTOTYPES = YES;
				CLANG_WARN_SUSPICIOUS_MOVE = YES;
				CLANG_WARN_UNGUARDED_AVAILABILITY = YES_AGGRESSIVE;
				CLANG_WARN_UNREACHABLE_CODE = YES;
				CLANG_WARN__DUPLICATE_METHOD_MATCH = YES;
				CODE_SIGN_IDENTITY = "iPhone Developer";
				COPY_PHASE_STRIP = NO;
				DEBUG_INFORMATION_FORMAT = "dwarf-with-dsym";
				ENABLE_NS_ASSERTIONS = NO;
				ENABLE_STRICT_OBJC_MSGSEND = YES;
				GCC_C_LANGUAGE_STANDARD = gnu11;
				GCC_NO_COMMON_BLOCKS = YES;
				GCC_WARN_64_TO_32_BIT_CONVERSION = YES;
				GCC_WARN_ABOUT_RETURN_TYPE = YES_ERROR;
				GCC_WARN_UNDECLARED_SELECTOR = YES;
				GCC_WARN_UNINITIALIZED_AUTOS = YES_AGGRESSIVE;
				GCC_WARN_UNUSED_FUNCTION = YES;
				GCC_WARN_UNUSED_VARIABLE = YES;
				IPHONEOS_DEPLOYMENT_TARGET = 11.4;
				MTL_ENABLE_DEBUG_INFO = NO;
				SDKROOT = iphoneos;
				SWIFT_COMPILATION_MODE = wholemodule;
				SWIFT_OPTIMIZATION_LEVEL = "-O";
				VALIDATE_PRODUCT = YES;
			};
			name = Release;
		};
		C1F8A0F220DC743F003329FE /* Debug */ = {
			isa = XCBuildConfiguration;
			buildSettings = {
				ASSETCATALOG_COMPILER_APPICON_NAME = AppIcon;
				CODE_SIGN_STYLE = Automatic;
				INFOPLIST_FILE = MKMapViewSample/Info.plist;
				IPHONEOS_DEPLOYMENT_TARGET = 11;
				LD_RUNPATH_SEARCH_PATHS = (
					"$(inherited)",
					"@executable_path/Frameworks",
				);
				PRODUCT_BUNDLE_IDENTIFIER = jp.pfslink.mltest.MKMapViewSample;
				PRODUCT_NAME = "$(TARGET_NAME)";
				SWIFT_VERSION = 4.0;
				TARGETED_DEVICE_FAMILY = "1,2";
			};
			name = Debug;
		};
		C1F8A0F320DC743F003329FE /* Release */ = {
			isa = XCBuildConfiguration;
			buildSettings = {
				ASSETCATALOG_COMPILER_APPICON_NAME = AppIcon;
				CODE_SIGN_STYLE = Automatic;
				INFOPLIST_FILE = MKMapViewSample/Info.plist;
				IPHONEOS_DEPLOYMENT_TARGET = 11;
				LD_RUNPATH_SEARCH_PATHS = (
					"$(inherited)",
					"@executable_path/Frameworks",
				);
				PRODUCT_BUNDLE_IDENTIFIER = jp.pfslink.mltest.MKMapViewSample;
				PRODUCT_NAME = "$(TARGET_NAME)";
				SWIFT_VERSION = 4.0;
				TARGETED_DEVICE_FAMILY = "1,2";
			};
			name = Release;
		};
		C1F8A0F520DC743F003329FE /* Debug */ = {
			isa = XCBuildConfiguration;
			buildSettings = {
				ALWAYS_EMBED_SWIFT_STANDARD_LIBRARIES = YES;
				BUNDLE_LOADER = "$(TEST_HOST)";
				CODE_SIGN_STYLE = Automatic;
				INFOPLIST_FILE = MKMapViewSampleTests/Info.plist;
				LD_RUNPATH_SEARCH_PATHS = (
					"$(inherited)",
					"@executable_path/Frameworks",
					"@loader_path/Frameworks",
				);
				PRODUCT_BUNDLE_IDENTIFIER = jp.pfslink.mltest.MKMapViewSampleTests;
				PRODUCT_NAME = "$(TARGET_NAME)";
				SWIFT_VERSION = 4.0;
				TARGETED_DEVICE_FAMILY = "1,2";
				TEST_HOST = "$(BUILT_PRODUCTS_DIR)/MKMapViewSample.app/MKMapViewSample";
			};
			name = Debug;
		};
		C1F8A0F620DC743F003329FE /* Release */ = {
			isa = XCBuildConfiguration;
			buildSettings = {
				ALWAYS_EMBED_SWIFT_STANDARD_LIBRARIES = YES;
				BUNDLE_LOADER = "$(TEST_HOST)";
				CODE_SIGN_STYLE = Automatic;
				INFOPLIST_FILE = MKMapViewSampleTests/Info.plist;
				LD_RUNPATH_SEARCH_PATHS = (
					"$(inherited)",
					"@executable_path/Frameworks",
					"@loader_path/Frameworks",
				);
				PRODUCT_BUNDLE_IDENTIFIER = jp.pfslink.mltest.MKMapViewSampleTests;
				PRODUCT_NAME = "$(TARGET_NAME)";
				SWIFT_VERSION = 4.0;
				TARGETED_DEVICE_FAMILY = "1,2";
				TEST_HOST = "$(BUILT_PRODUCTS_DIR)/MKMapViewSample.app/MKMapViewSample";
			};
			name = Release;
		};
		C1F8A0F820DC743F003329FE /* Debug */ = {
			isa = XCBuildConfiguration;
			buildSettings = {
				ALWAYS_EMBED_SWIFT_STANDARD_LIBRARIES = YES;
				CODE_SIGN_STYLE = Automatic;
				INFOPLIST_FILE = MKMapViewSampleUITests/Info.plist;
				LD_RUNPATH_SEARCH_PATHS = (
					"$(inherited)",
					"@executable_path/Frameworks",
					"@loader_path/Frameworks",
				);
				PRODUCT_BUNDLE_IDENTIFIER = jp.pfslink.mltest.MKMapViewSampleUITests;
				PRODUCT_NAME = "$(TARGET_NAME)";
				SWIFT_VERSION = 4.0;
				TARGETED_DEVICE_FAMILY = "1,2";
				TEST_TARGET_NAME = MKMapViewSample;
			};
			name = Debug;
		};
		C1F8A0F920DC743F003329FE /* Release */ = {
			isa = XCBuildConfiguration;
			buildSettings = {
				ALWAYS_EMBED_SWIFT_STANDARD_LIBRARIES = YES;
				CODE_SIGN_STYLE = Automatic;
				INFOPLIST_FILE = MKMapViewSampleUITests/Info.plist;
				LD_RUNPATH_SEARCH_PATHS = (
					"$(inherited)",
					"@executable_path/Frameworks",
					"@loader_path/Frameworks",
				);
				PRODUCT_BUNDLE_IDENTIFIER = jp.pfslink.mltest.MKMapViewSampleUITests;
				PRODUCT_NAME = "$(TARGET_NAME)";
				SWIFT_VERSION = 4.0;
				TARGETED_DEVICE_FAMILY = "1,2";
				TEST_TARGET_NAME = MKMapViewSample;
			};
			name = Release;
		};
/* End XCBuildConfiguration section */

/* Begin XCConfigurationList section */
		C1F8A0C420DC743D003329FE /* Build configuration list for PBXProject "MKMapViewSample" */ = {
			isa = XCConfigurationList;
			buildConfigurations = (
				C1F8A0EF20DC743F003329FE /* Debug */,
				C1F8A0F020DC743F003329FE /* Release */,
			);
			defaultConfigurationIsVisible = 0;
			defaultConfigurationName = Release;
		};
		C1F8A0F120DC743F003329FE /* Build configuration list for PBXNativeTarget "MKMapViewSample" */ = {
			isa = XCConfigurationList;
			buildConfigurations = (
				C1F8A0F220DC743F003329FE /* Debug */,
				C1F8A0F320DC743F003329FE /* Release */,
			);
			defaultConfigurationIsVisible = 0;
			defaultConfigurationName = Release;
		};
		C1F8A0F420DC743F003329FE /* Build configuration list for PBXNativeTarget "MKMapViewSampleTests" */ = {
			isa = XCConfigurationList;
			buildConfigurations = (
				C1F8A0F520DC743F003329FE /* Debug */,
				C1F8A0F620DC743F003329FE /* Release */,
			);
			defaultConfigurationIsVisible = 0;
			defaultConfigurationName = Release;
		};
		C1F8A0F720DC743F003329FE /* Build configuration list for PBXNativeTarget "MKMapViewSampleUITests" */ = {
			isa = XCConfigurationList;
			buildConfigurations = (
				C1F8A0F820DC743F003329FE /* Debug */,
				C1F8A0F920DC743F003329FE /* Release */,
			);
			defaultConfigurationIsVisible = 0;
			defaultConfigurationName = Release;
		};
/* End XCConfigurationList section */
	};
	rootObject = C1F8A0C120DC743D003329FE /* Project object */;
}
