// !$*UTF8*$!
{
	archiveVersion = 1;
	classes = {
	};
	objectVersion = 50;
	objects = {

/* Begin PBXBuildFile section */
		C134765F2337C0DE00C2E6BE /* AppDelegate.swift in Sources */ = {isa = PBXBuildFile; fileRef = C134765E2337C0DE00C2E6BE /* AppDelegate.swift */; };
		C13476612337C0DE00C2E6BE /* ViewController.swift in Sources */ = {isa = PBXBuildFile; fileRef = C13476602337C0DE00C2E6BE /* ViewController.swift */; };
		C13476642337C0DE00C2E6BE /* Main.storyboard in Resources */ = {isa = PBXBuildFile; fileRef = C13476622337C0DE00C2E6BE /* Main.storyboard */; };
		C13476662337C0E000C2E6BE /* Assets.xcassets in Resources */ = {isa = PBXBuildFile; fileRef = C13476652337C0E000C2E6BE /* Assets.xcassets */; };
		C13476692337C0E000C2E6BE /* LaunchScreen.storyboard in Resources */ = {isa = PBXBuildFile; fileRef = C13476672337C0E000C2E6BE /* LaunchScreen.storyboard */; };
		C13476742337C0E000C2E6BE /* UITableViewTimelineSampleTests.swift in Sources */ = {isa = PBXBuildFile; fileRef = C13476732337C0E000C2E6BE /* UITableViewTimelineSampleTests.swift */; };
		C134767F2337C0E000C2E6BE /* UITableViewTimelineSampleUITests.swift in Sources */ = {isa = PBXBuildFile; fileRef = C134767E2337C0E000C2E6BE /* UITableViewTimelineSampleUITests.swift */; };
		C134768E2337C12200C2E6BE /* CustomCell.swift in Sources */ = {isa = PBXBuildFile; fileRef = C134768C2337C12200C2E6BE /* CustomCell.swift */; };
		C134768F2337C12200C2E6BE /* CustomCell.xib in Resources */ = {isa = PBXBuildFile; fileRef = C134768D2337C12200C2E6BE /* CustomCell.xib */; };
/* End PBXBuildFile section */

/* Begin PBXContainerItemProxy section */
		C13476702337C0E000C2E6BE /* PBXContainerItemProxy */ = {
			isa = PBXContainerItemProxy;
			containerPortal = C13476532337C0DE00C2E6BE /* Project object */;
			proxyType = 1;
			remoteGlobalIDString = C134765A2337C0DE00C2E6BE;
			remoteInfo = UITableViewTimelineSample;
		};
		C134767B2337C0E000C2E6BE /* PBXContainerItemProxy */ = {
			isa = PBXContainerItemProxy;
			containerPortal = C13476532337C0DE00C2E6BE /* Project object */;
			proxyType = 1;
			remoteGlobalIDString = C134765A2337C0DE00C2E6BE;
			remoteInfo = UITableViewTimelineSample;
		};
/* End PBXContainerItemProxy section */

/* Begin PBXFileReference section */
		C134765B2337C0DE00C2E6BE /* UITableViewTimelineSample.app */ = {isa = PBXFileReference; explicitFileType = wrapper.application; includeInIndex = 0; path = UITableViewTimelineSample.app; sourceTree = BUILT_PRODUCTS_DIR; };
		C134765E2337C0DE00C2E6BE /* AppDelegate.swift */ = {isa = PBXFileReference; lastKnownFileType = sourcecode.swift; path = AppDelegate.swift; sourceTree = "<group>"; };
		C13476602337C0DE00C2E6BE /* ViewController.swift */ = {isa = PBXFileReference; lastKnownFileType = sourcecode.swift; path = ViewController.swift; sourceTree = "<group>"; };
		C13476632337C0DE00C2E6BE /* Base */ = {isa = PBXFileReference; lastKnownFileType = file.storyboard; name = Base; path = Base.lproj/Main.storyboard; sourceTree = "<group>"; };
		C13476652337C0E000C2E6BE /* Assets.xcassets */ = {isa = PBXFileReference; lastKnownFileType = folder.assetcatalog; path = Assets.xcassets; sourceTree = "<group>"; };
		C13476682337C0E000C2E6BE /* Base */ = {isa = PBXFileReference; lastKnownFileType = file.storyboard; name = Base; path = Base.lproj/LaunchScreen.storyboard; sourceTree = "<group>"; };
		C134766A2337C0E000C2E6BE /* Info.plist */ = {isa = PBXFileReference; lastKnownFileType = text.plist.xml; path = Info.plist; sourceTree = "<group>"; };
		C134766F2337C0E000C2E6BE /* UITableViewTimelineSampleTests.xctest */ = {isa = PBXFileReference; explicitFileType = wrapper.cfbundle; includeInIndex = 0; path = UITableViewTimelineSampleTests.xctest; sourceTree = BUILT_PRODUCTS_DIR; };
		C13476732337C0E000C2E6BE /* UITableViewTimelineSampleTests.swift */ = {isa = PBXFileReference; lastKnownFileType = sourcecode.swift; path = UITableViewTimelineSampleTests.swift; sourceTree = "<group>"; };
		C13476752337C0E000C2E6BE /* Info.plist */ = {isa = PBXFileReference; lastKnownFileType = text.plist.xml; path = Info.plist; sourceTree = "<group>"; };
		C134767A2337C0E000C2E6BE /* UITableViewTimelineSampleUITests.xctest */ = {isa = PBXFileReference; explicitFileType = wrapper.cfbundle; includeInIndex = 0; path = UITableViewTimelineSampleUITests.xctest; sourceTree = BUILT_PRODUCTS_DIR; };
		C134767E2337C0E000C2E6BE /* UITableViewTimelineSampleUITests.swift */ = {isa = PBXFileReference; lastKnownFileType = sourcecode.swift; path = UITableViewTimelineSampleUITests.swift; sourceTree = "<group>"; };
		C13476802337C0E000C2E6BE /* Info.plist */ = {isa = PBXFileReference; lastKnownFileType = text.plist.xml; path = Info.plist; sourceTree = "<group>"; };
		C134768C2337C12200C2E6BE /* CustomCell.swift */ = {isa = PBXFileReference; lastKnownFileType = sourcecode.swift; path = CustomCell.swift; sourceTree = "<group>"; };
		C134768D2337C12200C2E6BE /* CustomCell.xib */ = {isa = PBXFileReference; lastKnownFileType = file.xib; path = CustomCell.xib; sourceTree = "<group>"; };
/* End PBXFileReference section */

/* Begin PBXFrameworksBuildPhase section */
		C13476582337C0DE00C2E6BE /* Frameworks */ = {
			isa = PBXFrameworksBuildPhase;
			buildActionMask = 2147483647;
			files = (
			);
			runOnlyForDeploymentPostprocessing = 0;
		};
		C134766C2337C0E000C2E6BE /* Frameworks */ = {
			isa = PBXFrameworksBuildPhase;
			buildActionMask = 2147483647;
			files = (
			);
			runOnlyForDeploymentPostprocessing = 0;
		};
		C13476772337C0E000C2E6BE /* Frameworks */ = {
			isa = PBXFrameworksBuildPhase;
			buildActionMask = 2147483647;
			files = (
			);
			runOnlyForDeploymentPostprocessing = 0;
		};
/* End PBXFrameworksBuildPhase section */

/* Begin PBXGroup section */
		C13476522337C0DE00C2E6BE = {
			isa = PBXGroup;
			children = (
				C134765D2337C0DE00C2E6BE /* UITableViewTimelineSample */,
				C13476722337C0E000C2E6BE /* UITableViewTimelineSampleTests */,
				C134767D2337C0E000C2E6BE /* UITableViewTimelineSampleUITests */,
				C134765C2337C0DE00C2E6BE /* Products */,
			);
			sourceTree = "<group>";
		};
		C134765C2337C0DE00C2E6BE /* Products */ = {
			isa = PBXGroup;
			children = (
				C134765B2337C0DE00C2E6BE /* UITableViewTimelineSample.app */,
				C134766F2337C0E000C2E6BE /* UITableViewTimelineSampleTests.xctest */,
				C134767A2337C0E000C2E6BE /* UITableViewTimelineSampleUITests.xctest */,
			);
			name = Products;
			sourceTree = "<group>";
		};
		C134765D2337C0DE00C2E6BE /* UITableViewTimelineSample */ = {
			isa = PBXGroup;
			children = (
				C134765E2337C0DE00C2E6BE /* AppDelegate.swift */,
				C13476602337C0DE00C2E6BE /* ViewController.swift */,
				C13476622337C0DE00C2E6BE /* Main.storyboard */,
				C134768C2337C12200C2E6BE /* CustomCell.swift */,
				C134768D2337C12200C2E6BE /* CustomCell.xib */,
				C13476652337C0E000C2E6BE /* Assets.xcassets */,
				C13476672337C0E000C2E6BE /* LaunchScreen.storyboard */,
				C134766A2337C0E000C2E6BE /* Info.plist */,
			);
			path = UITableViewTimelineSample;
			sourceTree = "<group>";
		};
		C13476722337C0E000C2E6BE /* UITableViewTimelineSampleTests */ = {
			isa = PBXGroup;
			children = (
				C13476732337C0E000C2E6BE /* UITableViewTimelineSampleTests.swift */,
				C13476752337C0E000C2E6BE /* Info.plist */,
			);
			path = UITableViewTimelineSampleTests;
			sourceTree = "<group>";
		};
		C134767D2337C0E000C2E6BE /* UITableViewTimelineSampleUITests */ = {
			isa = PBXGroup;
			children = (
				C134767E2337C0E000C2E6BE /* UITableViewTimelineSampleUITests.swift */,
				C13476802337C0E000C2E6BE /* Info.plist */,
			);
			path = UITableViewTimelineSampleUITests;
			sourceTree = "<group>";
		};
/* End PBXGroup section */

/* Begin PBXNativeTarget section */
		C134765A2337C0DE00C2E6BE /* UITableViewTimelineSample */ = {
			isa = PBXNativeTarget;
			buildConfigurationList = C13476832337C0E000C2E6BE /* Build configuration list for PBXNativeTarget "UITableViewTimelineSample" */;
			buildPhases = (
				C13476572337C0DE00C2E6BE /* Sources */,
				C13476582337C0DE00C2E6BE /* Frameworks */,
				C13476592337C0DE00C2E6BE /* Resources */,
			);
			buildRules = (
			);
			dependencies = (
			);
			name = UITableViewTimelineSample;
			productName = UITableViewTimelineSample;
			productReference = C134765B2337C0DE00C2E6BE /* UITableViewTimelineSample.app */;
			productType = "com.apple.product-type.application";
		};
		C134766E2337C0E000C2E6BE /* UITableViewTimelineSampleTests */ = {
			isa = PBXNativeTarget;
			buildConfigurationList = C13476862337C0E000C2E6BE /* Build configuration list for PBXNativeTarget "UITableViewTimelineSampleTests" */;
			buildPhases = (
				C134766B2337C0E000C2E6BE /* Sources */,
				C134766C2337C0E000C2E6BE /* Frameworks */,
				C134766D2337C0E000C2E6BE /* Resources */,
			);
			buildRules = (
			);
			dependencies = (
				C13476712337C0E000C2E6BE /* PBXTargetDependency */,
			);
			name = UITableViewTimelineSampleTests;
			productName = UITableViewTimelineSampleTests;
			productReference = C134766F2337C0E000C2E6BE /* UITableViewTimelineSampleTests.xctest */;
			productType = "com.apple.product-type.bundle.unit-test";
		};
		C13476792337C0E000C2E6BE /* UITableViewTimelineSampleUITests */ = {
			isa = PBXNativeTarget;
			buildConfigurationList = C13476892337C0E000C2E6BE /* Build configuration list for PBXNativeTarget "UITableViewTimelineSampleUITests" */;
			buildPhases = (
				C13476762337C0E000C2E6BE /* Sources */,
				C13476772337C0E000C2E6BE /* Frameworks */,
				C13476782337C0E000C2E6BE /* Resources */,
			);
			buildRules = (
			);
			dependencies = (
				C134767C2337C0E000C2E6BE /* PBXTargetDependency */,
			);
			name = UITableViewTimelineSampleUITests;
			productName = UITableViewTimelineSampleUITests;
			productReference = C134767A2337C0E000C2E6BE /* UITableViewTimelineSampleUITests.xctest */;
			productType = "com.apple.product-type.bundle.ui-testing";
		};
/* End PBXNativeTarget section */

/* Begin PBXProject section */
		C13476532337C0DE00C2E6BE /* Project object */ = {
			isa = PBXProject;
			attributes = {
				LastSwiftUpdateCheck = 1030;
				LastUpgradeCheck = 1030;
				ORGANIZATIONNAME = RyutaMiyamoto;
				TargetAttributes = {
					C134765A2337C0DE00C2E6BE = {
						CreatedOnToolsVersion = 10.3;
					};
					C134766E2337C0E000C2E6BE = {
						CreatedOnToolsVersion = 10.3;
						TestTargetID = C134765A2337C0DE00C2E6BE;
					};
					C13476792337C0E000C2E6BE = {
						CreatedOnToolsVersion = 10.3;
						TestTargetID = C134765A2337C0DE00C2E6BE;
					};
				};
			};
			buildConfigurationList = C13476562337C0DE00C2E6BE /* Build configuration list for PBXProject "UITableViewTimelineSample" */;
			compatibilityVersion = "Xcode 9.3";
			developmentRegion = en;
			hasScannedForEncodings = 0;
			knownRegions = (
				en,
				Base,
			);
			mainGroup = C13476522337C0DE00C2E6BE;
			productRefGroup = C134765C2337C0DE00C2E6BE /* Products */;
			projectDirPath = "";
			projectRoot = "";
			targets = (
				C134765A2337C0DE00C2E6BE /* UITableViewTimelineSample */,
				C134766E2337C0E000C2E6BE /* UITableViewTimelineSampleTests */,
				C13476792337C0E000C2E6BE /* UITableViewTimelineSampleUITests */,
			);
		};
/* End PBXProject section */

/* Begin PBXResourcesBuildPhase section */
		C13476592337C0DE00C2E6BE /* Resources */ = {
			isa = PBXResourcesBuildPhase;
			buildActionMask = 2147483647;
			files = (
				C13476692337C0E000C2E6BE /* LaunchScreen.storyboard in Resources */,
				C13476662337C0E000C2E6BE /* Assets.xcassets in Resources */,
				C134768F2337C12200C2E6BE /* CustomCell.xib in Resources */,
				C13476642337C0DE00C2E6BE /* Main.storyboard in Resources */,
			);
			runOnlyForDeploymentPostprocessing = 0;
		};
		C134766D2337C0E000C2E6BE /* Resources */ = {
			isa = PBXResourcesBuildPhase;
			buildActionMask = 2147483647;
			files = (
			);
			runOnlyForDeploymentPostprocessing = 0;
		};
		C13476782337C0E000C2E6BE /* Resources */ = {
			isa = PBXResourcesBuildPhase;
			buildActionMask = 2147483647;
			files = (
			);
			runOnlyForDeploymentPostprocessing = 0;
		};
/* End PBXResourcesBuildPhase section */

/* Begin PBXSourcesBuildPhase section */
		C13476572337C0DE00C2E6BE /* Sources */ = {
			isa = PBXSourcesBuildPhase;
			buildActionMask = 2147483647;
			files = (
				C13476612337C0DE00C2E6BE /* ViewController.swift in Sources */,
				C134768E2337C12200C2E6BE /* CustomCell.swift in Sources */,
				C134765F2337C0DE00C2E6BE /* AppDelegate.swift in Sources */,
			);
			runOnlyForDeploymentPostprocessing = 0;
		};
		C134766B2337C0E000C2E6BE /* Sources */ = {
			isa = PBXSourcesBuildPhase;
			buildActionMask = 2147483647;
			files = (
				C13476742337C0E000C2E6BE /* UITableViewTimelineSampleTests.swift in Sources */,
			);
			runOnlyForDeploymentPostprocessing = 0;
		};
		C13476762337C0E000C2E6BE /* Sources */ = {
			isa = PBXSourcesBuildPhase;
			buildActionMask = 2147483647;
			files = (
				C134767F2337C0E000C2E6BE /* UITableViewTimelineSampleUITests.swift in Sources */,
			);
			runOnlyForDeploymentPostprocessing = 0;
		};
/* End PBXSourcesBuildPhase section */

/* Begin PBXTargetDependency section */
		C13476712337C0E000C2E6BE /* PBXTargetDependency */ = {
			isa = PBXTargetDependency;
			target = C134765A2337C0DE00C2E6BE /* UITableViewTimelineSample */;
			targetProxy = C13476702337C0E000C2E6BE /* PBXContainerItemProxy */;
		};
		C134767C2337C0E000C2E6BE /* PBXTargetDependency */ = {
			isa = PBXTargetDependency;
			target = C134765A2337C0DE00C2E6BE /* UITableViewTimelineSample */;
			targetProxy = C134767B2337C0E000C2E6BE /* PBXContainerItemProxy */;
		};
/* End PBXTargetDependency section */

/* Begin PBXVariantGroup section */
		C13476622337C0DE00C2E6BE /* Main.storyboard */ = {
			isa = PBXVariantGroup;
			children = (
				C13476632337C0DE00C2E6BE /* Base */,
			);
			name = Main.storyboard;
			sourceTree = "<group>";
		};
		C13476672337C0E000C2E6BE /* LaunchScreen.storyboard */ = {
			isa = PBXVariantGroup;
			children = (
				C13476682337C0E000C2E6BE /* Base */,
			);
			name = LaunchScreen.storyboard;
			sourceTree = "<group>";
		};
/* End PBXVariantGroup section */

/* Begin XCBuildConfiguration section */
		C13476812337C0E000C2E6BE /* Debug */ = {
			isa = XCBuildConfiguration;
			buildSettings = {
				ALWAYS_SEARCH_USER_PATHS = NO;
				CLANG_ANALYZER_NONNULL = YES;
				CLANG_ANALYZER_NUMBER_OBJECT_CONVERSION = YES_AGGRESSIVE;
				CLANG_CXX_LANGUAGE_STANDARD = "gnu++14";
				CLANG_CXX_LIBRARY = "libc++";
				CLANG_ENABLE_MODULES = YES;
				CLANG_ENABLE_OBJC_ARC = YES;
				CLANG_ENABLE_OBJC_WEAK = YES;
				CLANG_WARN_BLOCK_CAPTURE_AUTORELEASING = YES;
				CLANG_WARN_BOOL_CONVERSION = YES;
				CLANG_WARN_COMMA = YES;
				CLANG_WARN_CONSTANT_CONVERSION = YES;
				CLANG_WARN_DEPRECATED_OBJC_IMPLEMENTATIONS = YES;
				CLANG_WARN_DIRECT_OBJC_ISA_USAGE = YES_ERROR;
				CLANG_WARN_DOCUMENTATION_COMMENTS = YES;
				CLANG_WARN_EMPTY_BODY = YES;
				CLANG_WARN_ENUM_CONVERSION = YES;
				CLANG_WARN_INFINITE_RECURSION = YES;
				CLANG_WARN_INT_CONVERSION = YES;
				CLANG_WARN_NON_LITERAL_NULL_CONVERSION = YES;
				CLANG_WARN_OBJC_IMPLICIT_RETAIN_SELF = YES;
				CLANG_WARN_OBJC_LITERAL_CONVERSION = YES;
				CLANG_WARN_OBJC_ROOT_CLASS = YES_ERROR;
				CLANG_WARN_RANGE_LOOP_ANALYSIS = YES;
				CLANG_WARN_STRICT_PROTOTYPES = YES;
				CLANG_WARN_SUSPICIOUS_MOVE = YES;
				CLANG_WARN_UNGUARDED_AVAILABILITY = YES_AGGRESSIVE;
				CLANG_WARN_UNREACHABLE_CODE = YES;
				CLANG_WARN__DUPLICATE_METHOD_MATCH = YES;
				CODE_SIGN_IDENTITY = "iPhone Developer";
				COPY_PHASE_STRIP = NO;
				DEBUG_INFORMATION_FORMAT = dwarf;
				ENABLE_STRICT_OBJC_MSGSEND = YES;
				ENABLE_TESTABILITY = YES;
				GCC_C_LANGUAGE_STANDARD = gnu11;
				GCC_DYNAMIC_NO_PIC = NO;
				GCC_NO_COMMON_BLOCKS = YES;
				GCC_OPTIMIZATION_LEVEL = 0;
				GCC_PREPROCESSOR_DEFINITIONS = (
					"DEBUG=1",
					"$(inherited)",
				);
				GCC_WARN_64_TO_32_BIT_CONVERSION = YES;
				GCC_WARN_ABOUT_RETURN_TYPE = YES_ERROR;
				GCC_WARN_UNDECLARED_SELECTOR = YES;
				GCC_WARN_UNINITIALIZED_AUTOS = YES_AGGRESSIVE;
				GCC_WARN_UNUSED_FUNCTION = YES;
				GCC_WARN_UNUSED_VARIABLE = YES;
				IPHONEOS_DEPLOYMENT_TARGET = 12.4;
				MTL_ENABLE_DEBUG_INFO = INCLUDE_SOURCE;
				MTL_FAST_MATH = YES;
				ONLY_ACTIVE_ARCH = YES;
				SDKROOT = iphoneos;
				SWIFT_ACTIVE_COMPILATION_CONDITIONS = DEBUG;
				SWIFT_OPTIMIZATION_LEVEL = "-Onone";
			};
			name = Debug;
		};
		C13476822337C0E000C2E6BE /* Release */ = {
			isa = XCBuildConfiguration;
			buildSettings = {
				ALWAYS_SEARCH_USER_PATHS = NO;
				CLANG_ANALYZER_NONNULL = YES;
				CLANG_ANALYZER_NUMBER_OBJECT_CONVERSION = YES_AGGRESSIVE;
				CLANG_CXX_LANGUAGE_STANDARD = "gnu++14";
				CLANG_CXX_LIBRARY = "libc++";
				CLANG_ENABLE_MODULES = YES;
				CLANG_ENABLE_OBJC_ARC = YES;
				CLANG_ENABLE_OBJC_WEAK = YES;
				CLANG_WARN_BLOCK_CAPTURE_AUTORELEASING = YES;
				CLANG_WARN_BOOL_CONVERSION = YES;
				CLANG_WARN_COMMA = YES;
				CLANG_WARN_CONSTANT_CONVERSION = YES;
				CLANG_WARN_DEPRECATED_OBJC_IMPLEMENTATIONS = YES;
				CLANG_WARN_DIRECT_OBJC_ISA_USAGE = YES_ERROR;
				CLANG_WARN_DOCUMENTATION_COMMENTS = YES;
				CLANG_WARN_EMPTY_BODY = YES;
				CLANG_WARN_ENUM_CONVERSION = YES;
				CLANG_WARN_INFINITE_RECURSION = YES;
				CLANG_WARN_INT_CONVERSION = YES;
				CLANG_WARN_NON_LITERAL_NULL_CONVERSION = YES;
				CLANG_WARN_OBJC_IMPLICIT_RETAIN_SELF = YES;
				CLANG_WARN_OBJC_LITERAL_CONVERSION = YES;
				CLANG_WARN_OBJC_ROOT_CLASS = YES_ERROR;
				CLANG_WARN_RANGE_LOOP_ANALYSIS = YES;
				CLANG_WARN_STRICT_PROTOTYPES = YES;
				CLANG_WARN_SUSPICIOUS_MOVE = YES;
				CLANG_WARN_UNGUARDED_AVAILABILITY = YES_AGGRESSIVE;
				CLANG_WARN_UNREACHABLE_CODE = YES;
				CLANG_WARN__DUPLICATE_METHOD_MATCH = YES;
				CODE_SIGN_IDENTITY = "iPhone Developer";
				COPY_PHASE_STRIP = NO;
				DEBUG_INFORMATION_FORMAT = "dwarf-with-dsym";
				ENABLE_NS_ASSERTIONS = NO;
				ENABLE_STRICT_OBJC_MSGSEND = YES;
				GCC_C_LANGUAGE_STANDARD = gnu11;
				GCC_NO_COMMON_BLOCKS = YES;
				GCC_WARN_64_TO_32_BIT_CONVERSION = YES;
				GCC_WARN_ABOUT_RETURN_TYPE = YES_ERROR;
				GCC_WARN_UNDECLARED_SELECTOR = YES;
				GCC_WARN_UNINITIALIZED_AUTOS = YES_AGGRESSIVE;
				GCC_WARN_UNUSED_FUNCTION = YES;
				GCC_WARN_UNUSED_VARIABLE = YES;
				IPHONEOS_DEPLOYMENT_TARGET = 12.4;
				MTL_ENABLE_DEBUG_INFO = NO;
				MTL_FAST_MATH = YES;
				SDKROOT = iphoneos;
				SWIFT_COMPILATION_MODE = wholemodule;
				SWIFT_OPTIMIZATION_LEVEL = "-O";
				VALIDATE_PRODUCT = YES;
			};
			name = Release;
		};
		C13476842337C0E000C2E6BE /* Debug */ = {
			isa = XCBuildConfiguration;
			buildSettings = {
				ASSETCATALOG_COMPILER_APPICON_NAME = AppIcon;
				CODE_SIGN_STYLE = Automatic;
				DEVELOPMENT_TEAM = C5T96DT99L;
				INFOPLIST_FILE = UITableViewTimelineSample/Info.plist;
				LD_RUNPATH_SEARCH_PATHS = (
					"$(inherited)",
					"@executable_path/Frameworks",
				);
				PRODUCT_BUNDLE_IDENTIFIER = jp.pfslink.UITableViewTimelineSample;
				PRODUCT_NAME = "$(TARGET_NAME)";
				SWIFT_VERSION = 5.0;
				TARGETED_DEVICE_FAMILY = "1,2";
			};
			name = Debug;
		};
		C13476852337C0E000C2E6BE /* Release */ = {
			isa = XCBuildConfiguration;
			buildSettings = {
				ASSETCATALOG_COMPILER_APPICON_NAME = AppIcon;
				CODE_SIGN_STYLE = Automatic;
				DEVELOPMENT_TEAM = C5T96DT99L;
				INFOPLIST_FILE = UITableViewTimelineSample/Info.plist;
				LD_RUNPATH_SEARCH_PATHS = (
					"$(inherited)",
					"@executable_path/Frameworks",
				);
				PRODUCT_BUNDLE_IDENTIFIER = jp.pfslink.UITableViewTimelineSample;
				PRODUCT_NAME = "$(TARGET_NAME)";
				SWIFT_VERSION = 5.0;
				TARGETED_DEVICE_FAMILY = "1,2";
			};
			name = Release;
		};
		C13476872337C0E000C2E6BE /* Debug */ = {
			isa = XCBuildConfiguration;
			buildSettings = {
				ALWAYS_EMBED_SWIFT_STANDARD_LIBRARIES = YES;
				BUNDLE_LOADER = "$(TEST_HOST)";
				CODE_SIGN_STYLE = Automatic;
				DEVELOPMENT_TEAM = C5T96DT99L;
				INFOPLIST_FILE = UITableViewTimelineSampleTests/Info.plist;
				LD_RUNPATH_SEARCH_PATHS = (
					"$(inherited)",
					"@executable_path/Frameworks",
					"@loader_path/Frameworks",
				);
				PRODUCT_BUNDLE_IDENTIFIER = jp.pfslink.UITableViewTimelineSampleTests;
				PRODUCT_NAME = "$(TARGET_NAME)";
				SWIFT_VERSION = 5.0;
				TARGETED_DEVICE_FAMILY = "1,2";
				TEST_HOST = "$(BUILT_PRODUCTS_DIR)/UITableViewTimelineSample.app/UITableViewTimelineSample";
			};
			name = Debug;
		};
		C13476882337C0E000C2E6BE /* Release */ = {
			isa = XCBuildConfiguration;
			buildSettings = {
				ALWAYS_EMBED_SWIFT_STANDARD_LIBRARIES = YES;
				BUNDLE_LOADER = "$(TEST_HOST)";
				CODE_SIGN_STYLE = Automatic;
				DEVELOPMENT_TEAM = C5T96DT99L;
				INFOPLIST_FILE = UITableViewTimelineSampleTests/Info.plist;
				LD_RUNPATH_SEARCH_PATHS = (
					"$(inherited)",
					"@executable_path/Frameworks",
					"@loader_path/Frameworks",
				);
				PRODUCT_BUNDLE_IDENTIFIER = jp.pfslink.UITableViewTimelineSampleTests;
				PRODUCT_NAME = "$(TARGET_NAME)";
				SWIFT_VERSION = 5.0;
				TARGETED_DEVICE_FAMILY = "1,2";
				TEST_HOST = "$(BUILT_PRODUCTS_DIR)/UITableViewTimelineSample.app/UITableViewTimelineSample";
			};
			name = Release;
		};
		C134768A2337C0E000C2E6BE /* Debug */ = {
			isa = XCBuildConfiguration;
			buildSettings = {
				ALWAYS_EMBED_SWIFT_STANDARD_LIBRARIES = YES;
				CODE_SIGN_STYLE = Automatic;
				DEVELOPMENT_TEAM = C5T96DT99L;
				INFOPLIST_FILE = UITableViewTimelineSampleUITests/Info.plist;
				LD_RUNPATH_SEARCH_PATHS = (
					"$(inherited)",
					"@executable_path/Frameworks",
					"@loader_path/Frameworks",
				);
				PRODUCT_BUNDLE_IDENTIFIER = jp.pfslink.UITableViewTimelineSampleUITests;
				PRODUCT_NAME = "$(TARGET_NAME)";
				SWIFT_VERSION = 5.0;
				TARGETED_DEVICE_FAMILY = "1,2";
				TEST_TARGET_NAME = UITableViewTimelineSample;
			};
			name = Debug;
		};
		C134768B2337C0E000C2E6BE /* Release */ = {
			isa = XCBuildConfiguration;
			buildSettings = {
				ALWAYS_EMBED_SWIFT_STANDARD_LIBRARIES = YES;
				CODE_SIGN_STYLE = Automatic;
				DEVELOPMENT_TEAM = C5T96DT99L;
				INFOPLIST_FILE = UITableViewTimelineSampleUITests/Info.plist;
				LD_RUNPATH_SEARCH_PATHS = (
					"$(inherited)",
					"@executable_path/Frameworks",
					"@loader_path/Frameworks",
				);
				PRODUCT_BUNDLE_IDENTIFIER = jp.pfslink.UITableViewTimelineSampleUITests;
				PRODUCT_NAME = "$(TARGET_NAME)";
				SWIFT_VERSION = 5.0;
				TARGETED_DEVICE_FAMILY = "1,2";
				TEST_TARGET_NAME = UITableViewTimelineSample;
			};
			name = Release;
		};
/* End XCBuildConfiguration section */

/* Begin XCConfigurationList section */
		C13476562337C0DE00C2E6BE /* Build configuration list for PBXProject "UITableViewTimelineSample" */ = {
			isa = XCConfigurationList;
			buildConfigurations = (
				C13476812337C0E000C2E6BE /* Debug */,
				C13476822337C0E000C2E6BE /* Release */,
			);
			defaultConfigurationIsVisible = 0;
			defaultConfigurationName = Release;
		};
		C13476832337C0E000C2E6BE /* Build configuration list for PBXNativeTarget "UITableViewTimelineSample" */ = {
			isa = XCConfigurationList;
			buildConfigurations = (
				C13476842337C0E000C2E6BE /* Debug */,
				C13476852337C0E000C2E6BE /* Release */,
			);
			defaultConfigurationIsVisible = 0;
			defaultConfigurationName = Release;
		};
		C13476862337C0E000C2E6BE /* Build configuration list for PBXNativeTarget "UITableViewTimelineSampleTests" */ = {
			isa = XCConfigurationList;
			buildConfigurations = (
				C13476872337C0E000C2E6BE /* Debug */,
				C13476882337C0E000C2E6BE /* Release */,
			);
			defaultConfigurationIsVisible = 0;
			defaultConfigurationName = Release;
		};
		C13476892337C0E000C2E6BE /* Build configuration list for PBXNativeTarget "UITableViewTimelineSampleUITests" */ = {
			isa = XCConfigurationList;
			buildConfigurations = (
				C134768A2337C0E000C2E6BE /* Debug */,
				C134768B2337C0E000C2E6BE /* Release */,
			);
			defaultConfigurationIsVisible = 0;
			defaultConfigurationName = Release;
		};
/* End XCConfigurationList section */
	};
	rootObject = C13476532337C0DE00C2E6BE /* Project object */;
}
